<Solution>
  <Configurations>
    <Platform Name="Any CPU" />
    <Platform Name="x64" />
    <Platform Name="x86" />
  </Configurations>
  <Folder Name="/src/">
    <Project Path="src/SharpAbp.Abp.FileStoringManagement.Application.Contracts/SharpAbp.Abp.FileStoringManagement.Application.Contracts.csproj" />
    <Project Path="src/SharpAbp.Abp.FileStoringManagement.Application/SharpAbp.Abp.FileStoringManagement.Application.csproj" />
    <Project Path="src/SharpAbp.Abp.FileStoringManagement.Domain.Shared/SharpAbp.Abp.FileStoringManagement.Domain.Shared.csproj" />
    <Project Path="src/SharpAbp.Abp.FileStoringManagement.Domain/SharpAbp.Abp.FileStoringManagement.Domain.csproj" />
    <Project Path="src/SharpAbp.Abp.FileStoringManagement.EntityFrameworkCore/SharpAbp.Abp.FileStoringManagement.EntityFrameworkCore.csproj" />
    <Project Path="src/SharpAbp.Abp.FileStoringManagement.HttpApi.Client/SharpAbp.Abp.FileStoringManagement.HttpApi.Client.csproj" />
    <Project Path="src/SharpAbp.Abp.FileStoringManagement.HttpApi/SharpAbp.Abp.FileStoringManagement.HttpApi.csproj" />
    <Project Path="src/SharpAbp.Abp.FileStoringManagement.MongoDB/SharpAbp.Abp.FileStoringManagement.MongoDB.csproj" />
  </Folder>
  <Folder Name="/test/">
    <Project Path="test/SharpAbp.Abp.FileStoringManagement.Application.Tests/SharpAbp.Abp.FileStoringManagement.Application.Tests.csproj" />
    <Project Path="test/SharpAbp.Abp.FileStoringManagement.EntityFrameworkCore.Tests/SharpAbp.Abp.FileStoringManagement.EntityFrameworkCore.Tests.csproj" />
  </Folder>
</Solution>
