
Microsoft Visual Studio Solution File, Format Version 12.00
# Visual Studio Version 16
VisualStudioVersion = 16.0.30128.74
MinimumVisualStudioVersion = 15.0.26124.0
Project("{2150E333-8FDC-42A3-9474-1A3956D46DE8}") = "src", "src", "{0D979EC5-7EFF-4B32-8732-1F3ADE6ABB69}"
EndProject
Project("{9A19103F-16F7-4668-BE54-9A1E7A4F7556}") = "SharpAbp.DotCommon", "src\SharpAbp.DotCommon\SharpAbp.DotCommon.csproj", "{6B7CF107-4F6A-45DF-AB5C-F29959297665}"
EndProject
Project("{9A19103F-16F7-4668-BE54-9A1E7A4F7556}") = "SharpAbp.DotCommon.AutoMapper", "src\SharpAbp.DotCommon.AutoMapper\SharpAbp.DotCommon.AutoMapper.csproj", "{08D60287-ACC5-4DB5-92D8-06BB6588BE10}"
EndProject
Project("{2150E333-8FDC-42A3-9474-1A3956D46DE8}") = "test", "test", "{282698D3-9A3A-4454-A36D-712053488250}"
EndProject
Project("{9A19103F-16F7-4668-BE54-9A1E7A4F7556}") = "SharpAbp.DotCommon.Caching", "src\SharpAbp.DotCommon.Caching\SharpAbp.DotCommon.Caching.csproj", "{855A3D44-1F57-4E8A-8806-C52C69559B6C}"
EndProject
Project("{9A19103F-16F7-4668-BE54-9A1E7A4F7556}") = "SharpAbp.DotCommon.ImageResizer.AspNetCore.Mvc", "src\SharpAbp.DotCommon.ImageResizer.AspNetCore.Mvc\SharpAbp.DotCommon.ImageResizer.AspNetCore.Mvc.csproj", "{8BA20CC6-D847-416D-A7E6-5D4C2600183E}"
EndProject
Project("{9A19103F-16F7-4668-BE54-9A1E7A4F7556}") = "SharpAbp.DotCommon.ProtoBuf", "src\SharpAbp.DotCommon.ProtoBuf\SharpAbp.DotCommon.ProtoBuf.csproj", "{79131508-AD94-4BD4-86B7-CBB7509C5B4F}"
EndProject
Project("{9A19103F-16F7-4668-BE54-9A1E7A4F7556}") = "SharpAbp.DotCommon.Json4Net", "src\SharpAbp.DotCommon.Json4Net\SharpAbp.DotCommon.Json4Net.csproj", "{6B404A1F-A368-4F8B-B874-AAAD349E9853}"
EndProject
Project("{FAE04EC0-301F-11D3-BF4B-00C04F79EFBC}") = "SharpAbp.DotCommon.Tests", "test\SharpAbp.DotCommon.Tests\SharpAbp.DotCommon.Tests.csproj", "{FA315286-B4CE-4B49-A04A-D609CD977D7D}"
EndProject
Global
	GlobalSection(SolutionConfigurationPlatforms) = preSolution
		Debug|Any CPU = Debug|Any CPU
		Debug|x64 = Debug|x64
		Debug|x86 = Debug|x86
		Release|Any CPU = Release|Any CPU
		Release|x64 = Release|x64
		Release|x86 = Release|x86
	EndGlobalSection
	GlobalSection(ProjectConfigurationPlatforms) = postSolution
		{6B7CF107-4F6A-45DF-AB5C-F29959297665}.Debug|Any CPU.ActiveCfg = Debug|Any CPU
		{6B7CF107-4F6A-45DF-AB5C-F29959297665}.Debug|Any CPU.Build.0 = Debug|Any CPU
		{6B7CF107-4F6A-45DF-AB5C-F29959297665}.Debug|x64.ActiveCfg = Debug|Any CPU
		{6B7CF107-4F6A-45DF-AB5C-F29959297665}.Debug|x64.Build.0 = Debug|Any CPU
		{6B7CF107-4F6A-45DF-AB5C-F29959297665}.Debug|x86.ActiveCfg = Debug|Any CPU
		{6B7CF107-4F6A-45DF-AB5C-F29959297665}.Debug|x86.Build.0 = Debug|Any CPU
		{6B7CF107-4F6A-45DF-AB5C-F29959297665}.Release|Any CPU.ActiveCfg = Release|Any CPU
		{6B7CF107-4F6A-45DF-AB5C-F29959297665}.Release|Any CPU.Build.0 = Release|Any CPU
		{6B7CF107-4F6A-45DF-AB5C-F29959297665}.Release|x64.ActiveCfg = Release|Any CPU
		{6B7CF107-4F6A-45DF-AB5C-F29959297665}.Release|x64.Build.0 = Release|Any CPU
		{6B7CF107-4F6A-45DF-AB5C-F29959297665}.Release|x86.ActiveCfg = Release|Any CPU
		{6B7CF107-4F6A-45DF-AB5C-F29959297665}.Release|x86.Build.0 = Release|Any CPU
		{08D60287-ACC5-4DB5-92D8-06BB6588BE10}.Debug|Any CPU.ActiveCfg = Debug|Any CPU
		{08D60287-ACC5-4DB5-92D8-06BB6588BE10}.Debug|Any CPU.Build.0 = Debug|Any CPU
		{08D60287-ACC5-4DB5-92D8-06BB6588BE10}.Debug|x64.ActiveCfg = Debug|Any CPU
		{08D60287-ACC5-4DB5-92D8-06BB6588BE10}.Debug|x64.Build.0 = Debug|Any CPU
		{08D60287-ACC5-4DB5-92D8-06BB6588BE10}.Debug|x86.ActiveCfg = Debug|Any CPU
		{08D60287-ACC5-4DB5-92D8-06BB6588BE10}.Debug|x86.Build.0 = Debug|Any CPU
		{08D60287-ACC5-4DB5-92D8-06BB6588BE10}.Release|Any CPU.ActiveCfg = Release|Any CPU
		{08D60287-ACC5-4DB5-92D8-06BB6588BE10}.Release|Any CPU.Build.0 = Release|Any CPU
		{08D60287-ACC5-4DB5-92D8-06BB6588BE10}.Release|x64.ActiveCfg = Release|Any CPU
		{08D60287-ACC5-4DB5-92D8-06BB6588BE10}.Release|x64.Build.0 = Release|Any CPU
		{08D60287-ACC5-4DB5-92D8-06BB6588BE10}.Release|x86.ActiveCfg = Release|Any CPU
		{08D60287-ACC5-4DB5-92D8-06BB6588BE10}.Release|x86.Build.0 = Release|Any CPU
		{855A3D44-1F57-4E8A-8806-C52C69559B6C}.Debug|Any CPU.ActiveCfg = Debug|Any CPU
		{855A3D44-1F57-4E8A-8806-C52C69559B6C}.Debug|Any CPU.Build.0 = Debug|Any CPU
		{855A3D44-1F57-4E8A-8806-C52C69559B6C}.Debug|x64.ActiveCfg = Debug|Any CPU
		{855A3D44-1F57-4E8A-8806-C52C69559B6C}.Debug|x64.Build.0 = Debug|Any CPU
		{855A3D44-1F57-4E8A-8806-C52C69559B6C}.Debug|x86.ActiveCfg = Debug|Any CPU
		{855A3D44-1F57-4E8A-8806-C52C69559B6C}.Debug|x86.Build.0 = Debug|Any CPU
		{855A3D44-1F57-4E8A-8806-C52C69559B6C}.Release|Any CPU.ActiveCfg = Release|Any CPU
		{855A3D44-1F57-4E8A-8806-C52C69559B6C}.Release|Any CPU.Build.0 = Release|Any CPU
		{855A3D44-1F57-4E8A-8806-C52C69559B6C}.Release|x64.ActiveCfg = Release|Any CPU
		{855A3D44-1F57-4E8A-8806-C52C69559B6C}.Release|x64.Build.0 = Release|Any CPU
		{855A3D44-1F57-4E8A-8806-C52C69559B6C}.Release|x86.ActiveCfg = Release|Any CPU
		{855A3D44-1F57-4E8A-8806-C52C69559B6C}.Release|x86.Build.0 = Release|Any CPU
		{8BA20CC6-D847-416D-A7E6-5D4C2600183E}.Debug|Any CPU.ActiveCfg = Debug|Any CPU
		{8BA20CC6-D847-416D-A7E6-5D4C2600183E}.Debug|Any CPU.Build.0 = Debug|Any CPU
		{8BA20CC6-D847-416D-A7E6-5D4C2600183E}.Debug|x64.ActiveCfg = Debug|Any CPU
		{8BA20CC6-D847-416D-A7E6-5D4C2600183E}.Debug|x64.Build.0 = Debug|Any CPU
		{8BA20CC6-D847-416D-A7E6-5D4C2600183E}.Debug|x86.ActiveCfg = Debug|Any CPU
		{8BA20CC6-D847-416D-A7E6-5D4C2600183E}.Debug|x86.Build.0 = Debug|Any CPU
		{8BA20CC6-D847-416D-A7E6-5D4C2600183E}.Release|Any CPU.ActiveCfg = Release|Any CPU
		{8BA20CC6-D847-416D-A7E6-5D4C2600183E}.Release|Any CPU.Build.0 = Release|Any CPU
		{8BA20CC6-D847-416D-A7E6-5D4C2600183E}.Release|x64.ActiveCfg = Release|Any CPU
		{8BA20CC6-D847-416D-A7E6-5D4C2600183E}.Release|x64.Build.0 = Release|Any CPU
		{8BA20CC6-D847-416D-A7E6-5D4C2600183E}.Release|x86.ActiveCfg = Release|Any CPU
		{8BA20CC6-D847-416D-A7E6-5D4C2600183E}.Release|x86.Build.0 = Release|Any CPU
		{79131508-AD94-4BD4-86B7-CBB7509C5B4F}.Debug|Any CPU.ActiveCfg = Debug|Any CPU
		{79131508-AD94-4BD4-86B7-CBB7509C5B4F}.Debug|Any CPU.Build.0 = Debug|Any CPU
		{79131508-AD94-4BD4-86B7-CBB7509C5B4F}.Debug|x64.ActiveCfg = Debug|Any CPU
		{79131508-AD94-4BD4-86B7-CBB7509C5B4F}.Debug|x64.Build.0 = Debug|Any CPU
		{79131508-AD94-4BD4-86B7-CBB7509C5B4F}.Debug|x86.ActiveCfg = Debug|Any CPU
		{79131508-AD94-4BD4-86B7-CBB7509C5B4F}.Debug|x86.Build.0 = Debug|Any CPU
		{79131508-AD94-4BD4-86B7-CBB7509C5B4F}.Release|Any CPU.ActiveCfg = Release|Any CPU
		{79131508-AD94-4BD4-86B7-CBB7509C5B4F}.Release|Any CPU.Build.0 = Release|Any CPU
		{79131508-AD94-4BD4-86B7-CBB7509C5B4F}.Release|x64.ActiveCfg = Release|Any CPU
		{79131508-AD94-4BD4-86B7-CBB7509C5B4F}.Release|x64.Build.0 = Release|Any CPU
		{79131508-AD94-4BD4-86B7-CBB7509C5B4F}.Release|x86.ActiveCfg = Release|Any CPU
		{79131508-AD94-4BD4-86B7-CBB7509C5B4F}.Release|x86.Build.0 = Release|Any CPU
		{6B404A1F-A368-4F8B-B874-AAAD349E9853}.Debug|Any CPU.ActiveCfg = Debug|Any CPU
		{6B404A1F-A368-4F8B-B874-AAAD349E9853}.Debug|Any CPU.Build.0 = Debug|Any CPU
		{6B404A1F-A368-4F8B-B874-AAAD349E9853}.Debug|x64.ActiveCfg = Debug|Any CPU
		{6B404A1F-A368-4F8B-B874-AAAD349E9853}.Debug|x64.Build.0 = Debug|Any CPU
		{6B404A1F-A368-4F8B-B874-AAAD349E9853}.Debug|x86.ActiveCfg = Debug|Any CPU
		{6B404A1F-A368-4F8B-B874-AAAD349E9853}.Debug|x86.Build.0 = Debug|Any CPU
		{6B404A1F-A368-4F8B-B874-AAAD349E9853}.Release|Any CPU.ActiveCfg = Release|Any CPU
		{6B404A1F-A368-4F8B-B874-AAAD349E9853}.Release|Any CPU.Build.0 = Release|Any CPU
		{6B404A1F-A368-4F8B-B874-AAAD349E9853}.Release|x64.ActiveCfg = Release|Any CPU
		{6B404A1F-A368-4F8B-B874-AAAD349E9853}.Release|x64.Build.0 = Release|Any CPU
		{6B404A1F-A368-4F8B-B874-AAAD349E9853}.Release|x86.ActiveCfg = Release|Any CPU
		{6B404A1F-A368-4F8B-B874-AAAD349E9853}.Release|x86.Build.0 = Release|Any CPU
		{FA315286-B4CE-4B49-A04A-D609CD977D7D}.Debug|Any CPU.ActiveCfg = Debug|Any CPU
		{FA315286-B4CE-4B49-A04A-D609CD977D7D}.Debug|Any CPU.Build.0 = Debug|Any CPU
		{FA315286-B4CE-4B49-A04A-D609CD977D7D}.Debug|x64.ActiveCfg = Debug|Any CPU
		{FA315286-B4CE-4B49-A04A-D609CD977D7D}.Debug|x64.Build.0 = Debug|Any CPU
		{FA315286-B4CE-4B49-A04A-D609CD977D7D}.Debug|x86.ActiveCfg = Debug|Any CPU
		{FA315286-B4CE-4B49-A04A-D609CD977D7D}.Debug|x86.Build.0 = Debug|Any CPU
		{FA315286-B4CE-4B49-A04A-D609CD977D7D}.Release|Any CPU.ActiveCfg = Release|Any CPU
		{FA315286-B4CE-4B49-A04A-D609CD977D7D}.Release|Any CPU.Build.0 = Release|Any CPU
		{FA315286-B4CE-4B49-A04A-D609CD977D7D}.Release|x64.ActiveCfg = Release|Any CPU
		{FA315286-B4CE-4B49-A04A-D609CD977D7D}.Release|x64.Build.0 = Release|Any CPU
		{FA315286-B4CE-4B49-A04A-D609CD977D7D}.Release|x86.ActiveCfg = Release|Any CPU
		{FA315286-B4CE-4B49-A04A-D609CD977D7D}.Release|x86.Build.0 = Release|Any CPU
	EndGlobalSection
	GlobalSection(SolutionProperties) = preSolution
		HideSolutionNode = FALSE
	EndGlobalSection
	GlobalSection(NestedProjects) = preSolution
		{6B7CF107-4F6A-45DF-AB5C-F29959297665} = {0D979EC5-7EFF-4B32-8732-1F3ADE6ABB69}
		{08D60287-ACC5-4DB5-92D8-06BB6588BE10} = {0D979EC5-7EFF-4B32-8732-1F3ADE6ABB69}
		{855A3D44-1F57-4E8A-8806-C52C69559B6C} = {0D979EC5-7EFF-4B32-8732-1F3ADE6ABB69}
		{8BA20CC6-D847-416D-A7E6-5D4C2600183E} = {0D979EC5-7EFF-4B32-8732-1F3ADE6ABB69}
		{79131508-AD94-4BD4-86B7-CBB7509C5B4F} = {0D979EC5-7EFF-4B32-8732-1F3ADE6ABB69}
		{6B404A1F-A368-4F8B-B874-AAAD349E9853} = {0D979EC5-7EFF-4B32-8732-1F3ADE6ABB69}
		{FA315286-B4CE-4B49-A04A-D609CD977D7D} = {282698D3-9A3A-4454-A36D-712053488250}
	EndGlobalSection
	GlobalSection(ExtensibilityGlobals) = postSolution
		SolutionGuid = {07B86445-DA61-4176-9ADA-61E8658EA231}
	EndGlobalSection
EndGlobal
