
Microsoft Visual Studio Solution File, Format Version 12.00
# Visual Studio Version 16
VisualStudioVersion = 16.0.30114.105
MinimumVisualStudioVersion = 10.0.40219.1
Project("{2150E333-8FDC-42A3-9474-1A3956D46DE8}") = "src", "src", "{0D56501B-3D77-4E3C-BD45-33A8D0329DE4}"
EndProject
Project("{2150E333-8FDC-42A3-9474-1A3956D46DE8}") = "test", "test", "{E7A7F980-6097-4D8D-89DB-7E11E2355CCD}"
EndProject
Project("{FAE04EC0-301F-11D3-BF4B-00C04F79EFBC}") = "SharpAbp.Abp.DbConnectionsManagement.Application.Contracts", "src\SharpAbp.Abp.DbConnectionsManagement.Application.Contracts\SharpAbp.Abp.DbConnectionsManagement.Application.Contracts.csproj", "{B0E2D4B4-8EB6-43E5-A460-4483DFC13679}"
EndProject
Project("{FAE04EC0-301F-11D3-BF4B-00C04F79EFBC}") = "SharpAbp.Abp.DbConnectionsManagement.Domain.Shared", "src\SharpAbp.Abp.DbConnectionsManagement.Domain.Shared\SharpAbp.Abp.DbConnectionsManagement.Domain.Shared.csproj", "{1D209DC0-7389-427D-906A-B35A9E4EA795}"
EndProject
Project("{FAE04EC0-301F-11D3-BF4B-00C04F79EFBC}") = "SharpAbp.Abp.DbConnectionsManagement.Domain", "src\SharpAbp.Abp.DbConnectionsManagement.Domain\SharpAbp.Abp.DbConnectionsManagement.Domain.csproj", "{D73B6454-2E8E-4B40-AF42-8BAFA24C88FA}"
EndProject
Project("{FAE04EC0-301F-11D3-BF4B-00C04F79EFBC}") = "SharpAbp.Abp.DbConnectionsManagement.EntityFrameworkCore", "src\SharpAbp.Abp.DbConnectionsManagement.EntityFrameworkCore\SharpAbp.Abp.DbConnectionsManagement.EntityFrameworkCore.csproj", "{F38E3595-B6D0-4F9C-BA5B-77FB412482B6}"
EndProject
Project("{FAE04EC0-301F-11D3-BF4B-00C04F79EFBC}") = "SharpAbp.Abp.DbConnectionsManagement.Application", "src\SharpAbp.Abp.DbConnectionsManagement.Application\SharpAbp.Abp.DbConnectionsManagement.Application.csproj", "{717CE6CF-CEB6-45F1-BBE3-DADFB3FCE049}"
EndProject
Project("{FAE04EC0-301F-11D3-BF4B-00C04F79EFBC}") = "SharpAbp.Abp.DbConnectionsManagement.MongoDB", "src\SharpAbp.Abp.DbConnectionsManagement.MongoDB\SharpAbp.Abp.DbConnectionsManagement.MongoDB.csproj", "{9CC89DA1-4A27-4220-8221-4DDD6D3CCB02}"
EndProject
Global
	GlobalSection(SolutionConfigurationPlatforms) = preSolution
		Debug|Any CPU = Debug|Any CPU
		Debug|x64 = Debug|x64
		Debug|x86 = Debug|x86
		Release|Any CPU = Release|Any CPU
		Release|x64 = Release|x64
		Release|x86 = Release|x86
	EndGlobalSection
	GlobalSection(ProjectConfigurationPlatforms) = postSolution
		{B0E2D4B4-8EB6-43E5-A460-4483DFC13679}.Debug|Any CPU.ActiveCfg = Debug|Any CPU
		{B0E2D4B4-8EB6-43E5-A460-4483DFC13679}.Debug|Any CPU.Build.0 = Debug|Any CPU
		{B0E2D4B4-8EB6-43E5-A460-4483DFC13679}.Debug|x64.ActiveCfg = Debug|Any CPU
		{B0E2D4B4-8EB6-43E5-A460-4483DFC13679}.Debug|x64.Build.0 = Debug|Any CPU
		{B0E2D4B4-8EB6-43E5-A460-4483DFC13679}.Debug|x86.ActiveCfg = Debug|Any CPU
		{B0E2D4B4-8EB6-43E5-A460-4483DFC13679}.Debug|x86.Build.0 = Debug|Any CPU
		{B0E2D4B4-8EB6-43E5-A460-4483DFC13679}.Release|Any CPU.ActiveCfg = Release|Any CPU
		{B0E2D4B4-8EB6-43E5-A460-4483DFC13679}.Release|Any CPU.Build.0 = Release|Any CPU
		{B0E2D4B4-8EB6-43E5-A460-4483DFC13679}.Release|x64.ActiveCfg = Release|Any CPU
		{B0E2D4B4-8EB6-43E5-A460-4483DFC13679}.Release|x64.Build.0 = Release|Any CPU
		{B0E2D4B4-8EB6-43E5-A460-4483DFC13679}.Release|x86.ActiveCfg = Release|Any CPU
		{B0E2D4B4-8EB6-43E5-A460-4483DFC13679}.Release|x86.Build.0 = Release|Any CPU
		{1D209DC0-7389-427D-906A-B35A9E4EA795}.Debug|Any CPU.ActiveCfg = Debug|Any CPU
		{1D209DC0-7389-427D-906A-B35A9E4EA795}.Debug|Any CPU.Build.0 = Debug|Any CPU
		{1D209DC0-7389-427D-906A-B35A9E4EA795}.Debug|x64.ActiveCfg = Debug|Any CPU
		{1D209DC0-7389-427D-906A-B35A9E4EA795}.Debug|x64.Build.0 = Debug|Any CPU
		{1D209DC0-7389-427D-906A-B35A9E4EA795}.Debug|x86.ActiveCfg = Debug|Any CPU
		{1D209DC0-7389-427D-906A-B35A9E4EA795}.Debug|x86.Build.0 = Debug|Any CPU
		{1D209DC0-7389-427D-906A-B35A9E4EA795}.Release|Any CPU.ActiveCfg = Release|Any CPU
		{1D209DC0-7389-427D-906A-B35A9E4EA795}.Release|Any CPU.Build.0 = Release|Any CPU
		{1D209DC0-7389-427D-906A-B35A9E4EA795}.Release|x64.ActiveCfg = Release|Any CPU
		{1D209DC0-7389-427D-906A-B35A9E4EA795}.Release|x64.Build.0 = Release|Any CPU
		{1D209DC0-7389-427D-906A-B35A9E4EA795}.Release|x86.ActiveCfg = Release|Any CPU
		{1D209DC0-7389-427D-906A-B35A9E4EA795}.Release|x86.Build.0 = Release|Any CPU
		{D73B6454-2E8E-4B40-AF42-8BAFA24C88FA}.Debug|Any CPU.ActiveCfg = Debug|Any CPU
		{D73B6454-2E8E-4B40-AF42-8BAFA24C88FA}.Debug|Any CPU.Build.0 = Debug|Any CPU
		{D73B6454-2E8E-4B40-AF42-8BAFA24C88FA}.Debug|x64.ActiveCfg = Debug|Any CPU
		{D73B6454-2E8E-4B40-AF42-8BAFA24C88FA}.Debug|x64.Build.0 = Debug|Any CPU
		{D73B6454-2E8E-4B40-AF42-8BAFA24C88FA}.Debug|x86.ActiveCfg = Debug|Any CPU
		{D73B6454-2E8E-4B40-AF42-8BAFA24C88FA}.Debug|x86.Build.0 = Debug|Any CPU
		{D73B6454-2E8E-4B40-AF42-8BAFA24C88FA}.Release|Any CPU.ActiveCfg = Release|Any CPU
		{D73B6454-2E8E-4B40-AF42-8BAFA24C88FA}.Release|Any CPU.Build.0 = Release|Any CPU
		{D73B6454-2E8E-4B40-AF42-8BAFA24C88FA}.Release|x64.ActiveCfg = Release|Any CPU
		{D73B6454-2E8E-4B40-AF42-8BAFA24C88FA}.Release|x64.Build.0 = Release|Any CPU
		{D73B6454-2E8E-4B40-AF42-8BAFA24C88FA}.Release|x86.ActiveCfg = Release|Any CPU
		{D73B6454-2E8E-4B40-AF42-8BAFA24C88FA}.Release|x86.Build.0 = Release|Any CPU
		{F38E3595-B6D0-4F9C-BA5B-77FB412482B6}.Debug|Any CPU.ActiveCfg = Debug|Any CPU
		{F38E3595-B6D0-4F9C-BA5B-77FB412482B6}.Debug|Any CPU.Build.0 = Debug|Any CPU
		{F38E3595-B6D0-4F9C-BA5B-77FB412482B6}.Debug|x64.ActiveCfg = Debug|Any CPU
		{F38E3595-B6D0-4F9C-BA5B-77FB412482B6}.Debug|x64.Build.0 = Debug|Any CPU
		{F38E3595-B6D0-4F9C-BA5B-77FB412482B6}.Debug|x86.ActiveCfg = Debug|Any CPU
		{F38E3595-B6D0-4F9C-BA5B-77FB412482B6}.Debug|x86.Build.0 = Debug|Any CPU
		{F38E3595-B6D0-4F9C-BA5B-77FB412482B6}.Release|Any CPU.ActiveCfg = Release|Any CPU
		{F38E3595-B6D0-4F9C-BA5B-77FB412482B6}.Release|Any CPU.Build.0 = Release|Any CPU
		{F38E3595-B6D0-4F9C-BA5B-77FB412482B6}.Release|x64.ActiveCfg = Release|Any CPU
		{F38E3595-B6D0-4F9C-BA5B-77FB412482B6}.Release|x64.Build.0 = Release|Any CPU
		{F38E3595-B6D0-4F9C-BA5B-77FB412482B6}.Release|x86.ActiveCfg = Release|Any CPU
		{F38E3595-B6D0-4F9C-BA5B-77FB412482B6}.Release|x86.Build.0 = Release|Any CPU
		{717CE6CF-CEB6-45F1-BBE3-DADFB3FCE049}.Debug|Any CPU.ActiveCfg = Debug|Any CPU
		{717CE6CF-CEB6-45F1-BBE3-DADFB3FCE049}.Debug|Any CPU.Build.0 = Debug|Any CPU
		{717CE6CF-CEB6-45F1-BBE3-DADFB3FCE049}.Debug|x64.ActiveCfg = Debug|Any CPU
		{717CE6CF-CEB6-45F1-BBE3-DADFB3FCE049}.Debug|x64.Build.0 = Debug|Any CPU
		{717CE6CF-CEB6-45F1-BBE3-DADFB3FCE049}.Debug|x86.ActiveCfg = Debug|Any CPU
		{717CE6CF-CEB6-45F1-BBE3-DADFB3FCE049}.Debug|x86.Build.0 = Debug|Any CPU
		{717CE6CF-CEB6-45F1-BBE3-DADFB3FCE049}.Release|Any CPU.ActiveCfg = Release|Any CPU
		{717CE6CF-CEB6-45F1-BBE3-DADFB3FCE049}.Release|Any CPU.Build.0 = Release|Any CPU
		{717CE6CF-CEB6-45F1-BBE3-DADFB3FCE049}.Release|x64.ActiveCfg = Release|Any CPU
		{717CE6CF-CEB6-45F1-BBE3-DADFB3FCE049}.Release|x64.Build.0 = Release|Any CPU
		{717CE6CF-CEB6-45F1-BBE3-DADFB3FCE049}.Release|x86.ActiveCfg = Release|Any CPU
		{717CE6CF-CEB6-45F1-BBE3-DADFB3FCE049}.Release|x86.Build.0 = Release|Any CPU
		{9CC89DA1-4A27-4220-8221-4DDD6D3CCB02}.Debug|Any CPU.ActiveCfg = Debug|Any CPU
		{9CC89DA1-4A27-4220-8221-4DDD6D3CCB02}.Debug|Any CPU.Build.0 = Debug|Any CPU
		{9CC89DA1-4A27-4220-8221-4DDD6D3CCB02}.Debug|x64.ActiveCfg = Debug|Any CPU
		{9CC89DA1-4A27-4220-8221-4DDD6D3CCB02}.Debug|x64.Build.0 = Debug|Any CPU
		{9CC89DA1-4A27-4220-8221-4DDD6D3CCB02}.Debug|x86.ActiveCfg = Debug|Any CPU
		{9CC89DA1-4A27-4220-8221-4DDD6D3CCB02}.Debug|x86.Build.0 = Debug|Any CPU
		{9CC89DA1-4A27-4220-8221-4DDD6D3CCB02}.Release|Any CPU.ActiveCfg = Release|Any CPU
		{9CC89DA1-4A27-4220-8221-4DDD6D3CCB02}.Release|Any CPU.Build.0 = Release|Any CPU
		{9CC89DA1-4A27-4220-8221-4DDD6D3CCB02}.Release|x64.ActiveCfg = Release|Any CPU
		{9CC89DA1-4A27-4220-8221-4DDD6D3CCB02}.Release|x64.Build.0 = Release|Any CPU
		{9CC89DA1-4A27-4220-8221-4DDD6D3CCB02}.Release|x86.ActiveCfg = Release|Any CPU
		{9CC89DA1-4A27-4220-8221-4DDD6D3CCB02}.Release|x86.Build.0 = Release|Any CPU
	EndGlobalSection
	GlobalSection(SolutionProperties) = preSolution
		HideSolutionNode = FALSE
	EndGlobalSection
	GlobalSection(NestedProjects) = preSolution
		{B0E2D4B4-8EB6-43E5-A460-4483DFC13679} = {0D56501B-3D77-4E3C-BD45-33A8D0329DE4}
		{1D209DC0-7389-427D-906A-B35A9E4EA795} = {0D56501B-3D77-4E3C-BD45-33A8D0329DE4}
		{D73B6454-2E8E-4B40-AF42-8BAFA24C88FA} = {0D56501B-3D77-4E3C-BD45-33A8D0329DE4}
		{F38E3595-B6D0-4F9C-BA5B-77FB412482B6} = {0D56501B-3D77-4E3C-BD45-33A8D0329DE4}
		{717CE6CF-CEB6-45F1-BBE3-DADFB3FCE049} = {0D56501B-3D77-4E3C-BD45-33A8D0329DE4}
		{9CC89DA1-4A27-4220-8221-4DDD6D3CCB02} = {0D56501B-3D77-4E3C-BD45-33A8D0329DE4}
	EndGlobalSection
	GlobalSection(ExtensibilityGlobals) = postSolution
		SolutionGuid = {46B59D22-94D1-4CCB-8FB9-7E0F4B2A7FD7}
	EndGlobalSection
EndGlobal
