<Solution>
  <Folder Name="/app/">
    <Project Path="app/MinIdApp.Application.Contracts/MinIdApp.Application.Contracts.csproj" />
    <Project Path="app/MinIdApp.Application/MinIdApp.Application.csproj" />
    <Project Path="app/MinIdApp.DbMigrator/MinIdApp.DbMigrator.csproj" />
    <Project Path="app/MinIdApp.Domain.Shared/MinIdApp.Domain.Shared.csproj" />
    <Project Path="app/MinIdApp.Domain/MinIdApp.Domain.csproj" />
    <Project Path="app/MinIdApp.EntityFrameworkCore.DbMigrations/MinIdApp.EntityFrameworkCore.DbMigrations.csproj" />
    <Project Path="app/MinIdApp.EntityFrameworkCore/MinIdApp.EntityFrameworkCore.csproj" />
    <Project Path="app/MinIdApp.HttpApi.Client/MinIdApp.HttpApi.Client.csproj" />
    <Project Path="app/MinIdApp.HttpApi.Host/MinIdApp.HttpApi.Host.csproj" />
    <Project Path="app/MinIdApp.HttpApi/MinIdApp.HttpApi.csproj" />
  </Folder>
  <Folder Name="/src/">
    <Project Path="src/SharpAbp.MinId.Application.Contracts/SharpAbp.MinId.Application.Contracts.csproj" />
    <Project Path="src/SharpAbp.MinId.Application/SharpAbp.MinId.Application.csproj" />
    <Project Path="src/SharpAbp.MinId.Domain.Shared/SharpAbp.MinId.Domain.Shared.csproj" />
    <Project Path="src/SharpAbp.MinId.Domain/SharpAbp.MinId.Domain.csproj" />
    <Project Path="src/SharpAbp.MinId.EntityFrameworkCore/SharpAbp.MinId.EntityFrameworkCore.csproj" />
    <Project Path="src/SharpAbp.MinId.HttpApi.Client/SharpAbp.MinId.HttpApi.Client.csproj" />
    <Project Path="src/SharpAbp.MinId.HttpApi/SharpAbp.MinId.HttpApi.csproj" />
  </Folder>
  <Folder Name="/test/">
    <Project Path="test/SharpAbp.MinId.Application.Tests/SharpAbp.MinId.Application.Tests.csproj" />
  </Folder>
</Solution>
