
Microsoft Visual Studio Solution File, Format Version 12.00
# Visual Studio Version 18
VisualStudioVersion = 18.3.11206.111 d18.3
MinimumVisualStudioVersion = 10.0.40219.1
Project("{2150E333-8FDC-42A3-9474-1A3956D46DE8}") = "src", "src", "{AE2CB6EA-DF2B-4663-A082-F48430475ADE}"
EndProject
Project("{2150E333-8FDC-42A3-9474-1A3956D46DE8}") = "test", "test", "{654E3F7D-6190-4180-85E1-1D8E1A2CCDB0}"
EndProject
Project("{9A19103F-16F7-4668-BE54-9A1E7A4F7556}") = "SharpAbp.MinId.Domain.Shared", "src\SharpAbp.MinId.Domain.Shared\SharpAbp.MinId.Domain.Shared.csproj", "{3BE065E2-5178-4B60-AEEF-1481B7CA6E36}"
EndProject
Project("{9A19103F-16F7-4668-BE54-9A1E7A4F7556}") = "SharpAbp.MinId.Domain", "src\SharpAbp.MinId.Domain\SharpAbp.MinId.Domain.csproj", "{228E83F5-5683-403C-A4C2-FB931BA51D3A}"
EndProject
Project("{9A19103F-16F7-4668-BE54-9A1E7A4F7556}") = "SharpAbp.MinId.Application.Contracts", "src\SharpAbp.MinId.Application.Contracts\SharpAbp.MinId.Application.Contracts.csproj", "{5E7C0A63-9105-4D56-ACA2-754EAC509BDA}"
EndProject
Project("{9A19103F-16F7-4668-BE54-9A1E7A4F7556}") = "SharpAbp.MinId.Application", "src\SharpAbp.MinId.Application\SharpAbp.MinId.Application.csproj", "{DD90D066-08C1-45C8-ACB9-E9C440E29D80}"
EndProject
Project("{9A19103F-16F7-4668-BE54-9A1E7A4F7556}") = "SharpAbp.MinId.EntityFrameworkCore", "src\SharpAbp.MinId.EntityFrameworkCore\SharpAbp.MinId.EntityFrameworkCore.csproj", "{EFA6CA30-684F-41FC-9FCB-EACEC49DC096}"
EndProject
Project("{9A19103F-16F7-4668-BE54-9A1E7A4F7556}") = "SharpAbp.MinId.HttpApi", "src\SharpAbp.MinId.HttpApi\SharpAbp.MinId.HttpApi.csproj", "{8FA3627B-093D-4AA4-AB9A-8AD6DA0AC585}"
EndProject
Project("{9A19103F-16F7-4668-BE54-9A1E7A4F7556}") = "SharpAbp.MinId.HttpApi.Client", "src\SharpAbp.MinId.HttpApi.Client\SharpAbp.MinId.HttpApi.Client.csproj", "{1D9E801B-FDA3-4923-9702-FF6F78E52E3E}"
EndProject
Project("{9A19103F-16F7-4668-BE54-9A1E7A4F7556}") = "SharpAbp.MinId.Application.Tests", "test\SharpAbp.MinId.Application.Tests\SharpAbp.MinId.Application.Tests.csproj", "{9DF20CFD-E5AB-4737-8B0C-16F92A52C4B7}"
EndProject
Global
	GlobalSection(SolutionConfigurationPlatforms) = preSolution
		Debug|Any CPU = Debug|Any CPU
		Release|Any CPU = Release|Any CPU
	EndGlobalSection
	GlobalSection(ProjectConfigurationPlatforms) = postSolution
		{3BE065E2-5178-4B60-AEEF-1481B7CA6E36}.Debug|Any CPU.ActiveCfg = Debug|Any CPU
		{3BE065E2-5178-4B60-AEEF-1481B7CA6E36}.Debug|Any CPU.Build.0 = Debug|Any CPU
		{3BE065E2-5178-4B60-AEEF-1481B7CA6E36}.Release|Any CPU.ActiveCfg = Release|Any CPU
		{3BE065E2-5178-4B60-AEEF-1481B7CA6E36}.Release|Any CPU.Build.0 = Release|Any CPU
		{228E83F5-5683-403C-A4C2-FB931BA51D3A}.Debug|Any CPU.ActiveCfg = Debug|Any CPU
		{228E83F5-5683-403C-A4C2-FB931BA51D3A}.Debug|Any CPU.Build.0 = Debug|Any CPU
		{228E83F5-5683-403C-A4C2-FB931BA51D3A}.Release|Any CPU.ActiveCfg = Release|Any CPU
		{228E83F5-5683-403C-A4C2-FB931BA51D3A}.Release|Any CPU.Build.0 = Release|Any CPU
		{5E7C0A63-9105-4D56-ACA2-754EAC509BDA}.Debug|Any CPU.ActiveCfg = Debug|Any CPU
		{5E7C0A63-9105-4D56-ACA2-754EAC509BDA}.Debug|Any CPU.Build.0 = Debug|Any CPU
		{5E7C0A63-9105-4D56-ACA2-754EAC509BDA}.Release|Any CPU.ActiveCfg = Release|Any CPU
		{5E7C0A63-9105-4D56-ACA2-754EAC509BDA}.Release|Any CPU.Build.0 = Release|Any CPU
		{DD90D066-08C1-45C8-ACB9-E9C440E29D80}.Debug|Any CPU.ActiveCfg = Debug|Any CPU
		{DD90D066-08C1-45C8-ACB9-E9C440E29D80}.Debug|Any CPU.Build.0 = Debug|Any CPU
		{DD90D066-08C1-45C8-ACB9-E9C440E29D80}.Release|Any CPU.ActiveCfg = Release|Any CPU
		{DD90D066-08C1-45C8-ACB9-E9C440E29D80}.Release|Any CPU.Build.0 = Release|Any CPU
		{EFA6CA30-684F-41FC-9FCB-EACEC49DC096}.Debug|Any CPU.ActiveCfg = Debug|Any CPU
		{EFA6CA30-684F-41FC-9FCB-EACEC49DC096}.Debug|Any CPU.Build.0 = Debug|Any CPU
		{EFA6CA30-684F-41FC-9FCB-EACEC49DC096}.Release|Any CPU.ActiveCfg = Release|Any CPU
		{EFA6CA30-684F-41FC-9FCB-EACEC49DC096}.Release|Any CPU.Build.0 = Release|Any CPU
		{8FA3627B-093D-4AA4-AB9A-8AD6DA0AC585}.Debug|Any CPU.ActiveCfg = Debug|Any CPU
		{8FA3627B-093D-4AA4-AB9A-8AD6DA0AC585}.Debug|Any CPU.Build.0 = Debug|Any CPU
		{8FA3627B-093D-4AA4-AB9A-8AD6DA0AC585}.Release|Any CPU.ActiveCfg = Release|Any CPU
		{8FA3627B-093D-4AA4-AB9A-8AD6DA0AC585}.Release|Any CPU.Build.0 = Release|Any CPU
		{1D9E801B-FDA3-4923-9702-FF6F78E52E3E}.Debug|Any CPU.ActiveCfg = Debug|Any CPU
		{1D9E801B-FDA3-4923-9702-FF6F78E52E3E}.Debug|Any CPU.Build.0 = Debug|Any CPU
		{1D9E801B-FDA3-4923-9702-FF6F78E52E3E}.Release|Any CPU.ActiveCfg = Release|Any CPU
		{1D9E801B-FDA3-4923-9702-FF6F78E52E3E}.Release|Any CPU.Build.0 = Release|Any CPU
		{9DF20CFD-E5AB-4737-8B0C-16F92A52C4B7}.Debug|Any CPU.ActiveCfg = Debug|Any CPU
		{9DF20CFD-E5AB-4737-8B0C-16F92A52C4B7}.Debug|Any CPU.Build.0 = Debug|Any CPU
		{9DF20CFD-E5AB-4737-8B0C-16F92A52C4B7}.Release|Any CPU.ActiveCfg = Release|Any CPU
		{9DF20CFD-E5AB-4737-8B0C-16F92A52C4B7}.Release|Any CPU.Build.0 = Release|Any CPU
	EndGlobalSection
	GlobalSection(SolutionProperties) = preSolution
		HideSolutionNode = FALSE
	EndGlobalSection
	GlobalSection(NestedProjects) = preSolution
		{3BE065E2-5178-4B60-AEEF-1481B7CA6E36} = {AE2CB6EA-DF2B-4663-A082-F48430475ADE}
		{228E83F5-5683-403C-A4C2-FB931BA51D3A} = {AE2CB6EA-DF2B-4663-A082-F48430475ADE}
		{5E7C0A63-9105-4D56-ACA2-754EAC509BDA} = {AE2CB6EA-DF2B-4663-A082-F48430475ADE}
		{DD90D066-08C1-45C8-ACB9-E9C440E29D80} = {AE2CB6EA-DF2B-4663-A082-F48430475ADE}
		{EFA6CA30-684F-41FC-9FCB-EACEC49DC096} = {AE2CB6EA-DF2B-4663-A082-F48430475ADE}
		{8FA3627B-093D-4AA4-AB9A-8AD6DA0AC585} = {AE2CB6EA-DF2B-4663-A082-F48430475ADE}
		{1D9E801B-FDA3-4923-9702-FF6F78E52E3E} = {AE2CB6EA-DF2B-4663-A082-F48430475ADE}
		{9DF20CFD-E5AB-4737-8B0C-16F92A52C4B7} = {654E3F7D-6190-4180-85E1-1D8E1A2CCDB0}
	EndGlobalSection
	GlobalSection(ExtensibilityGlobals) = postSolution
		SolutionGuid = {DC6E5597-4A54-4B22-963E-A8BE9031A052}
	EndGlobalSection
EndGlobal
