<Solution>
  <Folder Name="/src/">
    <Project Path="src/SharpAbp.MinId.Application.Contracts/SharpAbp.MinId.Application.Contracts.csproj" />
    <Project Path="src/SharpAbp.MinId.Application/SharpAbp.MinId.Application.csproj" />
    <Project Path="src/SharpAbp.MinId.Domain.Shared/SharpAbp.MinId.Domain.Shared.csproj" />
    <Project Path="src/SharpAbp.MinId.Domain/SharpAbp.MinId.Domain.csproj" />
    <Project Path="src/SharpAbp.MinId.EntityFrameworkCore/SharpAbp.MinId.EntityFrameworkCore.csproj" />
    <Project Path="src/SharpAbp.MinId.HttpApi.Client/SharpAbp.MinId.HttpApi.Client.csproj" />
    <Project Path="src/SharpAbp.MinId.HttpApi/SharpAbp.MinId.HttpApi.csproj" />
  </Folder>
  <Folder Name="/test/">
    <Project Path="test/SharpAbp.MinId.Application.Tests/SharpAbp.MinId.Application.Tests.csproj" />
  </Folder>
</Solution>
