
Microsoft Visual Studio Solution File, Format Version 12.00
# Visual Studio Version 17
VisualStudioVersion = 17.0.32126.317
MinimumVisualStudioVersion = 15.0.26124.0
Project("{2150E333-8FDC-42A3-9474-1A3956D46DE8}") = "src", "src", "{16E4EB45-D029-4743-99CD-D125C72AE383}"
EndProject
Project("{2150E333-8FDC-42A3-9474-1A3956D46DE8}") = "test", "test", "{51F9C36E-772F-4E52-A4AC-3EE8F13FDAD3}"
EndProject
Project("{9A19103F-16F7-4668-BE54-9A1E7A4F7556}") = "SharpAbp.Abp.DotCommon", "src\SharpAbp.Abp.DotCommon\SharpAbp.Abp.DotCommon.csproj", "{A81A3082-7FCB-4533-AB63-C24A4E0373E4}"
EndProject
Project("{9A19103F-16F7-4668-BE54-9A1E7A4F7556}") = "SharpAbp.Abp.FastDFS", "src\SharpAbp.Abp.FastDFS\SharpAbp.Abp.FastDFS.csproj", "{0DA45CDA-712F-426B-BADC-E5343449682D}"
EndProject
Project("{9A19103F-16F7-4668-BE54-9A1E7A4F7556}") = "SharpAbp.Abp.FastDFS.DotNetty", "src\SharpAbp.Abp.FastDFS.DotNetty\SharpAbp.Abp.FastDFS.DotNetty.csproj", "{DC13949F-0A91-4DE2-9C96-01DD16E10675}"
EndProject
Project("{9A19103F-16F7-4668-BE54-9A1E7A4F7556}") = "SharpAbp.Abp.FastDFS.SuperSocket", "src\SharpAbp.Abp.FastDFS.SuperSocket\SharpAbp.Abp.FastDFS.SuperSocket.csproj", "{351A0290-8002-4D28-A691-7D4947D09A44}"
EndProject
Project("{9A19103F-16F7-4668-BE54-9A1E7A4F7556}") = "SharpAbp.Abp.FileStoring", "src\SharpAbp.Abp.FileStoring\SharpAbp.Abp.FileStoring.csproj", "{7BBA66C6-1F40-4889-BDA1-ABA289978094}"
EndProject
Project("{9A19103F-16F7-4668-BE54-9A1E7A4F7556}") = "SharpAbp.Abp.FileStoring.FileSystem", "src\SharpAbp.Abp.FileStoring.FileSystem\SharpAbp.Abp.FileStoring.FileSystem.csproj", "{014007DF-3790-4281-BD57-7280B0E3338B}"
EndProject
Project("{9A19103F-16F7-4668-BE54-9A1E7A4F7556}") = "SharpAbp.Abp.FileStoring.FastDFS", "src\SharpAbp.Abp.FileStoring.FastDFS\SharpAbp.Abp.FileStoring.FastDFS.csproj", "{B6D34270-B122-4ECB-A498-3032FBEA168D}"
EndProject
Project("{9A19103F-16F7-4668-BE54-9A1E7A4F7556}") = "SharpAbp.Abp.FileStoring.S3", "src\SharpAbp.Abp.FileStoring.S3\SharpAbp.Abp.FileStoring.S3.csproj", "{4233EEA7-ACA7-4E7A-B30D-047CF16908C8}"
EndProject
Project("{9A19103F-16F7-4668-BE54-9A1E7A4F7556}") = "SharpAbp.Abp.FileStoring.Tests", "test\SharpAbp.Abp.FileStoring.Tests\SharpAbp.Abp.FileStoring.Tests.csproj", "{815DADA0-8207-44BA-BC9F-08F6ABDADF90}"
EndProject
Project("{9A19103F-16F7-4668-BE54-9A1E7A4F7556}") = "SharpAbp.Abp.FileStoring.Minio", "src\SharpAbp.Abp.FileStoring.Minio\SharpAbp.Abp.FileStoring.Minio.csproj", "{6081F375-AAB3-43B6-8FCD-D773F8D1C072}"
EndProject
Project("{9A19103F-16F7-4668-BE54-9A1E7A4F7556}") = "SharpAbp.Abp.FileStoring.Aliyun", "src\SharpAbp.Abp.FileStoring.Aliyun\SharpAbp.Abp.FileStoring.Aliyun.csproj", "{F0D3349A-6709-4DCB-BDEA-980AA6893878}"
EndProject
Project("{9A19103F-16F7-4668-BE54-9A1E7A4F7556}") = "SharpAbp.Abp.FileStoring.Azure", "src\SharpAbp.Abp.FileStoring.Azure\SharpAbp.Abp.FileStoring.Azure.csproj", "{6F2645E6-F2F7-4BF9-9A79-462294D62AA2}"
EndProject
Project("{9A19103F-16F7-4668-BE54-9A1E7A4F7556}") = "SharpAbp.Abp.FileStoring.AllTests", "test\SharpAbp.Abp.FileStoring.AllTests\SharpAbp.Abp.FileStoring.AllTests.csproj", "{0ACAB4BD-B79F-4EB3-88F9-F6FD8BFBE082}"
EndProject
Project("{9A19103F-16F7-4668-BE54-9A1E7A4F7556}") = "SharpAbp.Abp.AutoS3", "src\SharpAbp.Abp.AutoS3\SharpAbp.Abp.AutoS3.csproj", "{7C4E3730-07EC-48C6-94AF-5C6DFD778F97}"
EndProject
Project("{9A19103F-16F7-4668-BE54-9A1E7A4F7556}") = "SharpAbp.Abp.AutoS3.KS3", "src\SharpAbp.Abp.AutoS3.KS3\SharpAbp.Abp.AutoS3.KS3.csproj", "{BA246929-85C3-4264-80C3-14B07E0609F6}"
EndProject
Project("{9A19103F-16F7-4668-BE54-9A1E7A4F7556}") = "SharpAbp.Abp.DotCommon.Tests", "test\SharpAbp.Abp.DotCommon.Tests\SharpAbp.Abp.DotCommon.Tests.csproj", "{16DDD922-7B79-4A0C-94EA-155933E4218A}"
EndProject
Project("{9A19103F-16F7-4668-BE54-9A1E7A4F7556}") = "SharpAbp.Abp.AutoS3.KS3.Tests", "test\SharpAbp.Abp.AutoS3.KS3.Tests\SharpAbp.Abp.AutoS3.KS3.Tests.csproj", "{855A03C4-F90E-4DBB-A369-4213EC07A25F}"
EndProject
Project("{9A19103F-16F7-4668-BE54-9A1E7A4F7556}") = "SharpAbp.Abp.FreeRedis", "src\SharpAbp.Abp.FreeRedis\SharpAbp.Abp.FreeRedis.csproj", "{62E99C6C-57ED-413A-ABD3-480BA469CE92}"
EndProject
Project("{9A19103F-16F7-4668-BE54-9A1E7A4F7556}") = "SharpAbp.Abp.FreeRedis.Tests", "test\SharpAbp.Abp.FreeRedis.Tests\SharpAbp.Abp.FreeRedis.Tests.csproj", "{58B68530-C89E-418F-A5C7-6F5BE84EAF77}"
EndProject
Project("{9A19103F-16F7-4668-BE54-9A1E7A4F7556}") = "SharpAbp.Abp.FreeSql", "src\SharpAbp.Abp.FreeSql\SharpAbp.Abp.FreeSql.csproj", "{79B3C976-9B3B-4779-9A9C-96DB35575417}"
EndProject
Project("{9A19103F-16F7-4668-BE54-9A1E7A4F7556}") = "SharpAbp.Abp.Core", "src\SharpAbp.Abp.Core\SharpAbp.Abp.Core.csproj", "{D397A83F-16C1-4A77-BF9F-1B80E516635C}"
EndProject
Project("{9A19103F-16F7-4668-BE54-9A1E7A4F7556}") = "SharpAbp.Abp.Core.Tests", "test\SharpAbp.Abp.Core.Tests\SharpAbp.Abp.Core.Tests.csproj", "{A5A526F3-561D-4E6D-9953-42DCED5FDBF3}"
EndProject
Project("{9A19103F-16F7-4668-BE54-9A1E7A4F7556}") = "SharpAbp.Abp.MapTenancy", "src\SharpAbp.Abp.MapTenancy\SharpAbp.Abp.MapTenancy.csproj", "{4090259B-B6B9-460A-82CD-1B844103C177}"
EndProject
Project("{9A19103F-16F7-4668-BE54-9A1E7A4F7556}") = "SharpAbp.Abp.AspNetCore.MapTenancy", "src\SharpAbp.Abp.AspNetCore.MapTenancy\SharpAbp.Abp.AspNetCore.MapTenancy.csproj", "{B4A0FC6B-876D-4539-B147-1A2C4955E54D}"
EndProject
Project("{9A19103F-16F7-4668-BE54-9A1E7A4F7556}") = "SharpAbp.Abp.Snowflakes", "src\SharpAbp.Abp.Snowflakes\SharpAbp.Abp.Snowflakes.csproj", "{2B35BA9F-CC91-4C2B-B656-97917A6C0258}"
EndProject
Project("{9A19103F-16F7-4668-BE54-9A1E7A4F7556}") = "SharpAbp.Abp.Snowflakes.Tests", "test\SharpAbp.Abp.Snowflakes.Tests\SharpAbp.Abp.Snowflakes.Tests.csproj", "{E34D5673-84D3-4BE3-B175-216A87584E00}"
EndProject
Project("{9A19103F-16F7-4668-BE54-9A1E7A4F7556}") = "SharpAbp.Abp.DbConnections", "src\SharpAbp.Abp.DbConnections\SharpAbp.Abp.DbConnections.csproj", "{8803A2D9-4D9A-49B8-92AC-1ACD1108AF8B}"
EndProject
Project("{9A19103F-16F7-4668-BE54-9A1E7A4F7556}") = "SharpAbp.Abp.DbConnections.MySQL", "src\SharpAbp.Abp.DbConnections.MySQL\SharpAbp.Abp.DbConnections.MySQL.csproj", "{F9F40A0A-3B77-4DCD-8CD1-1384B292F925}"
EndProject
Project("{9A19103F-16F7-4668-BE54-9A1E7A4F7556}") = "SharpAbp.Abp.DbConnections.Oracle", "src\SharpAbp.Abp.DbConnections.Oracle\SharpAbp.Abp.DbConnections.Oracle.csproj", "{AB0197CF-5081-4576-B9DA-751192F20A2C}"
EndProject
Project("{9A19103F-16F7-4668-BE54-9A1E7A4F7556}") = "SharpAbp.Abp.DbConnections.Oracle.Devart", "src\SharpAbp.Abp.DbConnections.Oracle.Devart\SharpAbp.Abp.DbConnections.Oracle.Devart.csproj", "{E7A4D3A4-DC05-4CD0-9EAD-FEA5AE68A312}"
EndProject
Project("{9A19103F-16F7-4668-BE54-9A1E7A4F7556}") = "SharpAbp.Abp.DbConnections.PostgreSql", "src\SharpAbp.Abp.DbConnections.PostgreSql\SharpAbp.Abp.DbConnections.PostgreSql.csproj", "{0783D7A3-4FA5-4032-A07D-6C060A728440}"
EndProject
Project("{9A19103F-16F7-4668-BE54-9A1E7A4F7556}") = "SharpAbp.Abp.DbConnections.Sqlite", "src\SharpAbp.Abp.DbConnections.Sqlite\SharpAbp.Abp.DbConnections.Sqlite.csproj", "{E31D0149-2755-4E1D-8E66-39F7D1842FCE}"
EndProject
Project("{9A19103F-16F7-4668-BE54-9A1E7A4F7556}") = "SharpAbp.Abp.DbConnections.SqlServer", "src\SharpAbp.Abp.DbConnections.SqlServer\SharpAbp.Abp.DbConnections.SqlServer.csproj", "{0ED91014-2A6C-42C6-93FF-585EE10A9D3A}"
EndProject
Project("{9A19103F-16F7-4668-BE54-9A1E7A4F7556}") = "SharpAbp.Abp.DbConnections.Tests", "test\SharpAbp.Abp.DbConnections.Tests\SharpAbp.Abp.DbConnections.Tests.csproj", "{6469ACB2-5E64-484E-956B-920E296D4E5F}"
EndProject
Project("{9A19103F-16F7-4668-BE54-9A1E7A4F7556}") = "SharpAbp.Abp.AspNetCore", "src\SharpAbp.Abp.AspNetCore\SharpAbp.Abp.AspNetCore.csproj", "{2CEA443E-89B2-4380-84E0-DE46887F99AC}"
EndProject
Project("{9A19103F-16F7-4668-BE54-9A1E7A4F7556}") = "SharpAbp.Abp.AspNetCore.Mvc", "src\SharpAbp.Abp.AspNetCore.Mvc\SharpAbp.Abp.AspNetCore.Mvc.csproj", "{2B3B9980-69F7-42AD-BB07-C89742A60134}"
EndProject
Project("{9A19103F-16F7-4668-BE54-9A1E7A4F7556}") = "SharpAbp.Abp.IdentityModel", "src\SharpAbp.Abp.IdentityModel\SharpAbp.Abp.IdentityModel.csproj", "{82CE2F4D-5B4B-4F55-806C-7C5BE6773D96}"
EndProject
Project("{9A19103F-16F7-4668-BE54-9A1E7A4F7556}") = "SharpAbp.Abp.FileStoring.Aws", "src\SharpAbp.Abp.FileStoring.Aws\SharpAbp.Abp.FileStoring.Aws.csproj", "{51280AE2-547D-4885-85E5-D9FA151E2DA3}"
EndProject
Project("{9A19103F-16F7-4668-BE54-9A1E7A4F7556}") = "SharpAbp.Abp.FileStoring.KS3", "src\SharpAbp.Abp.FileStoring.KS3\SharpAbp.Abp.FileStoring.KS3.csproj", "{F79903EC-60DE-4060-A4D9-FE533C052E60}"
EndProject
Project("{9A19103F-16F7-4668-BE54-9A1E7A4F7556}") = "SharpAbp.Abp.MassTransit", "src\SharpAbp.Abp.MassTransit\SharpAbp.Abp.MassTransit.csproj", "{E0093F7E-A81B-479B-A6C2-7F1EDED9B109}"
EndProject
Project("{9A19103F-16F7-4668-BE54-9A1E7A4F7556}") = "SharpAbp.Abp.MassTransit.RabbitMQ", "src\SharpAbp.Abp.MassTransit.RabbitMQ\SharpAbp.Abp.MassTransit.RabbitMQ.csproj", "{3A09971E-E754-44F1-B00C-9CACA6CBA4C6}"
EndProject
Project("{9A19103F-16F7-4668-BE54-9A1E7A4F7556}") = "SharpAbp.Abp.MassTransit.Kafka", "src\SharpAbp.Abp.MassTransit.Kafka\SharpAbp.Abp.MassTransit.Kafka.csproj", "{9B21C424-1937-46FD-872F-F1656FAE4DC6}"
EndProject
Project("{9A19103F-16F7-4668-BE54-9A1E7A4F7556}") = "SharpAbp.Abp.MassTransit.Tests", "test\SharpAbp.Abp.MassTransit.Tests\SharpAbp.Abp.MassTransit.Tests.csproj", "{230C45B0-6226-41B1-A3A3-96374B861B6D}"
EndProject
Project("{9A19103F-16F7-4668-BE54-9A1E7A4F7556}") = "SharpAbp.Abp.FileStoring.Obs", "src\SharpAbp.Abp.FileStoring.Obs\SharpAbp.Abp.FileStoring.Obs.csproj", "{98835BAF-C36A-48D7-80FA-BA6CB25D35D2}"
EndProject
Project("{9A19103F-16F7-4668-BE54-9A1E7A4F7556}") = "SharpAbp.Abp.MassTransit.ActiveMQ", "src\SharpAbp.Abp.MassTransit.ActiveMQ\SharpAbp.Abp.MassTransit.ActiveMQ.csproj", "{7DC28761-6579-4286-B582-985D75F8C871}"
EndProject
Project("{9A19103F-16F7-4668-BE54-9A1E7A4F7556}") = "SharpAbp.Abp.Swashbuckle", "src\SharpAbp.Abp.Swashbuckle\SharpAbp.Abp.Swashbuckle.csproj", "{410796C3-C5F1-432E-B264-F8520DABCFCC}"
EndProject
Project("{9A19103F-16F7-4668-BE54-9A1E7A4F7556}") = "SharpAbp.Abp.Swashbuckle.Versioning", "src\SharpAbp.Abp.Swashbuckle.Versioning\SharpAbp.Abp.Swashbuckle.Versioning.csproj", "{2A1F05BF-7172-4EDD-ADB5-E08E8492B1EC}"
EndProject
Project("{9A19103F-16F7-4668-BE54-9A1E7A4F7556}") = "SharpAbp.Abp.FileStoring.Abstractions", "src\SharpAbp.Abp.FileStoring.Abstractions\SharpAbp.Abp.FileStoring.Abstractions.csproj", "{CC1ECD6B-549B-4843-99D4-2B4FE773B892}"
EndProject
Project("{9A19103F-16F7-4668-BE54-9A1E7A4F7556}") = "SharpAbp.Abp.TenancyGrouping", "src\SharpAbp.Abp.TenancyGrouping\SharpAbp.Abp.TenancyGrouping.csproj", "{50AF3958-8128-42E7-8A3A-73FC82F50ADC}"
EndProject
Project("{9A19103F-16F7-4668-BE54-9A1E7A4F7556}") = "SharpAbp.Abp.Binary.Abstractions", "src\SharpAbp.Abp.Binary.Abstractions\SharpAbp.Abp.Binary.Abstractions.csproj", "{C5D1FF6D-0887-4282-8B67-09E10CD0CDFC}"
EndProject
Project("{9A19103F-16F7-4668-BE54-9A1E7A4F7556}") = "SharpAbp.Abp.Binary.Protobuf", "src\SharpAbp.Abp.Binary.Protobuf\SharpAbp.Abp.Binary.Protobuf.csproj", "{A399F72E-CD67-4D0A-8631-233AE92A8A94}"
EndProject
Project("{9A19103F-16F7-4668-BE54-9A1E7A4F7556}") = "SharpAbp.Abp.Binary", "src\SharpAbp.Abp.Binary\SharpAbp.Abp.Binary.csproj", "{0C12F8A7-D0D0-4912-A735-E8E03B51D3A0}"
EndProject
Project("{9A19103F-16F7-4668-BE54-9A1E7A4F7556}") = "SharpAbp.Abp.Binary.Tests", "test\SharpAbp.Abp.Binary.Tests\SharpAbp.Abp.Binary.Tests.csproj", "{1FB2E699-5019-4637-89ED-DD0C16B4CE8D}"
EndProject
Project("{9A19103F-16F7-4668-BE54-9A1E7A4F7556}") = "SharpAbp.Abp.EntityFrameworkCore", "src\SharpAbp.Abp.EntityFrameworkCore\SharpAbp.Abp.EntityFrameworkCore.csproj", "{5F4B9118-46A0-4BC9-A077-112CB5A81227}"
EndProject
Project("{9A19103F-16F7-4668-BE54-9A1E7A4F7556}") = "SharpAbp.Abp.Data", "src\SharpAbp.Abp.Data\SharpAbp.Abp.Data.csproj", "{C61270FC-F6CF-4749-AC6E-B57BC2B38C3A}"
EndProject
Project("{9A19103F-16F7-4668-BE54-9A1E7A4F7556}") = "SharpAbp.Abp.FreeSql.PostgreSql", "src\SharpAbp.Abp.FreeSql.PostgreSql\SharpAbp.Abp.FreeSql.PostgreSql.csproj", "{78A8B53C-F502-4D67-89D9-1F127D429382}"
EndProject
Project("{9A19103F-16F7-4668-BE54-9A1E7A4F7556}") = "SharpAbp.Abp.FreeSql.SqlServer", "src\SharpAbp.Abp.FreeSql.SqlServer\SharpAbp.Abp.FreeSql.SqlServer.csproj", "{16E7F10F-48A9-4AA3-A71D-0852F2C6C8A5}"
EndProject
Project("{9A19103F-16F7-4668-BE54-9A1E7A4F7556}") = "SharpAbp.Abp.FreeSql.MySQL", "src\SharpAbp.Abp.FreeSql.MySQL\SharpAbp.Abp.FreeSql.MySQL.csproj", "{AA0244FC-502D-4590-97DF-F4094F2551E7}"
EndProject
Project("{9A19103F-16F7-4668-BE54-9A1E7A4F7556}") = "SharpAbp.Abp.FreeSql.Oracle", "src\SharpAbp.Abp.FreeSql.Oracle\SharpAbp.Abp.FreeSql.Oracle.csproj", "{7671135C-44C9-4753-A595-5FD2D49AE8F5}"
EndProject
Project("{9A19103F-16F7-4668-BE54-9A1E7A4F7556}") = "SharpAbp.Abp.FreeSql.Sqlite", "src\SharpAbp.Abp.FreeSql.Sqlite\SharpAbp.Abp.FreeSql.Sqlite.csproj", "{7C29BC11-FFC8-46A8-9C99-36A0F92899A2}"
EndProject
Project("{9A19103F-16F7-4668-BE54-9A1E7A4F7556}") = "SharpAbp.Abp.OpenTelemetry.Abstractions", "src\SharpAbp.Abp.OpenTelemetry.Abstractions\SharpAbp.Abp.OpenTelemetry.Abstractions.csproj", "{7C89DBDC-F1B1-4E3E-A97D-3EAB11994EC7}"
EndProject
Project("{9A19103F-16F7-4668-BE54-9A1E7A4F7556}") = "SharpAbp.Abp.OpenTelemetry", "src\SharpAbp.Abp.OpenTelemetry\SharpAbp.Abp.OpenTelemetry.csproj", "{F7FB4803-5AD7-4CE4-B409-04E44A41623D}"
EndProject
Project("{9A19103F-16F7-4668-BE54-9A1E7A4F7556}") = "SharpAbp.Abp.OpenTelemetry.Exporter.Console", "src\SharpAbp.Abp.OpenTelemetry.Exporter.Console\SharpAbp.Abp.OpenTelemetry.Exporter.Console.csproj", "{F7906D26-5F28-443F-8180-155B533D484E}"
EndProject
Project("{9A19103F-16F7-4668-BE54-9A1E7A4F7556}") = "SharpAbp.Abp.OpenTelemetry.Exporter.Zipkin", "src\SharpAbp.Abp.OpenTelemetry.Exporter.Zipkin\SharpAbp.Abp.OpenTelemetry.Exporter.Zipkin.csproj", "{4331CFFD-B54E-4446-BA1A-4BCA6750D6EC}"
EndProject
Project("{9A19103F-16F7-4668-BE54-9A1E7A4F7556}") = "SharpAbp.Abp.OpenTelemetry.Exporter.Otlp", "src\SharpAbp.Abp.OpenTelemetry.Exporter.Otlp\SharpAbp.Abp.OpenTelemetry.Exporter.Otlp.csproj", "{5A3914AA-EE78-432D-8979-E5F5CE19524D}"
EndProject
Project("{9A19103F-16F7-4668-BE54-9A1E7A4F7556}") = "SharpAbp.Abp.OpenTelemetry.Exporter.Prometheus.HttpListener", "src\SharpAbp.Abp.OpenTelemetry.Exporter.Prometheus.HttpListener\SharpAbp.Abp.OpenTelemetry.Exporter.Prometheus.HttpListener.csproj", "{17A01DB5-D064-4E94-990B-2A6F06305F64}"
EndProject
Project("{9A19103F-16F7-4668-BE54-9A1E7A4F7556}") = "SharpAbp.Abp.OpenTelemetry.Exporter.Prometheus.AspNetCore", "src\SharpAbp.Abp.OpenTelemetry.Exporter.Prometheus.AspNetCore\SharpAbp.Abp.OpenTelemetry.Exporter.Prometheus.AspNetCore.csproj", "{AD630688-3BAC-49D7-8D93-7CB2FE70BAB0}"
EndProject
Project("{9A19103F-16F7-4668-BE54-9A1E7A4F7556}") = "SharpAbp.Abp.EventBus.MassTransit", "src\SharpAbp.Abp.EventBus.MassTransit\SharpAbp.Abp.EventBus.MassTransit.csproj", "{857F28ED-C3CE-430F-A34F-6F4076AC17F8}"
EndProject
Project("{9A19103F-16F7-4668-BE54-9A1E7A4F7556}") = "SharpAbp.Abp.EventBus.MassTransit.RabbitMQ", "src\SharpAbp.Abp.EventBus.MassTransit.RabbitMQ\SharpAbp.Abp.EventBus.MassTransit.RabbitMQ.csproj", "{348862A6-C774-4386-B88D-FF259E58E17B}"
EndProject
Project("{9A19103F-16F7-4668-BE54-9A1E7A4F7556}") = "SharpAbp.Abp.EventBus.MassTransit.Kafka", "src\SharpAbp.Abp.EventBus.MassTransit.Kafka\SharpAbp.Abp.EventBus.MassTransit.Kafka.csproj", "{B18DD627-13CC-4E3E-8CC4-E0989080C8CB}"
EndProject
Project("{9A19103F-16F7-4668-BE54-9A1E7A4F7556}") = "SharpAbp.Abp.EventBus.MassTransit.ActiveMQ", "src\SharpAbp.Abp.EventBus.MassTransit.ActiveMQ\SharpAbp.Abp.EventBus.MassTransit.ActiveMQ.csproj", "{7F1957CE-3D61-46B6-B103-B9057378E551}"
EndProject
Project("{9A19103F-16F7-4668-BE54-9A1E7A4F7556}") = "SharpAbp.Abp.Crypto", "src\SharpAbp.Abp.Crypto\SharpAbp.Abp.Crypto.csproj", "{2AF4DAE7-2A38-44C8-AA39-FB1F04DF83FB}"
EndProject
Project("{FAE04EC0-301F-11D3-BF4B-00C04F79EFBC}") = "SharpAbp.Abp.Crypto.Tests", "test\SharpAbp.Abp.Crypto.Tests\SharpAbp.Abp.Crypto.Tests.csproj", "{EEC8B2DB-B50C-4B71-BA5C-52DBE429F093}"
EndProject
Global
	GlobalSection(SolutionConfigurationPlatforms) = preSolution
		Debug|Any CPU = Debug|Any CPU
		Debug|x64 = Debug|x64
		Debug|x86 = Debug|x86
		Release|Any CPU = Release|Any CPU
		Release|x64 = Release|x64
		Release|x86 = Release|x86
	EndGlobalSection
	GlobalSection(ProjectConfigurationPlatforms) = postSolution
		{A81A3082-7FCB-4533-AB63-C24A4E0373E4}.Debug|Any CPU.ActiveCfg = Debug|Any CPU
		{A81A3082-7FCB-4533-AB63-C24A4E0373E4}.Debug|Any CPU.Build.0 = Debug|Any CPU
		{A81A3082-7FCB-4533-AB63-C24A4E0373E4}.Debug|x64.ActiveCfg = Debug|Any CPU
		{A81A3082-7FCB-4533-AB63-C24A4E0373E4}.Debug|x64.Build.0 = Debug|Any CPU
		{A81A3082-7FCB-4533-AB63-C24A4E0373E4}.Debug|x86.ActiveCfg = Debug|Any CPU
		{A81A3082-7FCB-4533-AB63-C24A4E0373E4}.Debug|x86.Build.0 = Debug|Any CPU
		{A81A3082-7FCB-4533-AB63-C24A4E0373E4}.Release|Any CPU.ActiveCfg = Release|Any CPU
		{A81A3082-7FCB-4533-AB63-C24A4E0373E4}.Release|Any CPU.Build.0 = Release|Any CPU
		{A81A3082-7FCB-4533-AB63-C24A4E0373E4}.Release|x64.ActiveCfg = Release|Any CPU
		{A81A3082-7FCB-4533-AB63-C24A4E0373E4}.Release|x64.Build.0 = Release|Any CPU
		{A81A3082-7FCB-4533-AB63-C24A4E0373E4}.Release|x86.ActiveCfg = Release|Any CPU
		{A81A3082-7FCB-4533-AB63-C24A4E0373E4}.Release|x86.Build.0 = Release|Any CPU
		{0DA45CDA-712F-426B-BADC-E5343449682D}.Debug|Any CPU.ActiveCfg = Debug|Any CPU
		{0DA45CDA-712F-426B-BADC-E5343449682D}.Debug|Any CPU.Build.0 = Debug|Any CPU
		{0DA45CDA-712F-426B-BADC-E5343449682D}.Debug|x64.ActiveCfg = Debug|Any CPU
		{0DA45CDA-712F-426B-BADC-E5343449682D}.Debug|x64.Build.0 = Debug|Any CPU
		{0DA45CDA-712F-426B-BADC-E5343449682D}.Debug|x86.ActiveCfg = Debug|Any CPU
		{0DA45CDA-712F-426B-BADC-E5343449682D}.Debug|x86.Build.0 = Debug|Any CPU
		{0DA45CDA-712F-426B-BADC-E5343449682D}.Release|Any CPU.ActiveCfg = Release|Any CPU
		{0DA45CDA-712F-426B-BADC-E5343449682D}.Release|Any CPU.Build.0 = Release|Any CPU
		{0DA45CDA-712F-426B-BADC-E5343449682D}.Release|x64.ActiveCfg = Release|Any CPU
		{0DA45CDA-712F-426B-BADC-E5343449682D}.Release|x64.Build.0 = Release|Any CPU
		{0DA45CDA-712F-426B-BADC-E5343449682D}.Release|x86.ActiveCfg = Release|Any CPU
		{0DA45CDA-712F-426B-BADC-E5343449682D}.Release|x86.Build.0 = Release|Any CPU
		{DC13949F-0A91-4DE2-9C96-01DD16E10675}.Debug|Any CPU.ActiveCfg = Debug|Any CPU
		{DC13949F-0A91-4DE2-9C96-01DD16E10675}.Debug|Any CPU.Build.0 = Debug|Any CPU
		{DC13949F-0A91-4DE2-9C96-01DD16E10675}.Debug|x64.ActiveCfg = Debug|Any CPU
		{DC13949F-0A91-4DE2-9C96-01DD16E10675}.Debug|x64.Build.0 = Debug|Any CPU
		{DC13949F-0A91-4DE2-9C96-01DD16E10675}.Debug|x86.ActiveCfg = Debug|Any CPU
		{DC13949F-0A91-4DE2-9C96-01DD16E10675}.Debug|x86.Build.0 = Debug|Any CPU
		{DC13949F-0A91-4DE2-9C96-01DD16E10675}.Release|Any CPU.ActiveCfg = Release|Any CPU
		{DC13949F-0A91-4DE2-9C96-01DD16E10675}.Release|Any CPU.Build.0 = Release|Any CPU
		{DC13949F-0A91-4DE2-9C96-01DD16E10675}.Release|x64.ActiveCfg = Release|Any CPU
		{DC13949F-0A91-4DE2-9C96-01DD16E10675}.Release|x64.Build.0 = Release|Any CPU
		{DC13949F-0A91-4DE2-9C96-01DD16E10675}.Release|x86.ActiveCfg = Release|Any CPU
		{DC13949F-0A91-4DE2-9C96-01DD16E10675}.Release|x86.Build.0 = Release|Any CPU
		{351A0290-8002-4D28-A691-7D4947D09A44}.Debug|Any CPU.ActiveCfg = Debug|Any CPU
		{351A0290-8002-4D28-A691-7D4947D09A44}.Debug|Any CPU.Build.0 = Debug|Any CPU
		{351A0290-8002-4D28-A691-7D4947D09A44}.Debug|x64.ActiveCfg = Debug|Any CPU
		{351A0290-8002-4D28-A691-7D4947D09A44}.Debug|x64.Build.0 = Debug|Any CPU
		{351A0290-8002-4D28-A691-7D4947D09A44}.Debug|x86.ActiveCfg = Debug|Any CPU
		{351A0290-8002-4D28-A691-7D4947D09A44}.Debug|x86.Build.0 = Debug|Any CPU
		{351A0290-8002-4D28-A691-7D4947D09A44}.Release|Any CPU.ActiveCfg = Release|Any CPU
		{351A0290-8002-4D28-A691-7D4947D09A44}.Release|Any CPU.Build.0 = Release|Any CPU
		{351A0290-8002-4D28-A691-7D4947D09A44}.Release|x64.ActiveCfg = Release|Any CPU
		{351A0290-8002-4D28-A691-7D4947D09A44}.Release|x64.Build.0 = Release|Any CPU
		{351A0290-8002-4D28-A691-7D4947D09A44}.Release|x86.ActiveCfg = Release|Any CPU
		{351A0290-8002-4D28-A691-7D4947D09A44}.Release|x86.Build.0 = Release|Any CPU
		{7BBA66C6-1F40-4889-BDA1-ABA289978094}.Debug|Any CPU.ActiveCfg = Debug|Any CPU
		{7BBA66C6-1F40-4889-BDA1-ABA289978094}.Debug|Any CPU.Build.0 = Debug|Any CPU
		{7BBA66C6-1F40-4889-BDA1-ABA289978094}.Debug|x64.ActiveCfg = Debug|Any CPU
		{7BBA66C6-1F40-4889-BDA1-ABA289978094}.Debug|x64.Build.0 = Debug|Any CPU
		{7BBA66C6-1F40-4889-BDA1-ABA289978094}.Debug|x86.ActiveCfg = Debug|Any CPU
		{7BBA66C6-1F40-4889-BDA1-ABA289978094}.Debug|x86.Build.0 = Debug|Any CPU
		{7BBA66C6-1F40-4889-BDA1-ABA289978094}.Release|Any CPU.ActiveCfg = Release|Any CPU
		{7BBA66C6-1F40-4889-BDA1-ABA289978094}.Release|Any CPU.Build.0 = Release|Any CPU
		{7BBA66C6-1F40-4889-BDA1-ABA289978094}.Release|x64.ActiveCfg = Release|Any CPU
		{7BBA66C6-1F40-4889-BDA1-ABA289978094}.Release|x64.Build.0 = Release|Any CPU
		{7BBA66C6-1F40-4889-BDA1-ABA289978094}.Release|x86.ActiveCfg = Release|Any CPU
		{7BBA66C6-1F40-4889-BDA1-ABA289978094}.Release|x86.Build.0 = Release|Any CPU
		{014007DF-3790-4281-BD57-7280B0E3338B}.Debug|Any CPU.ActiveCfg = Debug|Any CPU
		{014007DF-3790-4281-BD57-7280B0E3338B}.Debug|Any CPU.Build.0 = Debug|Any CPU
		{014007DF-3790-4281-BD57-7280B0E3338B}.Debug|x64.ActiveCfg = Debug|Any CPU
		{014007DF-3790-4281-BD57-7280B0E3338B}.Debug|x64.Build.0 = Debug|Any CPU
		{014007DF-3790-4281-BD57-7280B0E3338B}.Debug|x86.ActiveCfg = Debug|Any CPU
		{014007DF-3790-4281-BD57-7280B0E3338B}.Debug|x86.Build.0 = Debug|Any CPU
		{014007DF-3790-4281-BD57-7280B0E3338B}.Release|Any CPU.ActiveCfg = Release|Any CPU
		{014007DF-3790-4281-BD57-7280B0E3338B}.Release|Any CPU.Build.0 = Release|Any CPU
		{014007DF-3790-4281-BD57-7280B0E3338B}.Release|x64.ActiveCfg = Release|Any CPU
		{014007DF-3790-4281-BD57-7280B0E3338B}.Release|x64.Build.0 = Release|Any CPU
		{014007DF-3790-4281-BD57-7280B0E3338B}.Release|x86.ActiveCfg = Release|Any CPU
		{014007DF-3790-4281-BD57-7280B0E3338B}.Release|x86.Build.0 = Release|Any CPU
		{B6D34270-B122-4ECB-A498-3032FBEA168D}.Debug|Any CPU.ActiveCfg = Debug|Any CPU
		{B6D34270-B122-4ECB-A498-3032FBEA168D}.Debug|Any CPU.Build.0 = Debug|Any CPU
		{B6D34270-B122-4ECB-A498-3032FBEA168D}.Debug|x64.ActiveCfg = Debug|Any CPU
		{B6D34270-B122-4ECB-A498-3032FBEA168D}.Debug|x64.Build.0 = Debug|Any CPU
		{B6D34270-B122-4ECB-A498-3032FBEA168D}.Debug|x86.ActiveCfg = Debug|Any CPU
		{B6D34270-B122-4ECB-A498-3032FBEA168D}.Debug|x86.Build.0 = Debug|Any CPU
		{B6D34270-B122-4ECB-A498-3032FBEA168D}.Release|Any CPU.ActiveCfg = Release|Any CPU
		{B6D34270-B122-4ECB-A498-3032FBEA168D}.Release|Any CPU.Build.0 = Release|Any CPU
		{B6D34270-B122-4ECB-A498-3032FBEA168D}.Release|x64.ActiveCfg = Release|Any CPU
		{B6D34270-B122-4ECB-A498-3032FBEA168D}.Release|x64.Build.0 = Release|Any CPU
		{B6D34270-B122-4ECB-A498-3032FBEA168D}.Release|x86.ActiveCfg = Release|Any CPU
		{B6D34270-B122-4ECB-A498-3032FBEA168D}.Release|x86.Build.0 = Release|Any CPU
		{4233EEA7-ACA7-4E7A-B30D-047CF16908C8}.Debug|Any CPU.ActiveCfg = Debug|Any CPU
		{4233EEA7-ACA7-4E7A-B30D-047CF16908C8}.Debug|Any CPU.Build.0 = Debug|Any CPU
		{4233EEA7-ACA7-4E7A-B30D-047CF16908C8}.Debug|x64.ActiveCfg = Debug|Any CPU
		{4233EEA7-ACA7-4E7A-B30D-047CF16908C8}.Debug|x64.Build.0 = Debug|Any CPU
		{4233EEA7-ACA7-4E7A-B30D-047CF16908C8}.Debug|x86.ActiveCfg = Debug|Any CPU
		{4233EEA7-ACA7-4E7A-B30D-047CF16908C8}.Debug|x86.Build.0 = Debug|Any CPU
		{4233EEA7-ACA7-4E7A-B30D-047CF16908C8}.Release|Any CPU.ActiveCfg = Release|Any CPU
		{4233EEA7-ACA7-4E7A-B30D-047CF16908C8}.Release|Any CPU.Build.0 = Release|Any CPU
		{4233EEA7-ACA7-4E7A-B30D-047CF16908C8}.Release|x64.ActiveCfg = Release|Any CPU
		{4233EEA7-ACA7-4E7A-B30D-047CF16908C8}.Release|x64.Build.0 = Release|Any CPU
		{4233EEA7-ACA7-4E7A-B30D-047CF16908C8}.Release|x86.ActiveCfg = Release|Any CPU
		{4233EEA7-ACA7-4E7A-B30D-047CF16908C8}.Release|x86.Build.0 = Release|Any CPU
		{815DADA0-8207-44BA-BC9F-08F6ABDADF90}.Debug|Any CPU.ActiveCfg = Debug|Any CPU
		{815DADA0-8207-44BA-BC9F-08F6ABDADF90}.Debug|Any CPU.Build.0 = Debug|Any CPU
		{815DADA0-8207-44BA-BC9F-08F6ABDADF90}.Debug|x64.ActiveCfg = Debug|Any CPU
		{815DADA0-8207-44BA-BC9F-08F6ABDADF90}.Debug|x64.Build.0 = Debug|Any CPU
		{815DADA0-8207-44BA-BC9F-08F6ABDADF90}.Debug|x86.ActiveCfg = Debug|Any CPU
		{815DADA0-8207-44BA-BC9F-08F6ABDADF90}.Debug|x86.Build.0 = Debug|Any CPU
		{815DADA0-8207-44BA-BC9F-08F6ABDADF90}.Release|Any CPU.ActiveCfg = Release|Any CPU
		{815DADA0-8207-44BA-BC9F-08F6ABDADF90}.Release|Any CPU.Build.0 = Release|Any CPU
		{815DADA0-8207-44BA-BC9F-08F6ABDADF90}.Release|x64.ActiveCfg = Release|Any CPU
		{815DADA0-8207-44BA-BC9F-08F6ABDADF90}.Release|x64.Build.0 = Release|Any CPU
		{815DADA0-8207-44BA-BC9F-08F6ABDADF90}.Release|x86.ActiveCfg = Release|Any CPU
		{815DADA0-8207-44BA-BC9F-08F6ABDADF90}.Release|x86.Build.0 = Release|Any CPU
		{6081F375-AAB3-43B6-8FCD-D773F8D1C072}.Debug|Any CPU.ActiveCfg = Debug|Any CPU
		{6081F375-AAB3-43B6-8FCD-D773F8D1C072}.Debug|Any CPU.Build.0 = Debug|Any CPU
		{6081F375-AAB3-43B6-8FCD-D773F8D1C072}.Debug|x64.ActiveCfg = Debug|Any CPU
		{6081F375-AAB3-43B6-8FCD-D773F8D1C072}.Debug|x64.Build.0 = Debug|Any CPU
		{6081F375-AAB3-43B6-8FCD-D773F8D1C072}.Debug|x86.ActiveCfg = Debug|Any CPU
		{6081F375-AAB3-43B6-8FCD-D773F8D1C072}.Debug|x86.Build.0 = Debug|Any CPU
		{6081F375-AAB3-43B6-8FCD-D773F8D1C072}.Release|Any CPU.ActiveCfg = Release|Any CPU
		{6081F375-AAB3-43B6-8FCD-D773F8D1C072}.Release|Any CPU.Build.0 = Release|Any CPU
		{6081F375-AAB3-43B6-8FCD-D773F8D1C072}.Release|x64.ActiveCfg = Release|Any CPU
		{6081F375-AAB3-43B6-8FCD-D773F8D1C072}.Release|x64.Build.0 = Release|Any CPU
		{6081F375-AAB3-43B6-8FCD-D773F8D1C072}.Release|x86.ActiveCfg = Release|Any CPU
		{6081F375-AAB3-43B6-8FCD-D773F8D1C072}.Release|x86.Build.0 = Release|Any CPU
		{F0D3349A-6709-4DCB-BDEA-980AA6893878}.Debug|Any CPU.ActiveCfg = Debug|Any CPU
		{F0D3349A-6709-4DCB-BDEA-980AA6893878}.Debug|Any CPU.Build.0 = Debug|Any CPU
		{F0D3349A-6709-4DCB-BDEA-980AA6893878}.Debug|x64.ActiveCfg = Debug|Any CPU
		{F0D3349A-6709-4DCB-BDEA-980AA6893878}.Debug|x64.Build.0 = Debug|Any CPU
		{F0D3349A-6709-4DCB-BDEA-980AA6893878}.Debug|x86.ActiveCfg = Debug|Any CPU
		{F0D3349A-6709-4DCB-BDEA-980AA6893878}.Debug|x86.Build.0 = Debug|Any CPU
		{F0D3349A-6709-4DCB-BDEA-980AA6893878}.Release|Any CPU.ActiveCfg = Release|Any CPU
		{F0D3349A-6709-4DCB-BDEA-980AA6893878}.Release|Any CPU.Build.0 = Release|Any CPU
		{F0D3349A-6709-4DCB-BDEA-980AA6893878}.Release|x64.ActiveCfg = Release|Any CPU
		{F0D3349A-6709-4DCB-BDEA-980AA6893878}.Release|x64.Build.0 = Release|Any CPU
		{F0D3349A-6709-4DCB-BDEA-980AA6893878}.Release|x86.ActiveCfg = Release|Any CPU
		{F0D3349A-6709-4DCB-BDEA-980AA6893878}.Release|x86.Build.0 = Release|Any CPU
		{6F2645E6-F2F7-4BF9-9A79-462294D62AA2}.Debug|Any CPU.ActiveCfg = Debug|Any CPU
		{6F2645E6-F2F7-4BF9-9A79-462294D62AA2}.Debug|Any CPU.Build.0 = Debug|Any CPU
		{6F2645E6-F2F7-4BF9-9A79-462294D62AA2}.Debug|x64.ActiveCfg = Debug|Any CPU
		{6F2645E6-F2F7-4BF9-9A79-462294D62AA2}.Debug|x64.Build.0 = Debug|Any CPU
		{6F2645E6-F2F7-4BF9-9A79-462294D62AA2}.Debug|x86.ActiveCfg = Debug|Any CPU
		{6F2645E6-F2F7-4BF9-9A79-462294D62AA2}.Debug|x86.Build.0 = Debug|Any CPU
		{6F2645E6-F2F7-4BF9-9A79-462294D62AA2}.Release|Any CPU.ActiveCfg = Release|Any CPU
		{6F2645E6-F2F7-4BF9-9A79-462294D62AA2}.Release|Any CPU.Build.0 = Release|Any CPU
		{6F2645E6-F2F7-4BF9-9A79-462294D62AA2}.Release|x64.ActiveCfg = Release|Any CPU
		{6F2645E6-F2F7-4BF9-9A79-462294D62AA2}.Release|x64.Build.0 = Release|Any CPU
		{6F2645E6-F2F7-4BF9-9A79-462294D62AA2}.Release|x86.ActiveCfg = Release|Any CPU
		{6F2645E6-F2F7-4BF9-9A79-462294D62AA2}.Release|x86.Build.0 = Release|Any CPU
		{0ACAB4BD-B79F-4EB3-88F9-F6FD8BFBE082}.Debug|Any CPU.ActiveCfg = Debug|Any CPU
		{0ACAB4BD-B79F-4EB3-88F9-F6FD8BFBE082}.Debug|Any CPU.Build.0 = Debug|Any CPU
		{0ACAB4BD-B79F-4EB3-88F9-F6FD8BFBE082}.Debug|x64.ActiveCfg = Debug|Any CPU
		{0ACAB4BD-B79F-4EB3-88F9-F6FD8BFBE082}.Debug|x64.Build.0 = Debug|Any CPU
		{0ACAB4BD-B79F-4EB3-88F9-F6FD8BFBE082}.Debug|x86.ActiveCfg = Debug|Any CPU
		{0ACAB4BD-B79F-4EB3-88F9-F6FD8BFBE082}.Debug|x86.Build.0 = Debug|Any CPU
		{0ACAB4BD-B79F-4EB3-88F9-F6FD8BFBE082}.Release|Any CPU.ActiveCfg = Release|Any CPU
		{0ACAB4BD-B79F-4EB3-88F9-F6FD8BFBE082}.Release|Any CPU.Build.0 = Release|Any CPU
		{0ACAB4BD-B79F-4EB3-88F9-F6FD8BFBE082}.Release|x64.ActiveCfg = Release|Any CPU
		{0ACAB4BD-B79F-4EB3-88F9-F6FD8BFBE082}.Release|x64.Build.0 = Release|Any CPU
		{0ACAB4BD-B79F-4EB3-88F9-F6FD8BFBE082}.Release|x86.ActiveCfg = Release|Any CPU
		{0ACAB4BD-B79F-4EB3-88F9-F6FD8BFBE082}.Release|x86.Build.0 = Release|Any CPU
		{7C4E3730-07EC-48C6-94AF-5C6DFD778F97}.Debug|Any CPU.ActiveCfg = Debug|Any CPU
		{7C4E3730-07EC-48C6-94AF-5C6DFD778F97}.Debug|Any CPU.Build.0 = Debug|Any CPU
		{7C4E3730-07EC-48C6-94AF-5C6DFD778F97}.Debug|x64.ActiveCfg = Debug|Any CPU
		{7C4E3730-07EC-48C6-94AF-5C6DFD778F97}.Debug|x64.Build.0 = Debug|Any CPU
		{7C4E3730-07EC-48C6-94AF-5C6DFD778F97}.Debug|x86.ActiveCfg = Debug|Any CPU
		{7C4E3730-07EC-48C6-94AF-5C6DFD778F97}.Debug|x86.Build.0 = Debug|Any CPU
		{7C4E3730-07EC-48C6-94AF-5C6DFD778F97}.Release|Any CPU.ActiveCfg = Release|Any CPU
		{7C4E3730-07EC-48C6-94AF-5C6DFD778F97}.Release|Any CPU.Build.0 = Release|Any CPU
		{7C4E3730-07EC-48C6-94AF-5C6DFD778F97}.Release|x64.ActiveCfg = Release|Any CPU
		{7C4E3730-07EC-48C6-94AF-5C6DFD778F97}.Release|x64.Build.0 = Release|Any CPU
		{7C4E3730-07EC-48C6-94AF-5C6DFD778F97}.Release|x86.ActiveCfg = Release|Any CPU
		{7C4E3730-07EC-48C6-94AF-5C6DFD778F97}.Release|x86.Build.0 = Release|Any CPU
		{BA246929-85C3-4264-80C3-14B07E0609F6}.Debug|Any CPU.ActiveCfg = Debug|Any CPU
		{BA246929-85C3-4264-80C3-14B07E0609F6}.Debug|Any CPU.Build.0 = Debug|Any CPU
		{BA246929-85C3-4264-80C3-14B07E0609F6}.Debug|x64.ActiveCfg = Debug|Any CPU
		{BA246929-85C3-4264-80C3-14B07E0609F6}.Debug|x64.Build.0 = Debug|Any CPU
		{BA246929-85C3-4264-80C3-14B07E0609F6}.Debug|x86.ActiveCfg = Debug|Any CPU
		{BA246929-85C3-4264-80C3-14B07E0609F6}.Debug|x86.Build.0 = Debug|Any CPU
		{BA246929-85C3-4264-80C3-14B07E0609F6}.Release|Any CPU.ActiveCfg = Release|Any CPU
		{BA246929-85C3-4264-80C3-14B07E0609F6}.Release|Any CPU.Build.0 = Release|Any CPU
		{BA246929-85C3-4264-80C3-14B07E0609F6}.Release|x64.ActiveCfg = Release|Any CPU
		{BA246929-85C3-4264-80C3-14B07E0609F6}.Release|x64.Build.0 = Release|Any CPU
		{BA246929-85C3-4264-80C3-14B07E0609F6}.Release|x86.ActiveCfg = Release|Any CPU
		{BA246929-85C3-4264-80C3-14B07E0609F6}.Release|x86.Build.0 = Release|Any CPU
		{16DDD922-7B79-4A0C-94EA-155933E4218A}.Debug|Any CPU.ActiveCfg = Debug|Any CPU
		{16DDD922-7B79-4A0C-94EA-155933E4218A}.Debug|Any CPU.Build.0 = Debug|Any CPU
		{16DDD922-7B79-4A0C-94EA-155933E4218A}.Debug|x64.ActiveCfg = Debug|Any CPU
		{16DDD922-7B79-4A0C-94EA-155933E4218A}.Debug|x64.Build.0 = Debug|Any CPU
		{16DDD922-7B79-4A0C-94EA-155933E4218A}.Debug|x86.ActiveCfg = Debug|Any CPU
		{16DDD922-7B79-4A0C-94EA-155933E4218A}.Debug|x86.Build.0 = Debug|Any CPU
		{16DDD922-7B79-4A0C-94EA-155933E4218A}.Release|Any CPU.ActiveCfg = Release|Any CPU
		{16DDD922-7B79-4A0C-94EA-155933E4218A}.Release|Any CPU.Build.0 = Release|Any CPU
		{16DDD922-7B79-4A0C-94EA-155933E4218A}.Release|x64.ActiveCfg = Release|Any CPU
		{16DDD922-7B79-4A0C-94EA-155933E4218A}.Release|x64.Build.0 = Release|Any CPU
		{16DDD922-7B79-4A0C-94EA-155933E4218A}.Release|x86.ActiveCfg = Release|Any CPU
		{16DDD922-7B79-4A0C-94EA-155933E4218A}.Release|x86.Build.0 = Release|Any CPU
		{855A03C4-F90E-4DBB-A369-4213EC07A25F}.Debug|Any CPU.ActiveCfg = Debug|Any CPU
		{855A03C4-F90E-4DBB-A369-4213EC07A25F}.Debug|Any CPU.Build.0 = Debug|Any CPU
		{855A03C4-F90E-4DBB-A369-4213EC07A25F}.Debug|x64.ActiveCfg = Debug|Any CPU
		{855A03C4-F90E-4DBB-A369-4213EC07A25F}.Debug|x64.Build.0 = Debug|Any CPU
		{855A03C4-F90E-4DBB-A369-4213EC07A25F}.Debug|x86.ActiveCfg = Debug|Any CPU
		{855A03C4-F90E-4DBB-A369-4213EC07A25F}.Debug|x86.Build.0 = Debug|Any CPU
		{855A03C4-F90E-4DBB-A369-4213EC07A25F}.Release|Any CPU.ActiveCfg = Release|Any CPU
		{855A03C4-F90E-4DBB-A369-4213EC07A25F}.Release|Any CPU.Build.0 = Release|Any CPU
		{855A03C4-F90E-4DBB-A369-4213EC07A25F}.Release|x64.ActiveCfg = Release|Any CPU
		{855A03C4-F90E-4DBB-A369-4213EC07A25F}.Release|x64.Build.0 = Release|Any CPU
		{855A03C4-F90E-4DBB-A369-4213EC07A25F}.Release|x86.ActiveCfg = Release|Any CPU
		{855A03C4-F90E-4DBB-A369-4213EC07A25F}.Release|x86.Build.0 = Release|Any CPU
		{62E99C6C-57ED-413A-ABD3-480BA469CE92}.Debug|Any CPU.ActiveCfg = Debug|Any CPU
		{62E99C6C-57ED-413A-ABD3-480BA469CE92}.Debug|Any CPU.Build.0 = Debug|Any CPU
		{62E99C6C-57ED-413A-ABD3-480BA469CE92}.Debug|x64.ActiveCfg = Debug|Any CPU
		{62E99C6C-57ED-413A-ABD3-480BA469CE92}.Debug|x64.Build.0 = Debug|Any CPU
		{62E99C6C-57ED-413A-ABD3-480BA469CE92}.Debug|x86.ActiveCfg = Debug|Any CPU
		{62E99C6C-57ED-413A-ABD3-480BA469CE92}.Debug|x86.Build.0 = Debug|Any CPU
		{62E99C6C-57ED-413A-ABD3-480BA469CE92}.Release|Any CPU.ActiveCfg = Release|Any CPU
		{62E99C6C-57ED-413A-ABD3-480BA469CE92}.Release|Any CPU.Build.0 = Release|Any CPU
		{62E99C6C-57ED-413A-ABD3-480BA469CE92}.Release|x64.ActiveCfg = Release|Any CPU
		{62E99C6C-57ED-413A-ABD3-480BA469CE92}.Release|x64.Build.0 = Release|Any CPU
		{62E99C6C-57ED-413A-ABD3-480BA469CE92}.Release|x86.ActiveCfg = Release|Any CPU
		{62E99C6C-57ED-413A-ABD3-480BA469CE92}.Release|x86.Build.0 = Release|Any CPU
		{58B68530-C89E-418F-A5C7-6F5BE84EAF77}.Debug|Any CPU.ActiveCfg = Debug|Any CPU
		{58B68530-C89E-418F-A5C7-6F5BE84EAF77}.Debug|Any CPU.Build.0 = Debug|Any CPU
		{58B68530-C89E-418F-A5C7-6F5BE84EAF77}.Debug|x64.ActiveCfg = Debug|Any CPU
		{58B68530-C89E-418F-A5C7-6F5BE84EAF77}.Debug|x64.Build.0 = Debug|Any CPU
		{58B68530-C89E-418F-A5C7-6F5BE84EAF77}.Debug|x86.ActiveCfg = Debug|Any CPU
		{58B68530-C89E-418F-A5C7-6F5BE84EAF77}.Debug|x86.Build.0 = Debug|Any CPU
		{58B68530-C89E-418F-A5C7-6F5BE84EAF77}.Release|Any CPU.ActiveCfg = Release|Any CPU
		{58B68530-C89E-418F-A5C7-6F5BE84EAF77}.Release|Any CPU.Build.0 = Release|Any CPU
		{58B68530-C89E-418F-A5C7-6F5BE84EAF77}.Release|x64.ActiveCfg = Release|Any CPU
		{58B68530-C89E-418F-A5C7-6F5BE84EAF77}.Release|x64.Build.0 = Release|Any CPU
		{58B68530-C89E-418F-A5C7-6F5BE84EAF77}.Release|x86.ActiveCfg = Release|Any CPU
		{58B68530-C89E-418F-A5C7-6F5BE84EAF77}.Release|x86.Build.0 = Release|Any CPU
		{79B3C976-9B3B-4779-9A9C-96DB35575417}.Debug|Any CPU.ActiveCfg = Debug|Any CPU
		{79B3C976-9B3B-4779-9A9C-96DB35575417}.Debug|Any CPU.Build.0 = Debug|Any CPU
		{79B3C976-9B3B-4779-9A9C-96DB35575417}.Debug|x64.ActiveCfg = Debug|Any CPU
		{79B3C976-9B3B-4779-9A9C-96DB35575417}.Debug|x64.Build.0 = Debug|Any CPU
		{79B3C976-9B3B-4779-9A9C-96DB35575417}.Debug|x86.ActiveCfg = Debug|Any CPU
		{79B3C976-9B3B-4779-9A9C-96DB35575417}.Debug|x86.Build.0 = Debug|Any CPU
		{79B3C976-9B3B-4779-9A9C-96DB35575417}.Release|Any CPU.ActiveCfg = Release|Any CPU
		{79B3C976-9B3B-4779-9A9C-96DB35575417}.Release|Any CPU.Build.0 = Release|Any CPU
		{79B3C976-9B3B-4779-9A9C-96DB35575417}.Release|x64.ActiveCfg = Release|Any CPU
		{79B3C976-9B3B-4779-9A9C-96DB35575417}.Release|x64.Build.0 = Release|Any CPU
		{79B3C976-9B3B-4779-9A9C-96DB35575417}.Release|x86.ActiveCfg = Release|Any CPU
		{79B3C976-9B3B-4779-9A9C-96DB35575417}.Release|x86.Build.0 = Release|Any CPU
		{D397A83F-16C1-4A77-BF9F-1B80E516635C}.Debug|Any CPU.ActiveCfg = Debug|Any CPU
		{D397A83F-16C1-4A77-BF9F-1B80E516635C}.Debug|Any CPU.Build.0 = Debug|Any CPU
		{D397A83F-16C1-4A77-BF9F-1B80E516635C}.Debug|x64.ActiveCfg = Debug|Any CPU
		{D397A83F-16C1-4A77-BF9F-1B80E516635C}.Debug|x64.Build.0 = Debug|Any CPU
		{D397A83F-16C1-4A77-BF9F-1B80E516635C}.Debug|x86.ActiveCfg = Debug|Any CPU
		{D397A83F-16C1-4A77-BF9F-1B80E516635C}.Debug|x86.Build.0 = Debug|Any CPU
		{D397A83F-16C1-4A77-BF9F-1B80E516635C}.Release|Any CPU.ActiveCfg = Release|Any CPU
		{D397A83F-16C1-4A77-BF9F-1B80E516635C}.Release|Any CPU.Build.0 = Release|Any CPU
		{D397A83F-16C1-4A77-BF9F-1B80E516635C}.Release|x64.ActiveCfg = Release|Any CPU
		{D397A83F-16C1-4A77-BF9F-1B80E516635C}.Release|x64.Build.0 = Release|Any CPU
		{D397A83F-16C1-4A77-BF9F-1B80E516635C}.Release|x86.ActiveCfg = Release|Any CPU
		{D397A83F-16C1-4A77-BF9F-1B80E516635C}.Release|x86.Build.0 = Release|Any CPU
		{A5A526F3-561D-4E6D-9953-42DCED5FDBF3}.Debug|Any CPU.ActiveCfg = Debug|Any CPU
		{A5A526F3-561D-4E6D-9953-42DCED5FDBF3}.Debug|Any CPU.Build.0 = Debug|Any CPU
		{A5A526F3-561D-4E6D-9953-42DCED5FDBF3}.Debug|x64.ActiveCfg = Debug|Any CPU
		{A5A526F3-561D-4E6D-9953-42DCED5FDBF3}.Debug|x64.Build.0 = Debug|Any CPU
		{A5A526F3-561D-4E6D-9953-42DCED5FDBF3}.Debug|x86.ActiveCfg = Debug|Any CPU
		{A5A526F3-561D-4E6D-9953-42DCED5FDBF3}.Debug|x86.Build.0 = Debug|Any CPU
		{A5A526F3-561D-4E6D-9953-42DCED5FDBF3}.Release|Any CPU.ActiveCfg = Release|Any CPU
		{A5A526F3-561D-4E6D-9953-42DCED5FDBF3}.Release|Any CPU.Build.0 = Release|Any CPU
		{A5A526F3-561D-4E6D-9953-42DCED5FDBF3}.Release|x64.ActiveCfg = Release|Any CPU
		{A5A526F3-561D-4E6D-9953-42DCED5FDBF3}.Release|x64.Build.0 = Release|Any CPU
		{A5A526F3-561D-4E6D-9953-42DCED5FDBF3}.Release|x86.ActiveCfg = Release|Any CPU
		{A5A526F3-561D-4E6D-9953-42DCED5FDBF3}.Release|x86.Build.0 = Release|Any CPU
		{4090259B-B6B9-460A-82CD-1B844103C177}.Debug|Any CPU.ActiveCfg = Debug|Any CPU
		{4090259B-B6B9-460A-82CD-1B844103C177}.Debug|Any CPU.Build.0 = Debug|Any CPU
		{4090259B-B6B9-460A-82CD-1B844103C177}.Debug|x64.ActiveCfg = Debug|Any CPU
		{4090259B-B6B9-460A-82CD-1B844103C177}.Debug|x64.Build.0 = Debug|Any CPU
		{4090259B-B6B9-460A-82CD-1B844103C177}.Debug|x86.ActiveCfg = Debug|Any CPU
		{4090259B-B6B9-460A-82CD-1B844103C177}.Debug|x86.Build.0 = Debug|Any CPU
		{4090259B-B6B9-460A-82CD-1B844103C177}.Release|Any CPU.ActiveCfg = Release|Any CPU
		{4090259B-B6B9-460A-82CD-1B844103C177}.Release|Any CPU.Build.0 = Release|Any CPU
		{4090259B-B6B9-460A-82CD-1B844103C177}.Release|x64.ActiveCfg = Release|Any CPU
		{4090259B-B6B9-460A-82CD-1B844103C177}.Release|x64.Build.0 = Release|Any CPU
		{4090259B-B6B9-460A-82CD-1B844103C177}.Release|x86.ActiveCfg = Release|Any CPU
		{4090259B-B6B9-460A-82CD-1B844103C177}.Release|x86.Build.0 = Release|Any CPU
		{B4A0FC6B-876D-4539-B147-1A2C4955E54D}.Debug|Any CPU.ActiveCfg = Debug|Any CPU
		{B4A0FC6B-876D-4539-B147-1A2C4955E54D}.Debug|Any CPU.Build.0 = Debug|Any CPU
		{B4A0FC6B-876D-4539-B147-1A2C4955E54D}.Debug|x64.ActiveCfg = Debug|Any CPU
		{B4A0FC6B-876D-4539-B147-1A2C4955E54D}.Debug|x64.Build.0 = Debug|Any CPU
		{B4A0FC6B-876D-4539-B147-1A2C4955E54D}.Debug|x86.ActiveCfg = Debug|Any CPU
		{B4A0FC6B-876D-4539-B147-1A2C4955E54D}.Debug|x86.Build.0 = Debug|Any CPU
		{B4A0FC6B-876D-4539-B147-1A2C4955E54D}.Release|Any CPU.ActiveCfg = Release|Any CPU
		{B4A0FC6B-876D-4539-B147-1A2C4955E54D}.Release|Any CPU.Build.0 = Release|Any CPU
		{B4A0FC6B-876D-4539-B147-1A2C4955E54D}.Release|x64.ActiveCfg = Release|Any CPU
		{B4A0FC6B-876D-4539-B147-1A2C4955E54D}.Release|x64.Build.0 = Release|Any CPU
		{B4A0FC6B-876D-4539-B147-1A2C4955E54D}.Release|x86.ActiveCfg = Release|Any CPU
		{B4A0FC6B-876D-4539-B147-1A2C4955E54D}.Release|x86.Build.0 = Release|Any CPU
		{2B35BA9F-CC91-4C2B-B656-97917A6C0258}.Debug|Any CPU.ActiveCfg = Debug|Any CPU
		{2B35BA9F-CC91-4C2B-B656-97917A6C0258}.Debug|Any CPU.Build.0 = Debug|Any CPU
		{2B35BA9F-CC91-4C2B-B656-97917A6C0258}.Debug|x64.ActiveCfg = Debug|Any CPU
		{2B35BA9F-CC91-4C2B-B656-97917A6C0258}.Debug|x64.Build.0 = Debug|Any CPU
		{2B35BA9F-CC91-4C2B-B656-97917A6C0258}.Debug|x86.ActiveCfg = Debug|Any CPU
		{2B35BA9F-CC91-4C2B-B656-97917A6C0258}.Debug|x86.Build.0 = Debug|Any CPU
		{2B35BA9F-CC91-4C2B-B656-97917A6C0258}.Release|Any CPU.ActiveCfg = Release|Any CPU
		{2B35BA9F-CC91-4C2B-B656-97917A6C0258}.Release|Any CPU.Build.0 = Release|Any CPU
		{2B35BA9F-CC91-4C2B-B656-97917A6C0258}.Release|x64.ActiveCfg = Release|Any CPU
		{2B35BA9F-CC91-4C2B-B656-97917A6C0258}.Release|x64.Build.0 = Release|Any CPU
		{2B35BA9F-CC91-4C2B-B656-97917A6C0258}.Release|x86.ActiveCfg = Release|Any CPU
		{2B35BA9F-CC91-4C2B-B656-97917A6C0258}.Release|x86.Build.0 = Release|Any CPU
		{E34D5673-84D3-4BE3-B175-216A87584E00}.Debug|Any CPU.ActiveCfg = Debug|Any CPU
		{E34D5673-84D3-4BE3-B175-216A87584E00}.Debug|Any CPU.Build.0 = Debug|Any CPU
		{E34D5673-84D3-4BE3-B175-216A87584E00}.Debug|x64.ActiveCfg = Debug|Any CPU
		{E34D5673-84D3-4BE3-B175-216A87584E00}.Debug|x64.Build.0 = Debug|Any CPU
		{E34D5673-84D3-4BE3-B175-216A87584E00}.Debug|x86.ActiveCfg = Debug|Any CPU
		{E34D5673-84D3-4BE3-B175-216A87584E00}.Debug|x86.Build.0 = Debug|Any CPU
		{E34D5673-84D3-4BE3-B175-216A87584E00}.Release|Any CPU.ActiveCfg = Release|Any CPU
		{E34D5673-84D3-4BE3-B175-216A87584E00}.Release|Any CPU.Build.0 = Release|Any CPU
		{E34D5673-84D3-4BE3-B175-216A87584E00}.Release|x64.ActiveCfg = Release|Any CPU
		{E34D5673-84D3-4BE3-B175-216A87584E00}.Release|x64.Build.0 = Release|Any CPU
		{E34D5673-84D3-4BE3-B175-216A87584E00}.Release|x86.ActiveCfg = Release|Any CPU
		{E34D5673-84D3-4BE3-B175-216A87584E00}.Release|x86.Build.0 = Release|Any CPU
		{8803A2D9-4D9A-49B8-92AC-1ACD1108AF8B}.Debug|Any CPU.ActiveCfg = Debug|Any CPU
		{8803A2D9-4D9A-49B8-92AC-1ACD1108AF8B}.Debug|Any CPU.Build.0 = Debug|Any CPU
		{8803A2D9-4D9A-49B8-92AC-1ACD1108AF8B}.Debug|x64.ActiveCfg = Debug|Any CPU
		{8803A2D9-4D9A-49B8-92AC-1ACD1108AF8B}.Debug|x64.Build.0 = Debug|Any CPU
		{8803A2D9-4D9A-49B8-92AC-1ACD1108AF8B}.Debug|x86.ActiveCfg = Debug|Any CPU
		{8803A2D9-4D9A-49B8-92AC-1ACD1108AF8B}.Debug|x86.Build.0 = Debug|Any CPU
		{8803A2D9-4D9A-49B8-92AC-1ACD1108AF8B}.Release|Any CPU.ActiveCfg = Release|Any CPU
		{8803A2D9-4D9A-49B8-92AC-1ACD1108AF8B}.Release|Any CPU.Build.0 = Release|Any CPU
		{8803A2D9-4D9A-49B8-92AC-1ACD1108AF8B}.Release|x64.ActiveCfg = Release|Any CPU
		{8803A2D9-4D9A-49B8-92AC-1ACD1108AF8B}.Release|x64.Build.0 = Release|Any CPU
		{8803A2D9-4D9A-49B8-92AC-1ACD1108AF8B}.Release|x86.ActiveCfg = Release|Any CPU
		{8803A2D9-4D9A-49B8-92AC-1ACD1108AF8B}.Release|x86.Build.0 = Release|Any CPU
		{F9F40A0A-3B77-4DCD-8CD1-1384B292F925}.Debug|Any CPU.ActiveCfg = Debug|Any CPU
		{F9F40A0A-3B77-4DCD-8CD1-1384B292F925}.Debug|Any CPU.Build.0 = Debug|Any CPU
		{F9F40A0A-3B77-4DCD-8CD1-1384B292F925}.Debug|x64.ActiveCfg = Debug|Any CPU
		{F9F40A0A-3B77-4DCD-8CD1-1384B292F925}.Debug|x64.Build.0 = Debug|Any CPU
		{F9F40A0A-3B77-4DCD-8CD1-1384B292F925}.Debug|x86.ActiveCfg = Debug|Any CPU
		{F9F40A0A-3B77-4DCD-8CD1-1384B292F925}.Debug|x86.Build.0 = Debug|Any CPU
		{F9F40A0A-3B77-4DCD-8CD1-1384B292F925}.Release|Any CPU.ActiveCfg = Release|Any CPU
		{F9F40A0A-3B77-4DCD-8CD1-1384B292F925}.Release|Any CPU.Build.0 = Release|Any CPU
		{F9F40A0A-3B77-4DCD-8CD1-1384B292F925}.Release|x64.ActiveCfg = Release|Any CPU
		{F9F40A0A-3B77-4DCD-8CD1-1384B292F925}.Release|x64.Build.0 = Release|Any CPU
		{F9F40A0A-3B77-4DCD-8CD1-1384B292F925}.Release|x86.ActiveCfg = Release|Any CPU
		{F9F40A0A-3B77-4DCD-8CD1-1384B292F925}.Release|x86.Build.0 = Release|Any CPU
		{AB0197CF-5081-4576-B9DA-751192F20A2C}.Debug|Any CPU.ActiveCfg = Debug|Any CPU
		{AB0197CF-5081-4576-B9DA-751192F20A2C}.Debug|Any CPU.Build.0 = Debug|Any CPU
		{AB0197CF-5081-4576-B9DA-751192F20A2C}.Debug|x64.ActiveCfg = Debug|Any CPU
		{AB0197CF-5081-4576-B9DA-751192F20A2C}.Debug|x64.Build.0 = Debug|Any CPU
		{AB0197CF-5081-4576-B9DA-751192F20A2C}.Debug|x86.ActiveCfg = Debug|Any CPU
		{AB0197CF-5081-4576-B9DA-751192F20A2C}.Debug|x86.Build.0 = Debug|Any CPU
		{AB0197CF-5081-4576-B9DA-751192F20A2C}.Release|Any CPU.ActiveCfg = Release|Any CPU
		{AB0197CF-5081-4576-B9DA-751192F20A2C}.Release|Any CPU.Build.0 = Release|Any CPU
		{AB0197CF-5081-4576-B9DA-751192F20A2C}.Release|x64.ActiveCfg = Release|Any CPU
		{AB0197CF-5081-4576-B9DA-751192F20A2C}.Release|x64.Build.0 = Release|Any CPU
		{AB0197CF-5081-4576-B9DA-751192F20A2C}.Release|x86.ActiveCfg = Release|Any CPU
		{AB0197CF-5081-4576-B9DA-751192F20A2C}.Release|x86.Build.0 = Release|Any CPU
		{E7A4D3A4-DC05-4CD0-9EAD-FEA5AE68A312}.Debug|Any CPU.ActiveCfg = Debug|Any CPU
		{E7A4D3A4-DC05-4CD0-9EAD-FEA5AE68A312}.Debug|Any CPU.Build.0 = Debug|Any CPU
		{E7A4D3A4-DC05-4CD0-9EAD-FEA5AE68A312}.Debug|x64.ActiveCfg = Debug|Any CPU
		{E7A4D3A4-DC05-4CD0-9EAD-FEA5AE68A312}.Debug|x64.Build.0 = Debug|Any CPU
		{E7A4D3A4-DC05-4CD0-9EAD-FEA5AE68A312}.Debug|x86.ActiveCfg = Debug|Any CPU
		{E7A4D3A4-DC05-4CD0-9EAD-FEA5AE68A312}.Debug|x86.Build.0 = Debug|Any CPU
		{E7A4D3A4-DC05-4CD0-9EAD-FEA5AE68A312}.Release|Any CPU.ActiveCfg = Release|Any CPU
		{E7A4D3A4-DC05-4CD0-9EAD-FEA5AE68A312}.Release|Any CPU.Build.0 = Release|Any CPU
		{E7A4D3A4-DC05-4CD0-9EAD-FEA5AE68A312}.Release|x64.ActiveCfg = Release|Any CPU
		{E7A4D3A4-DC05-4CD0-9EAD-FEA5AE68A312}.Release|x64.Build.0 = Release|Any CPU
		{E7A4D3A4-DC05-4CD0-9EAD-FEA5AE68A312}.Release|x86.ActiveCfg = Release|Any CPU
		{E7A4D3A4-DC05-4CD0-9EAD-FEA5AE68A312}.Release|x86.Build.0 = Release|Any CPU
		{0783D7A3-4FA5-4032-A07D-6C060A728440}.Debug|Any CPU.ActiveCfg = Debug|Any CPU
		{0783D7A3-4FA5-4032-A07D-6C060A728440}.Debug|Any CPU.Build.0 = Debug|Any CPU
		{0783D7A3-4FA5-4032-A07D-6C060A728440}.Debug|x64.ActiveCfg = Debug|Any CPU
		{0783D7A3-4FA5-4032-A07D-6C060A728440}.Debug|x64.Build.0 = Debug|Any CPU
		{0783D7A3-4FA5-4032-A07D-6C060A728440}.Debug|x86.ActiveCfg = Debug|Any CPU
		{0783D7A3-4FA5-4032-A07D-6C060A728440}.Debug|x86.Build.0 = Debug|Any CPU
		{0783D7A3-4FA5-4032-A07D-6C060A728440}.Release|Any CPU.ActiveCfg = Release|Any CPU
		{0783D7A3-4FA5-4032-A07D-6C060A728440}.Release|Any CPU.Build.0 = Release|Any CPU
		{0783D7A3-4FA5-4032-A07D-6C060A728440}.Release|x64.ActiveCfg = Release|Any CPU
		{0783D7A3-4FA5-4032-A07D-6C060A728440}.Release|x64.Build.0 = Release|Any CPU
		{0783D7A3-4FA5-4032-A07D-6C060A728440}.Release|x86.ActiveCfg = Release|Any CPU
		{0783D7A3-4FA5-4032-A07D-6C060A728440}.Release|x86.Build.0 = Release|Any CPU
		{E31D0149-2755-4E1D-8E66-39F7D1842FCE}.Debug|Any CPU.ActiveCfg = Debug|Any CPU
		{E31D0149-2755-4E1D-8E66-39F7D1842FCE}.Debug|Any CPU.Build.0 = Debug|Any CPU
		{E31D0149-2755-4E1D-8E66-39F7D1842FCE}.Debug|x64.ActiveCfg = Debug|Any CPU
		{E31D0149-2755-4E1D-8E66-39F7D1842FCE}.Debug|x64.Build.0 = Debug|Any CPU
		{E31D0149-2755-4E1D-8E66-39F7D1842FCE}.Debug|x86.ActiveCfg = Debug|Any CPU
		{E31D0149-2755-4E1D-8E66-39F7D1842FCE}.Debug|x86.Build.0 = Debug|Any CPU
		{E31D0149-2755-4E1D-8E66-39F7D1842FCE}.Release|Any CPU.ActiveCfg = Release|Any CPU
		{E31D0149-2755-4E1D-8E66-39F7D1842FCE}.Release|Any CPU.Build.0 = Release|Any CPU
		{E31D0149-2755-4E1D-8E66-39F7D1842FCE}.Release|x64.ActiveCfg = Release|Any CPU
		{E31D0149-2755-4E1D-8E66-39F7D1842FCE}.Release|x64.Build.0 = Release|Any CPU
		{E31D0149-2755-4E1D-8E66-39F7D1842FCE}.Release|x86.ActiveCfg = Release|Any CPU
		{E31D0149-2755-4E1D-8E66-39F7D1842FCE}.Release|x86.Build.0 = Release|Any CPU
		{0ED91014-2A6C-42C6-93FF-585EE10A9D3A}.Debug|Any CPU.ActiveCfg = Debug|Any CPU
		{0ED91014-2A6C-42C6-93FF-585EE10A9D3A}.Debug|Any CPU.Build.0 = Debug|Any CPU
		{0ED91014-2A6C-42C6-93FF-585EE10A9D3A}.Debug|x64.ActiveCfg = Debug|Any CPU
		{0ED91014-2A6C-42C6-93FF-585EE10A9D3A}.Debug|x64.Build.0 = Debug|Any CPU
		{0ED91014-2A6C-42C6-93FF-585EE10A9D3A}.Debug|x86.ActiveCfg = Debug|Any CPU
		{0ED91014-2A6C-42C6-93FF-585EE10A9D3A}.Debug|x86.Build.0 = Debug|Any CPU
		{0ED91014-2A6C-42C6-93FF-585EE10A9D3A}.Release|Any CPU.ActiveCfg = Release|Any CPU
		{0ED91014-2A6C-42C6-93FF-585EE10A9D3A}.Release|Any CPU.Build.0 = Release|Any CPU
		{0ED91014-2A6C-42C6-93FF-585EE10A9D3A}.Release|x64.ActiveCfg = Release|Any CPU
		{0ED91014-2A6C-42C6-93FF-585EE10A9D3A}.Release|x64.Build.0 = Release|Any CPU
		{0ED91014-2A6C-42C6-93FF-585EE10A9D3A}.Release|x86.ActiveCfg = Release|Any CPU
		{0ED91014-2A6C-42C6-93FF-585EE10A9D3A}.Release|x86.Build.0 = Release|Any CPU
		{6469ACB2-5E64-484E-956B-920E296D4E5F}.Debug|Any CPU.ActiveCfg = Debug|Any CPU
		{6469ACB2-5E64-484E-956B-920E296D4E5F}.Debug|Any CPU.Build.0 = Debug|Any CPU
		{6469ACB2-5E64-484E-956B-920E296D4E5F}.Debug|x64.ActiveCfg = Debug|Any CPU
		{6469ACB2-5E64-484E-956B-920E296D4E5F}.Debug|x64.Build.0 = Debug|Any CPU
		{6469ACB2-5E64-484E-956B-920E296D4E5F}.Debug|x86.ActiveCfg = Debug|Any CPU
		{6469ACB2-5E64-484E-956B-920E296D4E5F}.Debug|x86.Build.0 = Debug|Any CPU
		{6469ACB2-5E64-484E-956B-920E296D4E5F}.Release|Any CPU.ActiveCfg = Release|Any CPU
		{6469ACB2-5E64-484E-956B-920E296D4E5F}.Release|Any CPU.Build.0 = Release|Any CPU
		{6469ACB2-5E64-484E-956B-920E296D4E5F}.Release|x64.ActiveCfg = Release|Any CPU
		{6469ACB2-5E64-484E-956B-920E296D4E5F}.Release|x64.Build.0 = Release|Any CPU
		{6469ACB2-5E64-484E-956B-920E296D4E5F}.Release|x86.ActiveCfg = Release|Any CPU
		{6469ACB2-5E64-484E-956B-920E296D4E5F}.Release|x86.Build.0 = Release|Any CPU
		{2CEA443E-89B2-4380-84E0-DE46887F99AC}.Debug|Any CPU.ActiveCfg = Debug|Any CPU
		{2CEA443E-89B2-4380-84E0-DE46887F99AC}.Debug|Any CPU.Build.0 = Debug|Any CPU
		{2CEA443E-89B2-4380-84E0-DE46887F99AC}.Debug|x64.ActiveCfg = Debug|Any CPU
		{2CEA443E-89B2-4380-84E0-DE46887F99AC}.Debug|x64.Build.0 = Debug|Any CPU
		{2CEA443E-89B2-4380-84E0-DE46887F99AC}.Debug|x86.ActiveCfg = Debug|Any CPU
		{2CEA443E-89B2-4380-84E0-DE46887F99AC}.Debug|x86.Build.0 = Debug|Any CPU
		{2CEA443E-89B2-4380-84E0-DE46887F99AC}.Release|Any CPU.ActiveCfg = Release|Any CPU
		{2CEA443E-89B2-4380-84E0-DE46887F99AC}.Release|Any CPU.Build.0 = Release|Any CPU
		{2CEA443E-89B2-4380-84E0-DE46887F99AC}.Release|x64.ActiveCfg = Release|Any CPU
		{2CEA443E-89B2-4380-84E0-DE46887F99AC}.Release|x64.Build.0 = Release|Any CPU
		{2CEA443E-89B2-4380-84E0-DE46887F99AC}.Release|x86.ActiveCfg = Release|Any CPU
		{2CEA443E-89B2-4380-84E0-DE46887F99AC}.Release|x86.Build.0 = Release|Any CPU
		{2B3B9980-69F7-42AD-BB07-C89742A60134}.Debug|Any CPU.ActiveCfg = Debug|Any CPU
		{2B3B9980-69F7-42AD-BB07-C89742A60134}.Debug|Any CPU.Build.0 = Debug|Any CPU
		{2B3B9980-69F7-42AD-BB07-C89742A60134}.Debug|x64.ActiveCfg = Debug|Any CPU
		{2B3B9980-69F7-42AD-BB07-C89742A60134}.Debug|x64.Build.0 = Debug|Any CPU
		{2B3B9980-69F7-42AD-BB07-C89742A60134}.Debug|x86.ActiveCfg = Debug|Any CPU
		{2B3B9980-69F7-42AD-BB07-C89742A60134}.Debug|x86.Build.0 = Debug|Any CPU
		{2B3B9980-69F7-42AD-BB07-C89742A60134}.Release|Any CPU.ActiveCfg = Release|Any CPU
		{2B3B9980-69F7-42AD-BB07-C89742A60134}.Release|Any CPU.Build.0 = Release|Any CPU
		{2B3B9980-69F7-42AD-BB07-C89742A60134}.Release|x64.ActiveCfg = Release|Any CPU
		{2B3B9980-69F7-42AD-BB07-C89742A60134}.Release|x64.Build.0 = Release|Any CPU
		{2B3B9980-69F7-42AD-BB07-C89742A60134}.Release|x86.ActiveCfg = Release|Any CPU
		{2B3B9980-69F7-42AD-BB07-C89742A60134}.Release|x86.Build.0 = Release|Any CPU
		{82CE2F4D-5B4B-4F55-806C-7C5BE6773D96}.Debug|Any CPU.ActiveCfg = Debug|Any CPU
		{82CE2F4D-5B4B-4F55-806C-7C5BE6773D96}.Debug|Any CPU.Build.0 = Debug|Any CPU
		{82CE2F4D-5B4B-4F55-806C-7C5BE6773D96}.Debug|x64.ActiveCfg = Debug|Any CPU
		{82CE2F4D-5B4B-4F55-806C-7C5BE6773D96}.Debug|x64.Build.0 = Debug|Any CPU
		{82CE2F4D-5B4B-4F55-806C-7C5BE6773D96}.Debug|x86.ActiveCfg = Debug|Any CPU
		{82CE2F4D-5B4B-4F55-806C-7C5BE6773D96}.Debug|x86.Build.0 = Debug|Any CPU
		{82CE2F4D-5B4B-4F55-806C-7C5BE6773D96}.Release|Any CPU.ActiveCfg = Release|Any CPU
		{82CE2F4D-5B4B-4F55-806C-7C5BE6773D96}.Release|Any CPU.Build.0 = Release|Any CPU
		{82CE2F4D-5B4B-4F55-806C-7C5BE6773D96}.Release|x64.ActiveCfg = Release|Any CPU
		{82CE2F4D-5B4B-4F55-806C-7C5BE6773D96}.Release|x64.Build.0 = Release|Any CPU
		{82CE2F4D-5B4B-4F55-806C-7C5BE6773D96}.Release|x86.ActiveCfg = Release|Any CPU
		{82CE2F4D-5B4B-4F55-806C-7C5BE6773D96}.Release|x86.Build.0 = Release|Any CPU
		{51280AE2-547D-4885-85E5-D9FA151E2DA3}.Debug|Any CPU.ActiveCfg = Debug|Any CPU
		{51280AE2-547D-4885-85E5-D9FA151E2DA3}.Debug|Any CPU.Build.0 = Debug|Any CPU
		{51280AE2-547D-4885-85E5-D9FA151E2DA3}.Debug|x64.ActiveCfg = Debug|Any CPU
		{51280AE2-547D-4885-85E5-D9FA151E2DA3}.Debug|x64.Build.0 = Debug|Any CPU
		{51280AE2-547D-4885-85E5-D9FA151E2DA3}.Debug|x86.ActiveCfg = Debug|Any CPU
		{51280AE2-547D-4885-85E5-D9FA151E2DA3}.Debug|x86.Build.0 = Debug|Any CPU
		{51280AE2-547D-4885-85E5-D9FA151E2DA3}.Release|Any CPU.ActiveCfg = Release|Any CPU
		{51280AE2-547D-4885-85E5-D9FA151E2DA3}.Release|Any CPU.Build.0 = Release|Any CPU
		{51280AE2-547D-4885-85E5-D9FA151E2DA3}.Release|x64.ActiveCfg = Release|Any CPU
		{51280AE2-547D-4885-85E5-D9FA151E2DA3}.Release|x64.Build.0 = Release|Any CPU
		{51280AE2-547D-4885-85E5-D9FA151E2DA3}.Release|x86.ActiveCfg = Release|Any CPU
		{51280AE2-547D-4885-85E5-D9FA151E2DA3}.Release|x86.Build.0 = Release|Any CPU
		{F79903EC-60DE-4060-A4D9-FE533C052E60}.Debug|Any CPU.ActiveCfg = Debug|Any CPU
		{F79903EC-60DE-4060-A4D9-FE533C052E60}.Debug|Any CPU.Build.0 = Debug|Any CPU
		{F79903EC-60DE-4060-A4D9-FE533C052E60}.Debug|x64.ActiveCfg = Debug|Any CPU
		{F79903EC-60DE-4060-A4D9-FE533C052E60}.Debug|x64.Build.0 = Debug|Any CPU
		{F79903EC-60DE-4060-A4D9-FE533C052E60}.Debug|x86.ActiveCfg = Debug|Any CPU
		{F79903EC-60DE-4060-A4D9-FE533C052E60}.Debug|x86.Build.0 = Debug|Any CPU
		{F79903EC-60DE-4060-A4D9-FE533C052E60}.Release|Any CPU.ActiveCfg = Release|Any CPU
		{F79903EC-60DE-4060-A4D9-FE533C052E60}.Release|Any CPU.Build.0 = Release|Any CPU
		{F79903EC-60DE-4060-A4D9-FE533C052E60}.Release|x64.ActiveCfg = Release|Any CPU
		{F79903EC-60DE-4060-A4D9-FE533C052E60}.Release|x64.Build.0 = Release|Any CPU
		{F79903EC-60DE-4060-A4D9-FE533C052E60}.Release|x86.ActiveCfg = Release|Any CPU
		{F79903EC-60DE-4060-A4D9-FE533C052E60}.Release|x86.Build.0 = Release|Any CPU
		{E0093F7E-A81B-479B-A6C2-7F1EDED9B109}.Debug|Any CPU.ActiveCfg = Debug|Any CPU
		{E0093F7E-A81B-479B-A6C2-7F1EDED9B109}.Debug|Any CPU.Build.0 = Debug|Any CPU
		{E0093F7E-A81B-479B-A6C2-7F1EDED9B109}.Debug|x64.ActiveCfg = Debug|Any CPU
		{E0093F7E-A81B-479B-A6C2-7F1EDED9B109}.Debug|x64.Build.0 = Debug|Any CPU
		{E0093F7E-A81B-479B-A6C2-7F1EDED9B109}.Debug|x86.ActiveCfg = Debug|Any CPU
		{E0093F7E-A81B-479B-A6C2-7F1EDED9B109}.Debug|x86.Build.0 = Debug|Any CPU
		{E0093F7E-A81B-479B-A6C2-7F1EDED9B109}.Release|Any CPU.ActiveCfg = Release|Any CPU
		{E0093F7E-A81B-479B-A6C2-7F1EDED9B109}.Release|Any CPU.Build.0 = Release|Any CPU
		{E0093F7E-A81B-479B-A6C2-7F1EDED9B109}.Release|x64.ActiveCfg = Release|Any CPU
		{E0093F7E-A81B-479B-A6C2-7F1EDED9B109}.Release|x64.Build.0 = Release|Any CPU
		{E0093F7E-A81B-479B-A6C2-7F1EDED9B109}.Release|x86.ActiveCfg = Release|Any CPU
		{E0093F7E-A81B-479B-A6C2-7F1EDED9B109}.Release|x86.Build.0 = Release|Any CPU
		{3A09971E-E754-44F1-B00C-9CACA6CBA4C6}.Debug|Any CPU.ActiveCfg = Debug|Any CPU
		{3A09971E-E754-44F1-B00C-9CACA6CBA4C6}.Debug|Any CPU.Build.0 = Debug|Any CPU
		{3A09971E-E754-44F1-B00C-9CACA6CBA4C6}.Debug|x64.ActiveCfg = Debug|Any CPU
		{3A09971E-E754-44F1-B00C-9CACA6CBA4C6}.Debug|x64.Build.0 = Debug|Any CPU
		{3A09971E-E754-44F1-B00C-9CACA6CBA4C6}.Debug|x86.ActiveCfg = Debug|Any CPU
		{3A09971E-E754-44F1-B00C-9CACA6CBA4C6}.Debug|x86.Build.0 = Debug|Any CPU
		{3A09971E-E754-44F1-B00C-9CACA6CBA4C6}.Release|Any CPU.ActiveCfg = Release|Any CPU
		{3A09971E-E754-44F1-B00C-9CACA6CBA4C6}.Release|Any CPU.Build.0 = Release|Any CPU
		{3A09971E-E754-44F1-B00C-9CACA6CBA4C6}.Release|x64.ActiveCfg = Release|Any CPU
		{3A09971E-E754-44F1-B00C-9CACA6CBA4C6}.Release|x64.Build.0 = Release|Any CPU
		{3A09971E-E754-44F1-B00C-9CACA6CBA4C6}.Release|x86.ActiveCfg = Release|Any CPU
		{3A09971E-E754-44F1-B00C-9CACA6CBA4C6}.Release|x86.Build.0 = Release|Any CPU
		{9B21C424-1937-46FD-872F-F1656FAE4DC6}.Debug|Any CPU.ActiveCfg = Debug|Any CPU
		{9B21C424-1937-46FD-872F-F1656FAE4DC6}.Debug|Any CPU.Build.0 = Debug|Any CPU
		{9B21C424-1937-46FD-872F-F1656FAE4DC6}.Debug|x64.ActiveCfg = Debug|Any CPU
		{9B21C424-1937-46FD-872F-F1656FAE4DC6}.Debug|x64.Build.0 = Debug|Any CPU
		{9B21C424-1937-46FD-872F-F1656FAE4DC6}.Debug|x86.ActiveCfg = Debug|Any CPU
		{9B21C424-1937-46FD-872F-F1656FAE4DC6}.Debug|x86.Build.0 = Debug|Any CPU
		{9B21C424-1937-46FD-872F-F1656FAE4DC6}.Release|Any CPU.ActiveCfg = Release|Any CPU
		{9B21C424-1937-46FD-872F-F1656FAE4DC6}.Release|Any CPU.Build.0 = Release|Any CPU
		{9B21C424-1937-46FD-872F-F1656FAE4DC6}.Release|x64.ActiveCfg = Release|Any CPU
		{9B21C424-1937-46FD-872F-F1656FAE4DC6}.Release|x64.Build.0 = Release|Any CPU
		{9B21C424-1937-46FD-872F-F1656FAE4DC6}.Release|x86.ActiveCfg = Release|Any CPU
		{9B21C424-1937-46FD-872F-F1656FAE4DC6}.Release|x86.Build.0 = Release|Any CPU
		{230C45B0-6226-41B1-A3A3-96374B861B6D}.Debug|Any CPU.ActiveCfg = Debug|Any CPU
		{230C45B0-6226-41B1-A3A3-96374B861B6D}.Debug|Any CPU.Build.0 = Debug|Any CPU
		{230C45B0-6226-41B1-A3A3-96374B861B6D}.Debug|x64.ActiveCfg = Debug|Any CPU
		{230C45B0-6226-41B1-A3A3-96374B861B6D}.Debug|x64.Build.0 = Debug|Any CPU
		{230C45B0-6226-41B1-A3A3-96374B861B6D}.Debug|x86.ActiveCfg = Debug|Any CPU
		{230C45B0-6226-41B1-A3A3-96374B861B6D}.Debug|x86.Build.0 = Debug|Any CPU
		{230C45B0-6226-41B1-A3A3-96374B861B6D}.Release|Any CPU.ActiveCfg = Release|Any CPU
		{230C45B0-6226-41B1-A3A3-96374B861B6D}.Release|Any CPU.Build.0 = Release|Any CPU
		{230C45B0-6226-41B1-A3A3-96374B861B6D}.Release|x64.ActiveCfg = Release|Any CPU
		{230C45B0-6226-41B1-A3A3-96374B861B6D}.Release|x64.Build.0 = Release|Any CPU
		{230C45B0-6226-41B1-A3A3-96374B861B6D}.Release|x86.ActiveCfg = Release|Any CPU
		{230C45B0-6226-41B1-A3A3-96374B861B6D}.Release|x86.Build.0 = Release|Any CPU
		{98835BAF-C36A-48D7-80FA-BA6CB25D35D2}.Debug|Any CPU.ActiveCfg = Debug|Any CPU
		{98835BAF-C36A-48D7-80FA-BA6CB25D35D2}.Debug|Any CPU.Build.0 = Debug|Any CPU
		{98835BAF-C36A-48D7-80FA-BA6CB25D35D2}.Debug|x64.ActiveCfg = Debug|Any CPU
		{98835BAF-C36A-48D7-80FA-BA6CB25D35D2}.Debug|x64.Build.0 = Debug|Any CPU
		{98835BAF-C36A-48D7-80FA-BA6CB25D35D2}.Debug|x86.ActiveCfg = Debug|Any CPU
		{98835BAF-C36A-48D7-80FA-BA6CB25D35D2}.Debug|x86.Build.0 = Debug|Any CPU
		{98835BAF-C36A-48D7-80FA-BA6CB25D35D2}.Release|Any CPU.ActiveCfg = Release|Any CPU
		{98835BAF-C36A-48D7-80FA-BA6CB25D35D2}.Release|Any CPU.Build.0 = Release|Any CPU
		{98835BAF-C36A-48D7-80FA-BA6CB25D35D2}.Release|x64.ActiveCfg = Release|Any CPU
		{98835BAF-C36A-48D7-80FA-BA6CB25D35D2}.Release|x64.Build.0 = Release|Any CPU
		{98835BAF-C36A-48D7-80FA-BA6CB25D35D2}.Release|x86.ActiveCfg = Release|Any CPU
		{98835BAF-C36A-48D7-80FA-BA6CB25D35D2}.Release|x86.Build.0 = Release|Any CPU
		{7DC28761-6579-4286-B582-985D75F8C871}.Debug|Any CPU.ActiveCfg = Debug|Any CPU
		{7DC28761-6579-4286-B582-985D75F8C871}.Debug|Any CPU.Build.0 = Debug|Any CPU
		{7DC28761-6579-4286-B582-985D75F8C871}.Debug|x64.ActiveCfg = Debug|Any CPU
		{7DC28761-6579-4286-B582-985D75F8C871}.Debug|x64.Build.0 = Debug|Any CPU
		{7DC28761-6579-4286-B582-985D75F8C871}.Debug|x86.ActiveCfg = Debug|Any CPU
		{7DC28761-6579-4286-B582-985D75F8C871}.Debug|x86.Build.0 = Debug|Any CPU
		{7DC28761-6579-4286-B582-985D75F8C871}.Release|Any CPU.ActiveCfg = Release|Any CPU
		{7DC28761-6579-4286-B582-985D75F8C871}.Release|Any CPU.Build.0 = Release|Any CPU
		{7DC28761-6579-4286-B582-985D75F8C871}.Release|x64.ActiveCfg = Release|Any CPU
		{7DC28761-6579-4286-B582-985D75F8C871}.Release|x64.Build.0 = Release|Any CPU
		{7DC28761-6579-4286-B582-985D75F8C871}.Release|x86.ActiveCfg = Release|Any CPU
		{7DC28761-6579-4286-B582-985D75F8C871}.Release|x86.Build.0 = Release|Any CPU
		{410796C3-C5F1-432E-B264-F8520DABCFCC}.Debug|Any CPU.ActiveCfg = Debug|Any CPU
		{410796C3-C5F1-432E-B264-F8520DABCFCC}.Debug|Any CPU.Build.0 = Debug|Any CPU
		{410796C3-C5F1-432E-B264-F8520DABCFCC}.Debug|x64.ActiveCfg = Debug|Any CPU
		{410796C3-C5F1-432E-B264-F8520DABCFCC}.Debug|x64.Build.0 = Debug|Any CPU
		{410796C3-C5F1-432E-B264-F8520DABCFCC}.Debug|x86.ActiveCfg = Debug|Any CPU
		{410796C3-C5F1-432E-B264-F8520DABCFCC}.Debug|x86.Build.0 = Debug|Any CPU
		{410796C3-C5F1-432E-B264-F8520DABCFCC}.Release|Any CPU.ActiveCfg = Release|Any CPU
		{410796C3-C5F1-432E-B264-F8520DABCFCC}.Release|Any CPU.Build.0 = Release|Any CPU
		{410796C3-C5F1-432E-B264-F8520DABCFCC}.Release|x64.ActiveCfg = Release|Any CPU
		{410796C3-C5F1-432E-B264-F8520DABCFCC}.Release|x64.Build.0 = Release|Any CPU
		{410796C3-C5F1-432E-B264-F8520DABCFCC}.Release|x86.ActiveCfg = Release|Any CPU
		{410796C3-C5F1-432E-B264-F8520DABCFCC}.Release|x86.Build.0 = Release|Any CPU
		{2A1F05BF-7172-4EDD-ADB5-E08E8492B1EC}.Debug|Any CPU.ActiveCfg = Debug|Any CPU
		{2A1F05BF-7172-4EDD-ADB5-E08E8492B1EC}.Debug|Any CPU.Build.0 = Debug|Any CPU
		{2A1F05BF-7172-4EDD-ADB5-E08E8492B1EC}.Debug|x64.ActiveCfg = Debug|Any CPU
		{2A1F05BF-7172-4EDD-ADB5-E08E8492B1EC}.Debug|x64.Build.0 = Debug|Any CPU
		{2A1F05BF-7172-4EDD-ADB5-E08E8492B1EC}.Debug|x86.ActiveCfg = Debug|Any CPU
		{2A1F05BF-7172-4EDD-ADB5-E08E8492B1EC}.Debug|x86.Build.0 = Debug|Any CPU
		{2A1F05BF-7172-4EDD-ADB5-E08E8492B1EC}.Release|Any CPU.ActiveCfg = Release|Any CPU
		{2A1F05BF-7172-4EDD-ADB5-E08E8492B1EC}.Release|Any CPU.Build.0 = Release|Any CPU
		{2A1F05BF-7172-4EDD-ADB5-E08E8492B1EC}.Release|x64.ActiveCfg = Release|Any CPU
		{2A1F05BF-7172-4EDD-ADB5-E08E8492B1EC}.Release|x64.Build.0 = Release|Any CPU
		{2A1F05BF-7172-4EDD-ADB5-E08E8492B1EC}.Release|x86.ActiveCfg = Release|Any CPU
		{2A1F05BF-7172-4EDD-ADB5-E08E8492B1EC}.Release|x86.Build.0 = Release|Any CPU
		{CC1ECD6B-549B-4843-99D4-2B4FE773B892}.Debug|Any CPU.ActiveCfg = Debug|Any CPU
		{CC1ECD6B-549B-4843-99D4-2B4FE773B892}.Debug|Any CPU.Build.0 = Debug|Any CPU
		{CC1ECD6B-549B-4843-99D4-2B4FE773B892}.Debug|x64.ActiveCfg = Debug|Any CPU
		{CC1ECD6B-549B-4843-99D4-2B4FE773B892}.Debug|x64.Build.0 = Debug|Any CPU
		{CC1ECD6B-549B-4843-99D4-2B4FE773B892}.Debug|x86.ActiveCfg = Debug|Any CPU
		{CC1ECD6B-549B-4843-99D4-2B4FE773B892}.Debug|x86.Build.0 = Debug|Any CPU
		{CC1ECD6B-549B-4843-99D4-2B4FE773B892}.Release|Any CPU.ActiveCfg = Release|Any CPU
		{CC1ECD6B-549B-4843-99D4-2B4FE773B892}.Release|Any CPU.Build.0 = Release|Any CPU
		{CC1ECD6B-549B-4843-99D4-2B4FE773B892}.Release|x64.ActiveCfg = Release|Any CPU
		{CC1ECD6B-549B-4843-99D4-2B4FE773B892}.Release|x64.Build.0 = Release|Any CPU
		{CC1ECD6B-549B-4843-99D4-2B4FE773B892}.Release|x86.ActiveCfg = Release|Any CPU
		{CC1ECD6B-549B-4843-99D4-2B4FE773B892}.Release|x86.Build.0 = Release|Any CPU
		{50AF3958-8128-42E7-8A3A-73FC82F50ADC}.Debug|Any CPU.ActiveCfg = Debug|Any CPU
		{50AF3958-8128-42E7-8A3A-73FC82F50ADC}.Debug|Any CPU.Build.0 = Debug|Any CPU
		{50AF3958-8128-42E7-8A3A-73FC82F50ADC}.Debug|x64.ActiveCfg = Debug|Any CPU
		{50AF3958-8128-42E7-8A3A-73FC82F50ADC}.Debug|x64.Build.0 = Debug|Any CPU
		{50AF3958-8128-42E7-8A3A-73FC82F50ADC}.Debug|x86.ActiveCfg = Debug|Any CPU
		{50AF3958-8128-42E7-8A3A-73FC82F50ADC}.Debug|x86.Build.0 = Debug|Any CPU
		{50AF3958-8128-42E7-8A3A-73FC82F50ADC}.Release|Any CPU.ActiveCfg = Release|Any CPU
		{50AF3958-8128-42E7-8A3A-73FC82F50ADC}.Release|Any CPU.Build.0 = Release|Any CPU
		{50AF3958-8128-42E7-8A3A-73FC82F50ADC}.Release|x64.ActiveCfg = Release|Any CPU
		{50AF3958-8128-42E7-8A3A-73FC82F50ADC}.Release|x64.Build.0 = Release|Any CPU
		{50AF3958-8128-42E7-8A3A-73FC82F50ADC}.Release|x86.ActiveCfg = Release|Any CPU
		{50AF3958-8128-42E7-8A3A-73FC82F50ADC}.Release|x86.Build.0 = Release|Any CPU
		{C5D1FF6D-0887-4282-8B67-09E10CD0CDFC}.Debug|Any CPU.ActiveCfg = Debug|Any CPU
		{C5D1FF6D-0887-4282-8B67-09E10CD0CDFC}.Debug|Any CPU.Build.0 = Debug|Any CPU
		{C5D1FF6D-0887-4282-8B67-09E10CD0CDFC}.Debug|x64.ActiveCfg = Debug|Any CPU
		{C5D1FF6D-0887-4282-8B67-09E10CD0CDFC}.Debug|x64.Build.0 = Debug|Any CPU
		{C5D1FF6D-0887-4282-8B67-09E10CD0CDFC}.Debug|x86.ActiveCfg = Debug|Any CPU
		{C5D1FF6D-0887-4282-8B67-09E10CD0CDFC}.Debug|x86.Build.0 = Debug|Any CPU
		{C5D1FF6D-0887-4282-8B67-09E10CD0CDFC}.Release|Any CPU.ActiveCfg = Release|Any CPU
		{C5D1FF6D-0887-4282-8B67-09E10CD0CDFC}.Release|Any CPU.Build.0 = Release|Any CPU
		{C5D1FF6D-0887-4282-8B67-09E10CD0CDFC}.Release|x64.ActiveCfg = Release|Any CPU
		{C5D1FF6D-0887-4282-8B67-09E10CD0CDFC}.Release|x64.Build.0 = Release|Any CPU
		{C5D1FF6D-0887-4282-8B67-09E10CD0CDFC}.Release|x86.ActiveCfg = Release|Any CPU
		{C5D1FF6D-0887-4282-8B67-09E10CD0CDFC}.Release|x86.Build.0 = Release|Any CPU
		{A399F72E-CD67-4D0A-8631-233AE92A8A94}.Debug|Any CPU.ActiveCfg = Debug|Any CPU
		{A399F72E-CD67-4D0A-8631-233AE92A8A94}.Debug|Any CPU.Build.0 = Debug|Any CPU
		{A399F72E-CD67-4D0A-8631-233AE92A8A94}.Debug|x64.ActiveCfg = Debug|Any CPU
		{A399F72E-CD67-4D0A-8631-233AE92A8A94}.Debug|x64.Build.0 = Debug|Any CPU
		{A399F72E-CD67-4D0A-8631-233AE92A8A94}.Debug|x86.ActiveCfg = Debug|Any CPU
		{A399F72E-CD67-4D0A-8631-233AE92A8A94}.Debug|x86.Build.0 = Debug|Any CPU
		{A399F72E-CD67-4D0A-8631-233AE92A8A94}.Release|Any CPU.ActiveCfg = Release|Any CPU
		{A399F72E-CD67-4D0A-8631-233AE92A8A94}.Release|Any CPU.Build.0 = Release|Any CPU
		{A399F72E-CD67-4D0A-8631-233AE92A8A94}.Release|x64.ActiveCfg = Release|Any CPU
		{A399F72E-CD67-4D0A-8631-233AE92A8A94}.Release|x64.Build.0 = Release|Any CPU
		{A399F72E-CD67-4D0A-8631-233AE92A8A94}.Release|x86.ActiveCfg = Release|Any CPU
		{A399F72E-CD67-4D0A-8631-233AE92A8A94}.Release|x86.Build.0 = Release|Any CPU
		{0C12F8A7-D0D0-4912-A735-E8E03B51D3A0}.Debug|Any CPU.ActiveCfg = Debug|Any CPU
		{0C12F8A7-D0D0-4912-A735-E8E03B51D3A0}.Debug|Any CPU.Build.0 = Debug|Any CPU
		{0C12F8A7-D0D0-4912-A735-E8E03B51D3A0}.Debug|x64.ActiveCfg = Debug|Any CPU
		{0C12F8A7-D0D0-4912-A735-E8E03B51D3A0}.Debug|x64.Build.0 = Debug|Any CPU
		{0C12F8A7-D0D0-4912-A735-E8E03B51D3A0}.Debug|x86.ActiveCfg = Debug|Any CPU
		{0C12F8A7-D0D0-4912-A735-E8E03B51D3A0}.Debug|x86.Build.0 = Debug|Any CPU
		{0C12F8A7-D0D0-4912-A735-E8E03B51D3A0}.Release|Any CPU.ActiveCfg = Release|Any CPU
		{0C12F8A7-D0D0-4912-A735-E8E03B51D3A0}.Release|Any CPU.Build.0 = Release|Any CPU
		{0C12F8A7-D0D0-4912-A735-E8E03B51D3A0}.Release|x64.ActiveCfg = Release|Any CPU
		{0C12F8A7-D0D0-4912-A735-E8E03B51D3A0}.Release|x64.Build.0 = Release|Any CPU
		{0C12F8A7-D0D0-4912-A735-E8E03B51D3A0}.Release|x86.ActiveCfg = Release|Any CPU
		{0C12F8A7-D0D0-4912-A735-E8E03B51D3A0}.Release|x86.Build.0 = Release|Any CPU
		{1FB2E699-5019-4637-89ED-DD0C16B4CE8D}.Debug|Any CPU.ActiveCfg = Debug|Any CPU
		{1FB2E699-5019-4637-89ED-DD0C16B4CE8D}.Debug|Any CPU.Build.0 = Debug|Any CPU
		{1FB2E699-5019-4637-89ED-DD0C16B4CE8D}.Debug|x64.ActiveCfg = Debug|Any CPU
		{1FB2E699-5019-4637-89ED-DD0C16B4CE8D}.Debug|x64.Build.0 = Debug|Any CPU
		{1FB2E699-5019-4637-89ED-DD0C16B4CE8D}.Debug|x86.ActiveCfg = Debug|Any CPU
		{1FB2E699-5019-4637-89ED-DD0C16B4CE8D}.Debug|x86.Build.0 = Debug|Any CPU
		{1FB2E699-5019-4637-89ED-DD0C16B4CE8D}.Release|Any CPU.ActiveCfg = Release|Any CPU
		{1FB2E699-5019-4637-89ED-DD0C16B4CE8D}.Release|Any CPU.Build.0 = Release|Any CPU
		{1FB2E699-5019-4637-89ED-DD0C16B4CE8D}.Release|x64.ActiveCfg = Release|Any CPU
		{1FB2E699-5019-4637-89ED-DD0C16B4CE8D}.Release|x64.Build.0 = Release|Any CPU
		{1FB2E699-5019-4637-89ED-DD0C16B4CE8D}.Release|x86.ActiveCfg = Release|Any CPU
		{1FB2E699-5019-4637-89ED-DD0C16B4CE8D}.Release|x86.Build.0 = Release|Any CPU
		{5F4B9118-46A0-4BC9-A077-112CB5A81227}.Debug|Any CPU.ActiveCfg = Debug|Any CPU
		{5F4B9118-46A0-4BC9-A077-112CB5A81227}.Debug|Any CPU.Build.0 = Debug|Any CPU
		{5F4B9118-46A0-4BC9-A077-112CB5A81227}.Debug|x64.ActiveCfg = Debug|Any CPU
		{5F4B9118-46A0-4BC9-A077-112CB5A81227}.Debug|x64.Build.0 = Debug|Any CPU
		{5F4B9118-46A0-4BC9-A077-112CB5A81227}.Debug|x86.ActiveCfg = Debug|Any CPU
		{5F4B9118-46A0-4BC9-A077-112CB5A81227}.Debug|x86.Build.0 = Debug|Any CPU
		{5F4B9118-46A0-4BC9-A077-112CB5A81227}.Release|Any CPU.ActiveCfg = Release|Any CPU
		{5F4B9118-46A0-4BC9-A077-112CB5A81227}.Release|Any CPU.Build.0 = Release|Any CPU
		{5F4B9118-46A0-4BC9-A077-112CB5A81227}.Release|x64.ActiveCfg = Release|Any CPU
		{5F4B9118-46A0-4BC9-A077-112CB5A81227}.Release|x64.Build.0 = Release|Any CPU
		{5F4B9118-46A0-4BC9-A077-112CB5A81227}.Release|x86.ActiveCfg = Release|Any CPU
		{5F4B9118-46A0-4BC9-A077-112CB5A81227}.Release|x86.Build.0 = Release|Any CPU
		{C61270FC-F6CF-4749-AC6E-B57BC2B38C3A}.Debug|Any CPU.ActiveCfg = Debug|Any CPU
		{C61270FC-F6CF-4749-AC6E-B57BC2B38C3A}.Debug|Any CPU.Build.0 = Debug|Any CPU
		{C61270FC-F6CF-4749-AC6E-B57BC2B38C3A}.Debug|x64.ActiveCfg = Debug|Any CPU
		{C61270FC-F6CF-4749-AC6E-B57BC2B38C3A}.Debug|x64.Build.0 = Debug|Any CPU
		{C61270FC-F6CF-4749-AC6E-B57BC2B38C3A}.Debug|x86.ActiveCfg = Debug|Any CPU
		{C61270FC-F6CF-4749-AC6E-B57BC2B38C3A}.Debug|x86.Build.0 = Debug|Any CPU
		{C61270FC-F6CF-4749-AC6E-B57BC2B38C3A}.Release|Any CPU.ActiveCfg = Release|Any CPU
		{C61270FC-F6CF-4749-AC6E-B57BC2B38C3A}.Release|Any CPU.Build.0 = Release|Any CPU
		{C61270FC-F6CF-4749-AC6E-B57BC2B38C3A}.Release|x64.ActiveCfg = Release|Any CPU
		{C61270FC-F6CF-4749-AC6E-B57BC2B38C3A}.Release|x64.Build.0 = Release|Any CPU
		{C61270FC-F6CF-4749-AC6E-B57BC2B38C3A}.Release|x86.ActiveCfg = Release|Any CPU
		{C61270FC-F6CF-4749-AC6E-B57BC2B38C3A}.Release|x86.Build.0 = Release|Any CPU
		{78A8B53C-F502-4D67-89D9-1F127D429382}.Debug|Any CPU.ActiveCfg = Debug|Any CPU
		{78A8B53C-F502-4D67-89D9-1F127D429382}.Debug|Any CPU.Build.0 = Debug|Any CPU
		{78A8B53C-F502-4D67-89D9-1F127D429382}.Debug|x64.ActiveCfg = Debug|Any CPU
		{78A8B53C-F502-4D67-89D9-1F127D429382}.Debug|x64.Build.0 = Debug|Any CPU
		{78A8B53C-F502-4D67-89D9-1F127D429382}.Debug|x86.ActiveCfg = Debug|Any CPU
		{78A8B53C-F502-4D67-89D9-1F127D429382}.Debug|x86.Build.0 = Debug|Any CPU
		{78A8B53C-F502-4D67-89D9-1F127D429382}.Release|Any CPU.ActiveCfg = Release|Any CPU
		{78A8B53C-F502-4D67-89D9-1F127D429382}.Release|Any CPU.Build.0 = Release|Any CPU
		{78A8B53C-F502-4D67-89D9-1F127D429382}.Release|x64.ActiveCfg = Release|Any CPU
		{78A8B53C-F502-4D67-89D9-1F127D429382}.Release|x64.Build.0 = Release|Any CPU
		{78A8B53C-F502-4D67-89D9-1F127D429382}.Release|x86.ActiveCfg = Release|Any CPU
		{78A8B53C-F502-4D67-89D9-1F127D429382}.Release|x86.Build.0 = Release|Any CPU
		{16E7F10F-48A9-4AA3-A71D-0852F2C6C8A5}.Debug|Any CPU.ActiveCfg = Debug|Any CPU
		{16E7F10F-48A9-4AA3-A71D-0852F2C6C8A5}.Debug|Any CPU.Build.0 = Debug|Any CPU
		{16E7F10F-48A9-4AA3-A71D-0852F2C6C8A5}.Debug|x64.ActiveCfg = Debug|Any CPU
		{16E7F10F-48A9-4AA3-A71D-0852F2C6C8A5}.Debug|x64.Build.0 = Debug|Any CPU
		{16E7F10F-48A9-4AA3-A71D-0852F2C6C8A5}.Debug|x86.ActiveCfg = Debug|Any CPU
		{16E7F10F-48A9-4AA3-A71D-0852F2C6C8A5}.Debug|x86.Build.0 = Debug|Any CPU
		{16E7F10F-48A9-4AA3-A71D-0852F2C6C8A5}.Release|Any CPU.ActiveCfg = Release|Any CPU
		{16E7F10F-48A9-4AA3-A71D-0852F2C6C8A5}.Release|Any CPU.Build.0 = Release|Any CPU
		{16E7F10F-48A9-4AA3-A71D-0852F2C6C8A5}.Release|x64.ActiveCfg = Release|Any CPU
		{16E7F10F-48A9-4AA3-A71D-0852F2C6C8A5}.Release|x64.Build.0 = Release|Any CPU
		{16E7F10F-48A9-4AA3-A71D-0852F2C6C8A5}.Release|x86.ActiveCfg = Release|Any CPU
		{16E7F10F-48A9-4AA3-A71D-0852F2C6C8A5}.Release|x86.Build.0 = Release|Any CPU
		{AA0244FC-502D-4590-97DF-F4094F2551E7}.Debug|Any CPU.ActiveCfg = Debug|Any CPU
		{AA0244FC-502D-4590-97DF-F4094F2551E7}.Debug|Any CPU.Build.0 = Debug|Any CPU
		{AA0244FC-502D-4590-97DF-F4094F2551E7}.Debug|x64.ActiveCfg = Debug|Any CPU
		{AA0244FC-502D-4590-97DF-F4094F2551E7}.Debug|x64.Build.0 = Debug|Any CPU
		{AA0244FC-502D-4590-97DF-F4094F2551E7}.Debug|x86.ActiveCfg = Debug|Any CPU
		{AA0244FC-502D-4590-97DF-F4094F2551E7}.Debug|x86.Build.0 = Debug|Any CPU
		{AA0244FC-502D-4590-97DF-F4094F2551E7}.Release|Any CPU.ActiveCfg = Release|Any CPU
		{AA0244FC-502D-4590-97DF-F4094F2551E7}.Release|Any CPU.Build.0 = Release|Any CPU
		{AA0244FC-502D-4590-97DF-F4094F2551E7}.Release|x64.ActiveCfg = Release|Any CPU
		{AA0244FC-502D-4590-97DF-F4094F2551E7}.Release|x64.Build.0 = Release|Any CPU
		{AA0244FC-502D-4590-97DF-F4094F2551E7}.Release|x86.ActiveCfg = Release|Any CPU
		{AA0244FC-502D-4590-97DF-F4094F2551E7}.Release|x86.Build.0 = Release|Any CPU
		{7671135C-44C9-4753-A595-5FD2D49AE8F5}.Debug|Any CPU.ActiveCfg = Debug|Any CPU
		{7671135C-44C9-4753-A595-5FD2D49AE8F5}.Debug|Any CPU.Build.0 = Debug|Any CPU
		{7671135C-44C9-4753-A595-5FD2D49AE8F5}.Debug|x64.ActiveCfg = Debug|Any CPU
		{7671135C-44C9-4753-A595-5FD2D49AE8F5}.Debug|x64.Build.0 = Debug|Any CPU
		{7671135C-44C9-4753-A595-5FD2D49AE8F5}.Debug|x86.ActiveCfg = Debug|Any CPU
		{7671135C-44C9-4753-A595-5FD2D49AE8F5}.Debug|x86.Build.0 = Debug|Any CPU
		{7671135C-44C9-4753-A595-5FD2D49AE8F5}.Release|Any CPU.ActiveCfg = Release|Any CPU
		{7671135C-44C9-4753-A595-5FD2D49AE8F5}.Release|Any CPU.Build.0 = Release|Any CPU
		{7671135C-44C9-4753-A595-5FD2D49AE8F5}.Release|x64.ActiveCfg = Release|Any CPU
		{7671135C-44C9-4753-A595-5FD2D49AE8F5}.Release|x64.Build.0 = Release|Any CPU
		{7671135C-44C9-4753-A595-5FD2D49AE8F5}.Release|x86.ActiveCfg = Release|Any CPU
		{7671135C-44C9-4753-A595-5FD2D49AE8F5}.Release|x86.Build.0 = Release|Any CPU
		{7C29BC11-FFC8-46A8-9C99-36A0F92899A2}.Debug|Any CPU.ActiveCfg = Debug|Any CPU
		{7C29BC11-FFC8-46A8-9C99-36A0F92899A2}.Debug|Any CPU.Build.0 = Debug|Any CPU
		{7C29BC11-FFC8-46A8-9C99-36A0F92899A2}.Debug|x64.ActiveCfg = Debug|Any CPU
		{7C29BC11-FFC8-46A8-9C99-36A0F92899A2}.Debug|x64.Build.0 = Debug|Any CPU
		{7C29BC11-FFC8-46A8-9C99-36A0F92899A2}.Debug|x86.ActiveCfg = Debug|Any CPU
		{7C29BC11-FFC8-46A8-9C99-36A0F92899A2}.Debug|x86.Build.0 = Debug|Any CPU
		{7C29BC11-FFC8-46A8-9C99-36A0F92899A2}.Release|Any CPU.ActiveCfg = Release|Any CPU
		{7C29BC11-FFC8-46A8-9C99-36A0F92899A2}.Release|Any CPU.Build.0 = Release|Any CPU
		{7C29BC11-FFC8-46A8-9C99-36A0F92899A2}.Release|x64.ActiveCfg = Release|Any CPU
		{7C29BC11-FFC8-46A8-9C99-36A0F92899A2}.Release|x64.Build.0 = Release|Any CPU
		{7C29BC11-FFC8-46A8-9C99-36A0F92899A2}.Release|x86.ActiveCfg = Release|Any CPU
		{7C29BC11-FFC8-46A8-9C99-36A0F92899A2}.Release|x86.Build.0 = Release|Any CPU
		{7C89DBDC-F1B1-4E3E-A97D-3EAB11994EC7}.Debug|Any CPU.ActiveCfg = Debug|Any CPU
		{7C89DBDC-F1B1-4E3E-A97D-3EAB11994EC7}.Debug|Any CPU.Build.0 = Debug|Any CPU
		{7C89DBDC-F1B1-4E3E-A97D-3EAB11994EC7}.Debug|x64.ActiveCfg = Debug|Any CPU
		{7C89DBDC-F1B1-4E3E-A97D-3EAB11994EC7}.Debug|x64.Build.0 = Debug|Any CPU
		{7C89DBDC-F1B1-4E3E-A97D-3EAB11994EC7}.Debug|x86.ActiveCfg = Debug|Any CPU
		{7C89DBDC-F1B1-4E3E-A97D-3EAB11994EC7}.Debug|x86.Build.0 = Debug|Any CPU
		{7C89DBDC-F1B1-4E3E-A97D-3EAB11994EC7}.Release|Any CPU.ActiveCfg = Release|Any CPU
		{7C89DBDC-F1B1-4E3E-A97D-3EAB11994EC7}.Release|Any CPU.Build.0 = Release|Any CPU
		{7C89DBDC-F1B1-4E3E-A97D-3EAB11994EC7}.Release|x64.ActiveCfg = Release|Any CPU
		{7C89DBDC-F1B1-4E3E-A97D-3EAB11994EC7}.Release|x64.Build.0 = Release|Any CPU
		{7C89DBDC-F1B1-4E3E-A97D-3EAB11994EC7}.Release|x86.ActiveCfg = Release|Any CPU
		{7C89DBDC-F1B1-4E3E-A97D-3EAB11994EC7}.Release|x86.Build.0 = Release|Any CPU
		{F7FB4803-5AD7-4CE4-B409-04E44A41623D}.Debug|Any CPU.ActiveCfg = Debug|Any CPU
		{F7FB4803-5AD7-4CE4-B409-04E44A41623D}.Debug|Any CPU.Build.0 = Debug|Any CPU
		{F7FB4803-5AD7-4CE4-B409-04E44A41623D}.Debug|x64.ActiveCfg = Debug|Any CPU
		{F7FB4803-5AD7-4CE4-B409-04E44A41623D}.Debug|x64.Build.0 = Debug|Any CPU
		{F7FB4803-5AD7-4CE4-B409-04E44A41623D}.Debug|x86.ActiveCfg = Debug|Any CPU
		{F7FB4803-5AD7-4CE4-B409-04E44A41623D}.Debug|x86.Build.0 = Debug|Any CPU
		{F7FB4803-5AD7-4CE4-B409-04E44A41623D}.Release|Any CPU.ActiveCfg = Release|Any CPU
		{F7FB4803-5AD7-4CE4-B409-04E44A41623D}.Release|Any CPU.Build.0 = Release|Any CPU
		{F7FB4803-5AD7-4CE4-B409-04E44A41623D}.Release|x64.ActiveCfg = Release|Any CPU
		{F7FB4803-5AD7-4CE4-B409-04E44A41623D}.Release|x64.Build.0 = Release|Any CPU
		{F7FB4803-5AD7-4CE4-B409-04E44A41623D}.Release|x86.ActiveCfg = Release|Any CPU
		{F7FB4803-5AD7-4CE4-B409-04E44A41623D}.Release|x86.Build.0 = Release|Any CPU
		{F7906D26-5F28-443F-8180-155B533D484E}.Debug|Any CPU.ActiveCfg = Debug|Any CPU
		{F7906D26-5F28-443F-8180-155B533D484E}.Debug|Any CPU.Build.0 = Debug|Any CPU
		{F7906D26-5F28-443F-8180-155B533D484E}.Debug|x64.ActiveCfg = Debug|Any CPU
		{F7906D26-5F28-443F-8180-155B533D484E}.Debug|x64.Build.0 = Debug|Any CPU
		{F7906D26-5F28-443F-8180-155B533D484E}.Debug|x86.ActiveCfg = Debug|Any CPU
		{F7906D26-5F28-443F-8180-155B533D484E}.Debug|x86.Build.0 = Debug|Any CPU
		{F7906D26-5F28-443F-8180-155B533D484E}.Release|Any CPU.ActiveCfg = Release|Any CPU
		{F7906D26-5F28-443F-8180-155B533D484E}.Release|Any CPU.Build.0 = Release|Any CPU
		{F7906D26-5F28-443F-8180-155B533D484E}.Release|x64.ActiveCfg = Release|Any CPU
		{F7906D26-5F28-443F-8180-155B533D484E}.Release|x64.Build.0 = Release|Any CPU
		{F7906D26-5F28-443F-8180-155B533D484E}.Release|x86.ActiveCfg = Release|Any CPU
		{F7906D26-5F28-443F-8180-155B533D484E}.Release|x86.Build.0 = Release|Any CPU
		{4331CFFD-B54E-4446-BA1A-4BCA6750D6EC}.Debug|Any CPU.ActiveCfg = Debug|Any CPU
		{4331CFFD-B54E-4446-BA1A-4BCA6750D6EC}.Debug|Any CPU.Build.0 = Debug|Any CPU
		{4331CFFD-B54E-4446-BA1A-4BCA6750D6EC}.Debug|x64.ActiveCfg = Debug|Any CPU
		{4331CFFD-B54E-4446-BA1A-4BCA6750D6EC}.Debug|x64.Build.0 = Debug|Any CPU
		{4331CFFD-B54E-4446-BA1A-4BCA6750D6EC}.Debug|x86.ActiveCfg = Debug|Any CPU
		{4331CFFD-B54E-4446-BA1A-4BCA6750D6EC}.Debug|x86.Build.0 = Debug|Any CPU
		{4331CFFD-B54E-4446-BA1A-4BCA6750D6EC}.Release|Any CPU.ActiveCfg = Release|Any CPU
		{4331CFFD-B54E-4446-BA1A-4BCA6750D6EC}.Release|Any CPU.Build.0 = Release|Any CPU
		{4331CFFD-B54E-4446-BA1A-4BCA6750D6EC}.Release|x64.ActiveCfg = Release|Any CPU
		{4331CFFD-B54E-4446-BA1A-4BCA6750D6EC}.Release|x64.Build.0 = Release|Any CPU
		{4331CFFD-B54E-4446-BA1A-4BCA6750D6EC}.Release|x86.ActiveCfg = Release|Any CPU
		{4331CFFD-B54E-4446-BA1A-4BCA6750D6EC}.Release|x86.Build.0 = Release|Any CPU
		{5A3914AA-EE78-432D-8979-E5F5CE19524D}.Debug|Any CPU.ActiveCfg = Debug|Any CPU
		{5A3914AA-EE78-432D-8979-E5F5CE19524D}.Debug|Any CPU.Build.0 = Debug|Any CPU
		{5A3914AA-EE78-432D-8979-E5F5CE19524D}.Debug|x64.ActiveCfg = Debug|Any CPU
		{5A3914AA-EE78-432D-8979-E5F5CE19524D}.Debug|x64.Build.0 = Debug|Any CPU
		{5A3914AA-EE78-432D-8979-E5F5CE19524D}.Debug|x86.ActiveCfg = Debug|Any CPU
		{5A3914AA-EE78-432D-8979-E5F5CE19524D}.Debug|x86.Build.0 = Debug|Any CPU
		{5A3914AA-EE78-432D-8979-E5F5CE19524D}.Release|Any CPU.ActiveCfg = Release|Any CPU
		{5A3914AA-EE78-432D-8979-E5F5CE19524D}.Release|Any CPU.Build.0 = Release|Any CPU
		{5A3914AA-EE78-432D-8979-E5F5CE19524D}.Release|x64.ActiveCfg = Release|Any CPU
		{5A3914AA-EE78-432D-8979-E5F5CE19524D}.Release|x64.Build.0 = Release|Any CPU
		{5A3914AA-EE78-432D-8979-E5F5CE19524D}.Release|x86.ActiveCfg = Release|Any CPU
		{5A3914AA-EE78-432D-8979-E5F5CE19524D}.Release|x86.Build.0 = Release|Any CPU
		{17A01DB5-D064-4E94-990B-2A6F06305F64}.Debug|Any CPU.ActiveCfg = Debug|Any CPU
		{17A01DB5-D064-4E94-990B-2A6F06305F64}.Debug|Any CPU.Build.0 = Debug|Any CPU
		{17A01DB5-D064-4E94-990B-2A6F06305F64}.Debug|x64.ActiveCfg = Debug|Any CPU
		{17A01DB5-D064-4E94-990B-2A6F06305F64}.Debug|x64.Build.0 = Debug|Any CPU
		{17A01DB5-D064-4E94-990B-2A6F06305F64}.Debug|x86.ActiveCfg = Debug|Any CPU
		{17A01DB5-D064-4E94-990B-2A6F06305F64}.Debug|x86.Build.0 = Debug|Any CPU
		{17A01DB5-D064-4E94-990B-2A6F06305F64}.Release|Any CPU.ActiveCfg = Release|Any CPU
		{17A01DB5-D064-4E94-990B-2A6F06305F64}.Release|Any CPU.Build.0 = Release|Any CPU
		{17A01DB5-D064-4E94-990B-2A6F06305F64}.Release|x64.ActiveCfg = Release|Any CPU
		{17A01DB5-D064-4E94-990B-2A6F06305F64}.Release|x64.Build.0 = Release|Any CPU
		{17A01DB5-D064-4E94-990B-2A6F06305F64}.Release|x86.ActiveCfg = Release|Any CPU
		{17A01DB5-D064-4E94-990B-2A6F06305F64}.Release|x86.Build.0 = Release|Any CPU
		{AD630688-3BAC-49D7-8D93-7CB2FE70BAB0}.Debug|Any CPU.ActiveCfg = Debug|Any CPU
		{AD630688-3BAC-49D7-8D93-7CB2FE70BAB0}.Debug|Any CPU.Build.0 = Debug|Any CPU
		{AD630688-3BAC-49D7-8D93-7CB2FE70BAB0}.Debug|x64.ActiveCfg = Debug|Any CPU
		{AD630688-3BAC-49D7-8D93-7CB2FE70BAB0}.Debug|x64.Build.0 = Debug|Any CPU
		{AD630688-3BAC-49D7-8D93-7CB2FE70BAB0}.Debug|x86.ActiveCfg = Debug|Any CPU
		{AD630688-3BAC-49D7-8D93-7CB2FE70BAB0}.Debug|x86.Build.0 = Debug|Any CPU
		{AD630688-3BAC-49D7-8D93-7CB2FE70BAB0}.Release|Any CPU.ActiveCfg = Release|Any CPU
		{AD630688-3BAC-49D7-8D93-7CB2FE70BAB0}.Release|Any CPU.Build.0 = Release|Any CPU
		{AD630688-3BAC-49D7-8D93-7CB2FE70BAB0}.Release|x64.ActiveCfg = Release|Any CPU
		{AD630688-3BAC-49D7-8D93-7CB2FE70BAB0}.Release|x64.Build.0 = Release|Any CPU
		{AD630688-3BAC-49D7-8D93-7CB2FE70BAB0}.Release|x86.ActiveCfg = Release|Any CPU
		{AD630688-3BAC-49D7-8D93-7CB2FE70BAB0}.Release|x86.Build.0 = Release|Any CPU
		{857F28ED-C3CE-430F-A34F-6F4076AC17F8}.Debug|Any CPU.ActiveCfg = Debug|Any CPU
		{857F28ED-C3CE-430F-A34F-6F4076AC17F8}.Debug|Any CPU.Build.0 = Debug|Any CPU
		{857F28ED-C3CE-430F-A34F-6F4076AC17F8}.Debug|x64.ActiveCfg = Debug|Any CPU
		{857F28ED-C3CE-430F-A34F-6F4076AC17F8}.Debug|x64.Build.0 = Debug|Any CPU
		{857F28ED-C3CE-430F-A34F-6F4076AC17F8}.Debug|x86.ActiveCfg = Debug|Any CPU
		{857F28ED-C3CE-430F-A34F-6F4076AC17F8}.Debug|x86.Build.0 = Debug|Any CPU
		{857F28ED-C3CE-430F-A34F-6F4076AC17F8}.Release|Any CPU.ActiveCfg = Release|Any CPU
		{857F28ED-C3CE-430F-A34F-6F4076AC17F8}.Release|Any CPU.Build.0 = Release|Any CPU
		{857F28ED-C3CE-430F-A34F-6F4076AC17F8}.Release|x64.ActiveCfg = Release|Any CPU
		{857F28ED-C3CE-430F-A34F-6F4076AC17F8}.Release|x64.Build.0 = Release|Any CPU
		{857F28ED-C3CE-430F-A34F-6F4076AC17F8}.Release|x86.ActiveCfg = Release|Any CPU
		{857F28ED-C3CE-430F-A34F-6F4076AC17F8}.Release|x86.Build.0 = Release|Any CPU
		{348862A6-C774-4386-B88D-FF259E58E17B}.Debug|Any CPU.ActiveCfg = Debug|Any CPU
		{348862A6-C774-4386-B88D-FF259E58E17B}.Debug|Any CPU.Build.0 = Debug|Any CPU
		{348862A6-C774-4386-B88D-FF259E58E17B}.Debug|x64.ActiveCfg = Debug|Any CPU
		{348862A6-C774-4386-B88D-FF259E58E17B}.Debug|x64.Build.0 = Debug|Any CPU
		{348862A6-C774-4386-B88D-FF259E58E17B}.Debug|x86.ActiveCfg = Debug|Any CPU
		{348862A6-C774-4386-B88D-FF259E58E17B}.Debug|x86.Build.0 = Debug|Any CPU
		{348862A6-C774-4386-B88D-FF259E58E17B}.Release|Any CPU.ActiveCfg = Release|Any CPU
		{348862A6-C774-4386-B88D-FF259E58E17B}.Release|Any CPU.Build.0 = Release|Any CPU
		{348862A6-C774-4386-B88D-FF259E58E17B}.Release|x64.ActiveCfg = Release|Any CPU
		{348862A6-C774-4386-B88D-FF259E58E17B}.Release|x64.Build.0 = Release|Any CPU
		{348862A6-C774-4386-B88D-FF259E58E17B}.Release|x86.ActiveCfg = Release|Any CPU
		{348862A6-C774-4386-B88D-FF259E58E17B}.Release|x86.Build.0 = Release|Any CPU
		{B18DD627-13CC-4E3E-8CC4-E0989080C8CB}.Debug|Any CPU.ActiveCfg = Debug|Any CPU
		{B18DD627-13CC-4E3E-8CC4-E0989080C8CB}.Debug|Any CPU.Build.0 = Debug|Any CPU
		{B18DD627-13CC-4E3E-8CC4-E0989080C8CB}.Debug|x64.ActiveCfg = Debug|Any CPU
		{B18DD627-13CC-4E3E-8CC4-E0989080C8CB}.Debug|x64.Build.0 = Debug|Any CPU
		{B18DD627-13CC-4E3E-8CC4-E0989080C8CB}.Debug|x86.ActiveCfg = Debug|Any CPU
		{B18DD627-13CC-4E3E-8CC4-E0989080C8CB}.Debug|x86.Build.0 = Debug|Any CPU
		{B18DD627-13CC-4E3E-8CC4-E0989080C8CB}.Release|Any CPU.ActiveCfg = Release|Any CPU
		{B18DD627-13CC-4E3E-8CC4-E0989080C8CB}.Release|Any CPU.Build.0 = Release|Any CPU
		{B18DD627-13CC-4E3E-8CC4-E0989080C8CB}.Release|x64.ActiveCfg = Release|Any CPU
		{B18DD627-13CC-4E3E-8CC4-E0989080C8CB}.Release|x64.Build.0 = Release|Any CPU
		{B18DD627-13CC-4E3E-8CC4-E0989080C8CB}.Release|x86.ActiveCfg = Release|Any CPU
		{B18DD627-13CC-4E3E-8CC4-E0989080C8CB}.Release|x86.Build.0 = Release|Any CPU
		{7F1957CE-3D61-46B6-B103-B9057378E551}.Debug|Any CPU.ActiveCfg = Debug|Any CPU
		{7F1957CE-3D61-46B6-B103-B9057378E551}.Debug|Any CPU.Build.0 = Debug|Any CPU
		{7F1957CE-3D61-46B6-B103-B9057378E551}.Debug|x64.ActiveCfg = Debug|Any CPU
		{7F1957CE-3D61-46B6-B103-B9057378E551}.Debug|x64.Build.0 = Debug|Any CPU
		{7F1957CE-3D61-46B6-B103-B9057378E551}.Debug|x86.ActiveCfg = Debug|Any CPU
		{7F1957CE-3D61-46B6-B103-B9057378E551}.Debug|x86.Build.0 = Debug|Any CPU
		{7F1957CE-3D61-46B6-B103-B9057378E551}.Release|Any CPU.ActiveCfg = Release|Any CPU
		{7F1957CE-3D61-46B6-B103-B9057378E551}.Release|Any CPU.Build.0 = Release|Any CPU
		{7F1957CE-3D61-46B6-B103-B9057378E551}.Release|x64.ActiveCfg = Release|Any CPU
		{7F1957CE-3D61-46B6-B103-B9057378E551}.Release|x64.Build.0 = Release|Any CPU
		{7F1957CE-3D61-46B6-B103-B9057378E551}.Release|x86.ActiveCfg = Release|Any CPU
		{7F1957CE-3D61-46B6-B103-B9057378E551}.Release|x86.Build.0 = Release|Any CPU
		{2AF4DAE7-2A38-44C8-AA39-FB1F04DF83FB}.Debug|Any CPU.ActiveCfg = Debug|Any CPU
		{2AF4DAE7-2A38-44C8-AA39-FB1F04DF83FB}.Debug|Any CPU.Build.0 = Debug|Any CPU
		{2AF4DAE7-2A38-44C8-AA39-FB1F04DF83FB}.Debug|x64.ActiveCfg = Debug|Any CPU
		{2AF4DAE7-2A38-44C8-AA39-FB1F04DF83FB}.Debug|x64.Build.0 = Debug|Any CPU
		{2AF4DAE7-2A38-44C8-AA39-FB1F04DF83FB}.Debug|x86.ActiveCfg = Debug|Any CPU
		{2AF4DAE7-2A38-44C8-AA39-FB1F04DF83FB}.Debug|x86.Build.0 = Debug|Any CPU
		{2AF4DAE7-2A38-44C8-AA39-FB1F04DF83FB}.Release|Any CPU.ActiveCfg = Release|Any CPU
		{2AF4DAE7-2A38-44C8-AA39-FB1F04DF83FB}.Release|Any CPU.Build.0 = Release|Any CPU
		{2AF4DAE7-2A38-44C8-AA39-FB1F04DF83FB}.Release|x64.ActiveCfg = Release|Any CPU
		{2AF4DAE7-2A38-44C8-AA39-FB1F04DF83FB}.Release|x64.Build.0 = Release|Any CPU
		{2AF4DAE7-2A38-44C8-AA39-FB1F04DF83FB}.Release|x86.ActiveCfg = Release|Any CPU
		{2AF4DAE7-2A38-44C8-AA39-FB1F04DF83FB}.Release|x86.Build.0 = Release|Any CPU
		{EEC8B2DB-B50C-4B71-BA5C-52DBE429F093}.Debug|Any CPU.ActiveCfg = Debug|Any CPU
		{EEC8B2DB-B50C-4B71-BA5C-52DBE429F093}.Debug|Any CPU.Build.0 = Debug|Any CPU
		{EEC8B2DB-B50C-4B71-BA5C-52DBE429F093}.Debug|x64.ActiveCfg = Debug|Any CPU
		{EEC8B2DB-B50C-4B71-BA5C-52DBE429F093}.Debug|x64.Build.0 = Debug|Any CPU
		{EEC8B2DB-B50C-4B71-BA5C-52DBE429F093}.Debug|x86.ActiveCfg = Debug|Any CPU
		{EEC8B2DB-B50C-4B71-BA5C-52DBE429F093}.Debug|x86.Build.0 = Debug|Any CPU
		{EEC8B2DB-B50C-4B71-BA5C-52DBE429F093}.Release|Any CPU.ActiveCfg = Release|Any CPU
		{EEC8B2DB-B50C-4B71-BA5C-52DBE429F093}.Release|Any CPU.Build.0 = Release|Any CPU
		{EEC8B2DB-B50C-4B71-BA5C-52DBE429F093}.Release|x64.ActiveCfg = Release|Any CPU
		{EEC8B2DB-B50C-4B71-BA5C-52DBE429F093}.Release|x64.Build.0 = Release|Any CPU
		{EEC8B2DB-B50C-4B71-BA5C-52DBE429F093}.Release|x86.ActiveCfg = Release|Any CPU
		{EEC8B2DB-B50C-4B71-BA5C-52DBE429F093}.Release|x86.Build.0 = Release|Any CPU
	EndGlobalSection
	GlobalSection(SolutionProperties) = preSolution
		HideSolutionNode = FALSE
	EndGlobalSection
	GlobalSection(NestedProjects) = preSolution
		{A81A3082-7FCB-4533-AB63-C24A4E0373E4} = {16E4EB45-D029-4743-99CD-D125C72AE383}
		{0DA45CDA-712F-426B-BADC-E5343449682D} = {16E4EB45-D029-4743-99CD-D125C72AE383}
		{DC13949F-0A91-4DE2-9C96-01DD16E10675} = {16E4EB45-D029-4743-99CD-D125C72AE383}
		{351A0290-8002-4D28-A691-7D4947D09A44} = {16E4EB45-D029-4743-99CD-D125C72AE383}
		{7BBA66C6-1F40-4889-BDA1-ABA289978094} = {16E4EB45-D029-4743-99CD-D125C72AE383}
		{014007DF-3790-4281-BD57-7280B0E3338B} = {16E4EB45-D029-4743-99CD-D125C72AE383}
		{B6D34270-B122-4ECB-A498-3032FBEA168D} = {16E4EB45-D029-4743-99CD-D125C72AE383}
		{4233EEA7-ACA7-4E7A-B30D-047CF16908C8} = {16E4EB45-D029-4743-99CD-D125C72AE383}
		{815DADA0-8207-44BA-BC9F-08F6ABDADF90} = {51F9C36E-772F-4E52-A4AC-3EE8F13FDAD3}
		{6081F375-AAB3-43B6-8FCD-D773F8D1C072} = {16E4EB45-D029-4743-99CD-D125C72AE383}
		{F0D3349A-6709-4DCB-BDEA-980AA6893878} = {16E4EB45-D029-4743-99CD-D125C72AE383}
		{6F2645E6-F2F7-4BF9-9A79-462294D62AA2} = {16E4EB45-D029-4743-99CD-D125C72AE383}
		{0ACAB4BD-B79F-4EB3-88F9-F6FD8BFBE082} = {51F9C36E-772F-4E52-A4AC-3EE8F13FDAD3}
		{7C4E3730-07EC-48C6-94AF-5C6DFD778F97} = {16E4EB45-D029-4743-99CD-D125C72AE383}
		{BA246929-85C3-4264-80C3-14B07E0609F6} = {16E4EB45-D029-4743-99CD-D125C72AE383}
		{16DDD922-7B79-4A0C-94EA-155933E4218A} = {51F9C36E-772F-4E52-A4AC-3EE8F13FDAD3}
		{855A03C4-F90E-4DBB-A369-4213EC07A25F} = {51F9C36E-772F-4E52-A4AC-3EE8F13FDAD3}
		{62E99C6C-57ED-413A-ABD3-480BA469CE92} = {16E4EB45-D029-4743-99CD-D125C72AE383}
		{58B68530-C89E-418F-A5C7-6F5BE84EAF77} = {51F9C36E-772F-4E52-A4AC-3EE8F13FDAD3}
		{79B3C976-9B3B-4779-9A9C-96DB35575417} = {16E4EB45-D029-4743-99CD-D125C72AE383}
		{D397A83F-16C1-4A77-BF9F-1B80E516635C} = {16E4EB45-D029-4743-99CD-D125C72AE383}
		{A5A526F3-561D-4E6D-9953-42DCED5FDBF3} = {51F9C36E-772F-4E52-A4AC-3EE8F13FDAD3}
		{4090259B-B6B9-460A-82CD-1B844103C177} = {16E4EB45-D029-4743-99CD-D125C72AE383}
		{B4A0FC6B-876D-4539-B147-1A2C4955E54D} = {16E4EB45-D029-4743-99CD-D125C72AE383}
		{2B35BA9F-CC91-4C2B-B656-97917A6C0258} = {16E4EB45-D029-4743-99CD-D125C72AE383}
		{E34D5673-84D3-4BE3-B175-216A87584E00} = {51F9C36E-772F-4E52-A4AC-3EE8F13FDAD3}
		{8803A2D9-4D9A-49B8-92AC-1ACD1108AF8B} = {16E4EB45-D029-4743-99CD-D125C72AE383}
		{F9F40A0A-3B77-4DCD-8CD1-1384B292F925} = {16E4EB45-D029-4743-99CD-D125C72AE383}
		{AB0197CF-5081-4576-B9DA-751192F20A2C} = {16E4EB45-D029-4743-99CD-D125C72AE383}
		{E7A4D3A4-DC05-4CD0-9EAD-FEA5AE68A312} = {16E4EB45-D029-4743-99CD-D125C72AE383}
		{0783D7A3-4FA5-4032-A07D-6C060A728440} = {16E4EB45-D029-4743-99CD-D125C72AE383}
		{E31D0149-2755-4E1D-8E66-39F7D1842FCE} = {16E4EB45-D029-4743-99CD-D125C72AE383}
		{0ED91014-2A6C-42C6-93FF-585EE10A9D3A} = {16E4EB45-D029-4743-99CD-D125C72AE383}
		{6469ACB2-5E64-484E-956B-920E296D4E5F} = {51F9C36E-772F-4E52-A4AC-3EE8F13FDAD3}
		{2CEA443E-89B2-4380-84E0-DE46887F99AC} = {16E4EB45-D029-4743-99CD-D125C72AE383}
		{2B3B9980-69F7-42AD-BB07-C89742A60134} = {16E4EB45-D029-4743-99CD-D125C72AE383}
		{82CE2F4D-5B4B-4F55-806C-7C5BE6773D96} = {16E4EB45-D029-4743-99CD-D125C72AE383}
		{51280AE2-547D-4885-85E5-D9FA151E2DA3} = {16E4EB45-D029-4743-99CD-D125C72AE383}
		{F79903EC-60DE-4060-A4D9-FE533C052E60} = {16E4EB45-D029-4743-99CD-D125C72AE383}
		{E0093F7E-A81B-479B-A6C2-7F1EDED9B109} = {16E4EB45-D029-4743-99CD-D125C72AE383}
		{3A09971E-E754-44F1-B00C-9CACA6CBA4C6} = {16E4EB45-D029-4743-99CD-D125C72AE383}
		{9B21C424-1937-46FD-872F-F1656FAE4DC6} = {16E4EB45-D029-4743-99CD-D125C72AE383}
		{230C45B0-6226-41B1-A3A3-96374B861B6D} = {51F9C36E-772F-4E52-A4AC-3EE8F13FDAD3}
		{98835BAF-C36A-48D7-80FA-BA6CB25D35D2} = {16E4EB45-D029-4743-99CD-D125C72AE383}
		{7DC28761-6579-4286-B582-985D75F8C871} = {16E4EB45-D029-4743-99CD-D125C72AE383}
		{410796C3-C5F1-432E-B264-F8520DABCFCC} = {16E4EB45-D029-4743-99CD-D125C72AE383}
		{2A1F05BF-7172-4EDD-ADB5-E08E8492B1EC} = {16E4EB45-D029-4743-99CD-D125C72AE383}
		{CC1ECD6B-549B-4843-99D4-2B4FE773B892} = {16E4EB45-D029-4743-99CD-D125C72AE383}
		{50AF3958-8128-42E7-8A3A-73FC82F50ADC} = {16E4EB45-D029-4743-99CD-D125C72AE383}
		{C5D1FF6D-0887-4282-8B67-09E10CD0CDFC} = {16E4EB45-D029-4743-99CD-D125C72AE383}
		{A399F72E-CD67-4D0A-8631-233AE92A8A94} = {16E4EB45-D029-4743-99CD-D125C72AE383}
		{0C12F8A7-D0D0-4912-A735-E8E03B51D3A0} = {16E4EB45-D029-4743-99CD-D125C72AE383}
		{1FB2E699-5019-4637-89ED-DD0C16B4CE8D} = {51F9C36E-772F-4E52-A4AC-3EE8F13FDAD3}
		{5F4B9118-46A0-4BC9-A077-112CB5A81227} = {16E4EB45-D029-4743-99CD-D125C72AE383}
		{C61270FC-F6CF-4749-AC6E-B57BC2B38C3A} = {16E4EB45-D029-4743-99CD-D125C72AE383}
		{78A8B53C-F502-4D67-89D9-1F127D429382} = {16E4EB45-D029-4743-99CD-D125C72AE383}
		{16E7F10F-48A9-4AA3-A71D-0852F2C6C8A5} = {16E4EB45-D029-4743-99CD-D125C72AE383}
		{AA0244FC-502D-4590-97DF-F4094F2551E7} = {16E4EB45-D029-4743-99CD-D125C72AE383}
		{7671135C-44C9-4753-A595-5FD2D49AE8F5} = {16E4EB45-D029-4743-99CD-D125C72AE383}
		{7C29BC11-FFC8-46A8-9C99-36A0F92899A2} = {16E4EB45-D029-4743-99CD-D125C72AE383}
		{7C89DBDC-F1B1-4E3E-A97D-3EAB11994EC7} = {16E4EB45-D029-4743-99CD-D125C72AE383}
		{F7FB4803-5AD7-4CE4-B409-04E44A41623D} = {16E4EB45-D029-4743-99CD-D125C72AE383}
		{F7906D26-5F28-443F-8180-155B533D484E} = {16E4EB45-D029-4743-99CD-D125C72AE383}
		{4331CFFD-B54E-4446-BA1A-4BCA6750D6EC} = {16E4EB45-D029-4743-99CD-D125C72AE383}
		{5A3914AA-EE78-432D-8979-E5F5CE19524D} = {16E4EB45-D029-4743-99CD-D125C72AE383}
		{17A01DB5-D064-4E94-990B-2A6F06305F64} = {16E4EB45-D029-4743-99CD-D125C72AE383}
		{AD630688-3BAC-49D7-8D93-7CB2FE70BAB0} = {16E4EB45-D029-4743-99CD-D125C72AE383}
		{857F28ED-C3CE-430F-A34F-6F4076AC17F8} = {16E4EB45-D029-4743-99CD-D125C72AE383}
		{348862A6-C774-4386-B88D-FF259E58E17B} = {16E4EB45-D029-4743-99CD-D125C72AE383}
		{B18DD627-13CC-4E3E-8CC4-E0989080C8CB} = {16E4EB45-D029-4743-99CD-D125C72AE383}
		{7F1957CE-3D61-46B6-B103-B9057378E551} = {16E4EB45-D029-4743-99CD-D125C72AE383}
		{2AF4DAE7-2A38-44C8-AA39-FB1F04DF83FB} = {16E4EB45-D029-4743-99CD-D125C72AE383}
		{EEC8B2DB-B50C-4B71-BA5C-52DBE429F093} = {51F9C36E-772F-4E52-A4AC-3EE8F13FDAD3}
	EndGlobalSection
	GlobalSection(ExtensibilityGlobals) = postSolution
		SolutionGuid = {30432CEA-45F2-4F5A-B44B-790A62AB73F1}
	EndGlobalSection
EndGlobal
