
Microsoft Visual Studio Solution File, Format Version 12.00
# Visual Studio Version 16
VisualStudioVersion = 16.0.30320.27
MinimumVisualStudioVersion = 15.0.26124.0
Project("{2150E333-8FDC-42A3-9474-1A3956D46DE8}") = "src", "src", "{16E4EB45-D029-4743-99CD-D125C72AE383}"
EndProject
Project("{2150E333-8FDC-42A3-9474-1A3956D46DE8}") = "test", "test", "{51F9C36E-772F-4E52-A4AC-3EE8F13FDAD3}"
EndProject
Project("{9A19103F-16F7-4668-BE54-9A1E7A4F7556}") = "SharpAbp.Abp.Spool", "src\SharpAbp.Abp.Spool\SharpAbp.Abp.Spool.csproj", "{4566D070-E753-44DD-9AC4-7924015F5134}"
EndProject
Project("{9A19103F-16F7-4668-BE54-9A1E7A4F7556}") = "SharpAbp.Abp.Spool.Tests", "test\SharpAbp.Abp.Spool.Tests\SharpAbp.Abp.Spool.Tests.csproj", "{68B9D91B-2F17-4329-9944-B3CB6F4A2393}"
EndProject
Project("{9A19103F-16F7-4668-BE54-9A1E7A4F7556}") = "SharpAbp.Abp.DotCommon", "src\SharpAbp.Abp.DotCommon\SharpAbp.Abp.DotCommon.csproj", "{A81A3082-7FCB-4533-AB63-C24A4E0373E4}"
EndProject
Project("{9A19103F-16F7-4668-BE54-9A1E7A4F7556}") = "SharpAbp.Abp.FastDFS", "src\SharpAbp.Abp.FastDFS\SharpAbp.Abp.FastDFS.csproj", "{0DA45CDA-712F-426B-BADC-E5343449682D}"
EndProject
Project("{9A19103F-16F7-4668-BE54-9A1E7A4F7556}") = "SharpAbp.Abp.FastDFS.DotNetty", "src\SharpAbp.Abp.FastDFS.DotNetty\SharpAbp.Abp.FastDFS.DotNetty.csproj", "{DC13949F-0A91-4DE2-9C96-01DD16E10675}"
EndProject
Project("{9A19103F-16F7-4668-BE54-9A1E7A4F7556}") = "SharpAbp.Abp.FastDFS.SuperSocket", "src\SharpAbp.Abp.FastDFS.SuperSocket\SharpAbp.Abp.FastDFS.SuperSocket.csproj", "{351A0290-8002-4D28-A691-7D4947D09A44}"
EndProject
Project("{9A19103F-16F7-4668-BE54-9A1E7A4F7556}") = "SharpAbp.Abp.AmazonS3", "src\SharpAbp.Abp.AmazonS3\SharpAbp.Abp.AmazonS3.csproj", "{D6A1B355-BE49-4CCD-8C7B-F51DD0860ED7}"
EndProject
Project("{9A19103F-16F7-4668-BE54-9A1E7A4F7556}") = "SharpAbp.Abp.AmazonS3.KS3", "src\SharpAbp.Abp.AmazonS3.KS3\SharpAbp.Abp.AmazonS3.KS3.csproj", "{20262153-2DCB-4575-BA6E-0C7235AC6575}"
EndProject
Project("{9A19103F-16F7-4668-BE54-9A1E7A4F7556}") = "SharpAbp.Abp.CSRedisCore", "src\SharpAbp.Abp.CSRedisCore\SharpAbp.Abp.CSRedisCore.csproj", "{C5BC3350-BFD3-46CC-A60D-FD395A2A6691}"
EndProject
Project("{9A19103F-16F7-4668-BE54-9A1E7A4F7556}") = "SharpAbp.Abp.FoDicom", "src\SharpAbp.Abp.FoDicom\SharpAbp.Abp.FoDicom.csproj", "{F7E2E562-993D-4F10-A73D-CCB4952E8F9F}"
EndProject
Project("{9A19103F-16F7-4668-BE54-9A1E7A4F7556}") = "SharpAbp.Abp.Caching.CSRedisCore", "src\SharpAbp.Abp.Caching.CSRedisCore\SharpAbp.Abp.Caching.CSRedisCore.csproj", "{98C4CFF0-4404-4505-9B3E-2A74CDDA5C13}"
EndProject
Project("{9A19103F-16F7-4668-BE54-9A1E7A4F7556}") = "SharpAbp.Abp.FileStoring", "src\SharpAbp.Abp.FileStoring\SharpAbp.Abp.FileStoring.csproj", "{7BBA66C6-1F40-4889-BDA1-ABA289978094}"
EndProject
Project("{9A19103F-16F7-4668-BE54-9A1E7A4F7556}") = "SharpAbp.Abp.FluentSocket", "src\SharpAbp.Abp.FluentSocket\SharpAbp.Abp.FluentSocket.csproj", "{A1A4F22E-1A15-4FDA-BF82-C4D90E517303}"
EndProject
Project("{9A19103F-16F7-4668-BE54-9A1E7A4F7556}") = "SharpAbp.Abp.FluentSocket.DotNetty", "src\SharpAbp.Abp.FluentSocket.DotNetty\SharpAbp.Abp.FluentSocket.DotNetty.csproj", "{58EC5025-2D80-456F-98D5-B64C19BD1BFA}"
EndProject
Project("{9A19103F-16F7-4668-BE54-9A1E7A4F7556}") = "SharpAbp.Abp.FileStoring.FileSystem", "src\SharpAbp.Abp.FileStoring.FileSystem\SharpAbp.Abp.FileStoring.FileSystem.csproj", "{014007DF-3790-4281-BD57-7280B0E3338B}"
EndProject
Project("{9A19103F-16F7-4668-BE54-9A1E7A4F7556}") = "SharpAbp.Abp.FileStoring.FastDFS", "src\SharpAbp.Abp.FileStoring.FastDFS\SharpAbp.Abp.FileStoring.FastDFS.csproj", "{B6D34270-B122-4ECB-A498-3032FBEA168D}"
EndProject
Project("{9A19103F-16F7-4668-BE54-9A1E7A4F7556}") = "SharpAbp.Abp.FileStoring.S3", "src\SharpAbp.Abp.FileStoring.S3\SharpAbp.Abp.FileStoring.S3.csproj", "{4233EEA7-ACA7-4E7A-B30D-047CF16908C8}"
EndProject
Project("{9A19103F-16F7-4668-BE54-9A1E7A4F7556}") = "SharpAbp.Abp.FileStoring.Tests", "test\SharpAbp.Abp.FileStoring.Tests\SharpAbp.Abp.FileStoring.Tests.csproj", "{815DADA0-8207-44BA-BC9F-08F6ABDADF90}"
EndProject
Project("{9A19103F-16F7-4668-BE54-9A1E7A4F7556}") = "SharpAbp.Abp.FileStoring.Minio", "src\SharpAbp.Abp.FileStoring.Minio\SharpAbp.Abp.FileStoring.Minio.csproj", "{6081F375-AAB3-43B6-8FCD-D773F8D1C072}"
EndProject
Project("{9A19103F-16F7-4668-BE54-9A1E7A4F7556}") = "SharpAbp.Abp.FileStoring.Aliyun", "src\SharpAbp.Abp.FileStoring.Aliyun\SharpAbp.Abp.FileStoring.Aliyun.csproj", "{F0D3349A-6709-4DCB-BDEA-980AA6893878}"
EndProject
Project("{9A19103F-16F7-4668-BE54-9A1E7A4F7556}") = "SharpAbp.Abp.FileStoring.Azure", "src\SharpAbp.Abp.FileStoring.Azure\SharpAbp.Abp.FileStoring.Azure.csproj", "{6F2645E6-F2F7-4BF9-9A79-462294D62AA2}"
EndProject
Project("{9A19103F-16F7-4668-BE54-9A1E7A4F7556}") = "SharpAbp.Abp.CSRedisCore.Tests", "test\SharpAbp.Abp.CSRedisCore.Tests\SharpAbp.Abp.CSRedisCore.Tests.csproj", "{9B200032-5813-459B-AE87-2F261254682A}"
EndProject
Project("{9A19103F-16F7-4668-BE54-9A1E7A4F7556}") = "SharpAbp.Abp.Consul", "src\SharpAbp.Abp.Consul\SharpAbp.Abp.Consul.csproj", "{4B24B811-5358-439A-9B45-51142F6EDDD6}"
EndProject
Project("{9A19103F-16F7-4668-BE54-9A1E7A4F7556}") = "SharpAbp.Abp.Consul.Tests", "test\SharpAbp.Abp.Consul.Tests\SharpAbp.Abp.Consul.Tests.csproj", "{E9D528B4-BD2B-4C9F-9EC1-D4BB91C08537}"
EndProject
Project("{9A19103F-16F7-4668-BE54-9A1E7A4F7556}") = "SharpAbp.Abp.Micro", "src\SharpAbp.Abp.Micro\SharpAbp.Abp.Micro.csproj", "{C9712FF4-7CA4-4366-8DB6-7983E406FE49}"
EndProject
Project("{9A19103F-16F7-4668-BE54-9A1E7A4F7556}") = "SharpAbp.Abp.Micro.LoadBalancer", "src\SharpAbp.Abp.Micro.LoadBalancer\SharpAbp.Abp.Micro.LoadBalancer.csproj", "{8298A502-B6E4-4C48-88F9-273F31910A86}"
EndProject
Project("{9A19103F-16F7-4668-BE54-9A1E7A4F7556}") = "SharpAbp.Abp.Micro.Discovery", "src\SharpAbp.Abp.Micro.Discovery\SharpAbp.Abp.Micro.Discovery.csproj", "{99A25FD3-61B9-4C2C-B5FF-FFB3DADA90B4}"
EndProject
Project("{FAE04EC0-301F-11D3-BF4B-00C04F79EFBC}") = "SharpAbp.Abp.Micro.Registry", "src\SharpAbp.Abp.Micro.Registry\SharpAbp.Abp.Micro.Registry.csproj", "{F142E419-FAEE-4E23-B5DB-8EEA537228B8}"
EndProject
Global
	GlobalSection(SolutionConfigurationPlatforms) = preSolution
		Debug|Any CPU = Debug|Any CPU
		Debug|x64 = Debug|x64
		Debug|x86 = Debug|x86
		Release|Any CPU = Release|Any CPU
		Release|x64 = Release|x64
		Release|x86 = Release|x86
	EndGlobalSection
	GlobalSection(ProjectConfigurationPlatforms) = postSolution
		{4566D070-E753-44DD-9AC4-7924015F5134}.Debug|Any CPU.ActiveCfg = Debug|Any CPU
		{4566D070-E753-44DD-9AC4-7924015F5134}.Debug|Any CPU.Build.0 = Debug|Any CPU
		{4566D070-E753-44DD-9AC4-7924015F5134}.Debug|x64.ActiveCfg = Debug|Any CPU
		{4566D070-E753-44DD-9AC4-7924015F5134}.Debug|x64.Build.0 = Debug|Any CPU
		{4566D070-E753-44DD-9AC4-7924015F5134}.Debug|x86.ActiveCfg = Debug|Any CPU
		{4566D070-E753-44DD-9AC4-7924015F5134}.Debug|x86.Build.0 = Debug|Any CPU
		{4566D070-E753-44DD-9AC4-7924015F5134}.Release|Any CPU.ActiveCfg = Release|Any CPU
		{4566D070-E753-44DD-9AC4-7924015F5134}.Release|Any CPU.Build.0 = Release|Any CPU
		{4566D070-E753-44DD-9AC4-7924015F5134}.Release|x64.ActiveCfg = Release|Any CPU
		{4566D070-E753-44DD-9AC4-7924015F5134}.Release|x64.Build.0 = Release|Any CPU
		{4566D070-E753-44DD-9AC4-7924015F5134}.Release|x86.ActiveCfg = Release|Any CPU
		{4566D070-E753-44DD-9AC4-7924015F5134}.Release|x86.Build.0 = Release|Any CPU
		{68B9D91B-2F17-4329-9944-B3CB6F4A2393}.Debug|Any CPU.ActiveCfg = Debug|Any CPU
		{68B9D91B-2F17-4329-9944-B3CB6F4A2393}.Debug|Any CPU.Build.0 = Debug|Any CPU
		{68B9D91B-2F17-4329-9944-B3CB6F4A2393}.Debug|x64.ActiveCfg = Debug|Any CPU
		{68B9D91B-2F17-4329-9944-B3CB6F4A2393}.Debug|x64.Build.0 = Debug|Any CPU
		{68B9D91B-2F17-4329-9944-B3CB6F4A2393}.Debug|x86.ActiveCfg = Debug|Any CPU
		{68B9D91B-2F17-4329-9944-B3CB6F4A2393}.Debug|x86.Build.0 = Debug|Any CPU
		{68B9D91B-2F17-4329-9944-B3CB6F4A2393}.Release|Any CPU.ActiveCfg = Release|Any CPU
		{68B9D91B-2F17-4329-9944-B3CB6F4A2393}.Release|Any CPU.Build.0 = Release|Any CPU
		{68B9D91B-2F17-4329-9944-B3CB6F4A2393}.Release|x64.ActiveCfg = Release|Any CPU
		{68B9D91B-2F17-4329-9944-B3CB6F4A2393}.Release|x64.Build.0 = Release|Any CPU
		{68B9D91B-2F17-4329-9944-B3CB6F4A2393}.Release|x86.ActiveCfg = Release|Any CPU
		{68B9D91B-2F17-4329-9944-B3CB6F4A2393}.Release|x86.Build.0 = Release|Any CPU
		{A81A3082-7FCB-4533-AB63-C24A4E0373E4}.Debug|Any CPU.ActiveCfg = Debug|Any CPU
		{A81A3082-7FCB-4533-AB63-C24A4E0373E4}.Debug|Any CPU.Build.0 = Debug|Any CPU
		{A81A3082-7FCB-4533-AB63-C24A4E0373E4}.Debug|x64.ActiveCfg = Debug|Any CPU
		{A81A3082-7FCB-4533-AB63-C24A4E0373E4}.Debug|x64.Build.0 = Debug|Any CPU
		{A81A3082-7FCB-4533-AB63-C24A4E0373E4}.Debug|x86.ActiveCfg = Debug|Any CPU
		{A81A3082-7FCB-4533-AB63-C24A4E0373E4}.Debug|x86.Build.0 = Debug|Any CPU
		{A81A3082-7FCB-4533-AB63-C24A4E0373E4}.Release|Any CPU.ActiveCfg = Release|Any CPU
		{A81A3082-7FCB-4533-AB63-C24A4E0373E4}.Release|Any CPU.Build.0 = Release|Any CPU
		{A81A3082-7FCB-4533-AB63-C24A4E0373E4}.Release|x64.ActiveCfg = Release|Any CPU
		{A81A3082-7FCB-4533-AB63-C24A4E0373E4}.Release|x64.Build.0 = Release|Any CPU
		{A81A3082-7FCB-4533-AB63-C24A4E0373E4}.Release|x86.ActiveCfg = Release|Any CPU
		{A81A3082-7FCB-4533-AB63-C24A4E0373E4}.Release|x86.Build.0 = Release|Any CPU
		{0DA45CDA-712F-426B-BADC-E5343449682D}.Debug|Any CPU.ActiveCfg = Debug|Any CPU
		{0DA45CDA-712F-426B-BADC-E5343449682D}.Debug|Any CPU.Build.0 = Debug|Any CPU
		{0DA45CDA-712F-426B-BADC-E5343449682D}.Debug|x64.ActiveCfg = Debug|Any CPU
		{0DA45CDA-712F-426B-BADC-E5343449682D}.Debug|x64.Build.0 = Debug|Any CPU
		{0DA45CDA-712F-426B-BADC-E5343449682D}.Debug|x86.ActiveCfg = Debug|Any CPU
		{0DA45CDA-712F-426B-BADC-E5343449682D}.Debug|x86.Build.0 = Debug|Any CPU
		{0DA45CDA-712F-426B-BADC-E5343449682D}.Release|Any CPU.ActiveCfg = Release|Any CPU
		{0DA45CDA-712F-426B-BADC-E5343449682D}.Release|Any CPU.Build.0 = Release|Any CPU
		{0DA45CDA-712F-426B-BADC-E5343449682D}.Release|x64.ActiveCfg = Release|Any CPU
		{0DA45CDA-712F-426B-BADC-E5343449682D}.Release|x64.Build.0 = Release|Any CPU
		{0DA45CDA-712F-426B-BADC-E5343449682D}.Release|x86.ActiveCfg = Release|Any CPU
		{0DA45CDA-712F-426B-BADC-E5343449682D}.Release|x86.Build.0 = Release|Any CPU
		{DC13949F-0A91-4DE2-9C96-01DD16E10675}.Debug|Any CPU.ActiveCfg = Debug|Any CPU
		{DC13949F-0A91-4DE2-9C96-01DD16E10675}.Debug|Any CPU.Build.0 = Debug|Any CPU
		{DC13949F-0A91-4DE2-9C96-01DD16E10675}.Debug|x64.ActiveCfg = Debug|Any CPU
		{DC13949F-0A91-4DE2-9C96-01DD16E10675}.Debug|x64.Build.0 = Debug|Any CPU
		{DC13949F-0A91-4DE2-9C96-01DD16E10675}.Debug|x86.ActiveCfg = Debug|Any CPU
		{DC13949F-0A91-4DE2-9C96-01DD16E10675}.Debug|x86.Build.0 = Debug|Any CPU
		{DC13949F-0A91-4DE2-9C96-01DD16E10675}.Release|Any CPU.ActiveCfg = Release|Any CPU
		{DC13949F-0A91-4DE2-9C96-01DD16E10675}.Release|Any CPU.Build.0 = Release|Any CPU
		{DC13949F-0A91-4DE2-9C96-01DD16E10675}.Release|x64.ActiveCfg = Release|Any CPU
		{DC13949F-0A91-4DE2-9C96-01DD16E10675}.Release|x64.Build.0 = Release|Any CPU
		{DC13949F-0A91-4DE2-9C96-01DD16E10675}.Release|x86.ActiveCfg = Release|Any CPU
		{DC13949F-0A91-4DE2-9C96-01DD16E10675}.Release|x86.Build.0 = Release|Any CPU
		{351A0290-8002-4D28-A691-7D4947D09A44}.Debug|Any CPU.ActiveCfg = Debug|Any CPU
		{351A0290-8002-4D28-A691-7D4947D09A44}.Debug|Any CPU.Build.0 = Debug|Any CPU
		{351A0290-8002-4D28-A691-7D4947D09A44}.Debug|x64.ActiveCfg = Debug|Any CPU
		{351A0290-8002-4D28-A691-7D4947D09A44}.Debug|x64.Build.0 = Debug|Any CPU
		{351A0290-8002-4D28-A691-7D4947D09A44}.Debug|x86.ActiveCfg = Debug|Any CPU
		{351A0290-8002-4D28-A691-7D4947D09A44}.Debug|x86.Build.0 = Debug|Any CPU
		{351A0290-8002-4D28-A691-7D4947D09A44}.Release|Any CPU.ActiveCfg = Release|Any CPU
		{351A0290-8002-4D28-A691-7D4947D09A44}.Release|Any CPU.Build.0 = Release|Any CPU
		{351A0290-8002-4D28-A691-7D4947D09A44}.Release|x64.ActiveCfg = Release|Any CPU
		{351A0290-8002-4D28-A691-7D4947D09A44}.Release|x64.Build.0 = Release|Any CPU
		{351A0290-8002-4D28-A691-7D4947D09A44}.Release|x86.ActiveCfg = Release|Any CPU
		{351A0290-8002-4D28-A691-7D4947D09A44}.Release|x86.Build.0 = Release|Any CPU
		{D6A1B355-BE49-4CCD-8C7B-F51DD0860ED7}.Debug|Any CPU.ActiveCfg = Debug|Any CPU
		{D6A1B355-BE49-4CCD-8C7B-F51DD0860ED7}.Debug|Any CPU.Build.0 = Debug|Any CPU
		{D6A1B355-BE49-4CCD-8C7B-F51DD0860ED7}.Debug|x64.ActiveCfg = Debug|Any CPU
		{D6A1B355-BE49-4CCD-8C7B-F51DD0860ED7}.Debug|x64.Build.0 = Debug|Any CPU
		{D6A1B355-BE49-4CCD-8C7B-F51DD0860ED7}.Debug|x86.ActiveCfg = Debug|Any CPU
		{D6A1B355-BE49-4CCD-8C7B-F51DD0860ED7}.Debug|x86.Build.0 = Debug|Any CPU
		{D6A1B355-BE49-4CCD-8C7B-F51DD0860ED7}.Release|Any CPU.ActiveCfg = Release|Any CPU
		{D6A1B355-BE49-4CCD-8C7B-F51DD0860ED7}.Release|Any CPU.Build.0 = Release|Any CPU
		{D6A1B355-BE49-4CCD-8C7B-F51DD0860ED7}.Release|x64.ActiveCfg = Release|Any CPU
		{D6A1B355-BE49-4CCD-8C7B-F51DD0860ED7}.Release|x64.Build.0 = Release|Any CPU
		{D6A1B355-BE49-4CCD-8C7B-F51DD0860ED7}.Release|x86.ActiveCfg = Release|Any CPU
		{D6A1B355-BE49-4CCD-8C7B-F51DD0860ED7}.Release|x86.Build.0 = Release|Any CPU
		{20262153-2DCB-4575-BA6E-0C7235AC6575}.Debug|Any CPU.ActiveCfg = Debug|Any CPU
		{20262153-2DCB-4575-BA6E-0C7235AC6575}.Debug|Any CPU.Build.0 = Debug|Any CPU
		{20262153-2DCB-4575-BA6E-0C7235AC6575}.Debug|x64.ActiveCfg = Debug|Any CPU
		{20262153-2DCB-4575-BA6E-0C7235AC6575}.Debug|x64.Build.0 = Debug|Any CPU
		{20262153-2DCB-4575-BA6E-0C7235AC6575}.Debug|x86.ActiveCfg = Debug|Any CPU
		{20262153-2DCB-4575-BA6E-0C7235AC6575}.Debug|x86.Build.0 = Debug|Any CPU
		{20262153-2DCB-4575-BA6E-0C7235AC6575}.Release|Any CPU.ActiveCfg = Release|Any CPU
		{20262153-2DCB-4575-BA6E-0C7235AC6575}.Release|Any CPU.Build.0 = Release|Any CPU
		{20262153-2DCB-4575-BA6E-0C7235AC6575}.Release|x64.ActiveCfg = Release|Any CPU
		{20262153-2DCB-4575-BA6E-0C7235AC6575}.Release|x64.Build.0 = Release|Any CPU
		{20262153-2DCB-4575-BA6E-0C7235AC6575}.Release|x86.ActiveCfg = Release|Any CPU
		{20262153-2DCB-4575-BA6E-0C7235AC6575}.Release|x86.Build.0 = Release|Any CPU
		{C5BC3350-BFD3-46CC-A60D-FD395A2A6691}.Debug|Any CPU.ActiveCfg = Debug|Any CPU
		{C5BC3350-BFD3-46CC-A60D-FD395A2A6691}.Debug|Any CPU.Build.0 = Debug|Any CPU
		{C5BC3350-BFD3-46CC-A60D-FD395A2A6691}.Debug|x64.ActiveCfg = Debug|Any CPU
		{C5BC3350-BFD3-46CC-A60D-FD395A2A6691}.Debug|x64.Build.0 = Debug|Any CPU
		{C5BC3350-BFD3-46CC-A60D-FD395A2A6691}.Debug|x86.ActiveCfg = Debug|Any CPU
		{C5BC3350-BFD3-46CC-A60D-FD395A2A6691}.Debug|x86.Build.0 = Debug|Any CPU
		{C5BC3350-BFD3-46CC-A60D-FD395A2A6691}.Release|Any CPU.ActiveCfg = Release|Any CPU
		{C5BC3350-BFD3-46CC-A60D-FD395A2A6691}.Release|Any CPU.Build.0 = Release|Any CPU
		{C5BC3350-BFD3-46CC-A60D-FD395A2A6691}.Release|x64.ActiveCfg = Release|Any CPU
		{C5BC3350-BFD3-46CC-A60D-FD395A2A6691}.Release|x64.Build.0 = Release|Any CPU
		{C5BC3350-BFD3-46CC-A60D-FD395A2A6691}.Release|x86.ActiveCfg = Release|Any CPU
		{C5BC3350-BFD3-46CC-A60D-FD395A2A6691}.Release|x86.Build.0 = Release|Any CPU
		{F7E2E562-993D-4F10-A73D-CCB4952E8F9F}.Debug|Any CPU.ActiveCfg = Debug|Any CPU
		{F7E2E562-993D-4F10-A73D-CCB4952E8F9F}.Debug|Any CPU.Build.0 = Debug|Any CPU
		{F7E2E562-993D-4F10-A73D-CCB4952E8F9F}.Debug|x64.ActiveCfg = Debug|Any CPU
		{F7E2E562-993D-4F10-A73D-CCB4952E8F9F}.Debug|x64.Build.0 = Debug|Any CPU
		{F7E2E562-993D-4F10-A73D-CCB4952E8F9F}.Debug|x86.ActiveCfg = Debug|Any CPU
		{F7E2E562-993D-4F10-A73D-CCB4952E8F9F}.Debug|x86.Build.0 = Debug|Any CPU
		{F7E2E562-993D-4F10-A73D-CCB4952E8F9F}.Release|Any CPU.ActiveCfg = Release|Any CPU
		{F7E2E562-993D-4F10-A73D-CCB4952E8F9F}.Release|Any CPU.Build.0 = Release|Any CPU
		{F7E2E562-993D-4F10-A73D-CCB4952E8F9F}.Release|x64.ActiveCfg = Release|Any CPU
		{F7E2E562-993D-4F10-A73D-CCB4952E8F9F}.Release|x64.Build.0 = Release|Any CPU
		{F7E2E562-993D-4F10-A73D-CCB4952E8F9F}.Release|x86.ActiveCfg = Release|Any CPU
		{F7E2E562-993D-4F10-A73D-CCB4952E8F9F}.Release|x86.Build.0 = Release|Any CPU
		{98C4CFF0-4404-4505-9B3E-2A74CDDA5C13}.Debug|Any CPU.ActiveCfg = Debug|Any CPU
		{98C4CFF0-4404-4505-9B3E-2A74CDDA5C13}.Debug|Any CPU.Build.0 = Debug|Any CPU
		{98C4CFF0-4404-4505-9B3E-2A74CDDA5C13}.Debug|x64.ActiveCfg = Debug|Any CPU
		{98C4CFF0-4404-4505-9B3E-2A74CDDA5C13}.Debug|x64.Build.0 = Debug|Any CPU
		{98C4CFF0-4404-4505-9B3E-2A74CDDA5C13}.Debug|x86.ActiveCfg = Debug|Any CPU
		{98C4CFF0-4404-4505-9B3E-2A74CDDA5C13}.Debug|x86.Build.0 = Debug|Any CPU
		{98C4CFF0-4404-4505-9B3E-2A74CDDA5C13}.Release|Any CPU.ActiveCfg = Release|Any CPU
		{98C4CFF0-4404-4505-9B3E-2A74CDDA5C13}.Release|Any CPU.Build.0 = Release|Any CPU
		{98C4CFF0-4404-4505-9B3E-2A74CDDA5C13}.Release|x64.ActiveCfg = Release|Any CPU
		{98C4CFF0-4404-4505-9B3E-2A74CDDA5C13}.Release|x64.Build.0 = Release|Any CPU
		{98C4CFF0-4404-4505-9B3E-2A74CDDA5C13}.Release|x86.ActiveCfg = Release|Any CPU
		{98C4CFF0-4404-4505-9B3E-2A74CDDA5C13}.Release|x86.Build.0 = Release|Any CPU
		{7BBA66C6-1F40-4889-BDA1-ABA289978094}.Debug|Any CPU.ActiveCfg = Debug|Any CPU
		{7BBA66C6-1F40-4889-BDA1-ABA289978094}.Debug|Any CPU.Build.0 = Debug|Any CPU
		{7BBA66C6-1F40-4889-BDA1-ABA289978094}.Debug|x64.ActiveCfg = Debug|Any CPU
		{7BBA66C6-1F40-4889-BDA1-ABA289978094}.Debug|x64.Build.0 = Debug|Any CPU
		{7BBA66C6-1F40-4889-BDA1-ABA289978094}.Debug|x86.ActiveCfg = Debug|Any CPU
		{7BBA66C6-1F40-4889-BDA1-ABA289978094}.Debug|x86.Build.0 = Debug|Any CPU
		{7BBA66C6-1F40-4889-BDA1-ABA289978094}.Release|Any CPU.ActiveCfg = Release|Any CPU
		{7BBA66C6-1F40-4889-BDA1-ABA289978094}.Release|Any CPU.Build.0 = Release|Any CPU
		{7BBA66C6-1F40-4889-BDA1-ABA289978094}.Release|x64.ActiveCfg = Release|Any CPU
		{7BBA66C6-1F40-4889-BDA1-ABA289978094}.Release|x64.Build.0 = Release|Any CPU
		{7BBA66C6-1F40-4889-BDA1-ABA289978094}.Release|x86.ActiveCfg = Release|Any CPU
		{7BBA66C6-1F40-4889-BDA1-ABA289978094}.Release|x86.Build.0 = Release|Any CPU
		{A1A4F22E-1A15-4FDA-BF82-C4D90E517303}.Debug|Any CPU.ActiveCfg = Debug|Any CPU
		{A1A4F22E-1A15-4FDA-BF82-C4D90E517303}.Debug|Any CPU.Build.0 = Debug|Any CPU
		{A1A4F22E-1A15-4FDA-BF82-C4D90E517303}.Debug|x64.ActiveCfg = Debug|Any CPU
		{A1A4F22E-1A15-4FDA-BF82-C4D90E517303}.Debug|x64.Build.0 = Debug|Any CPU
		{A1A4F22E-1A15-4FDA-BF82-C4D90E517303}.Debug|x86.ActiveCfg = Debug|Any CPU
		{A1A4F22E-1A15-4FDA-BF82-C4D90E517303}.Debug|x86.Build.0 = Debug|Any CPU
		{A1A4F22E-1A15-4FDA-BF82-C4D90E517303}.Release|Any CPU.ActiveCfg = Release|Any CPU
		{A1A4F22E-1A15-4FDA-BF82-C4D90E517303}.Release|Any CPU.Build.0 = Release|Any CPU
		{A1A4F22E-1A15-4FDA-BF82-C4D90E517303}.Release|x64.ActiveCfg = Release|Any CPU
		{A1A4F22E-1A15-4FDA-BF82-C4D90E517303}.Release|x64.Build.0 = Release|Any CPU
		{A1A4F22E-1A15-4FDA-BF82-C4D90E517303}.Release|x86.ActiveCfg = Release|Any CPU
		{A1A4F22E-1A15-4FDA-BF82-C4D90E517303}.Release|x86.Build.0 = Release|Any CPU
		{58EC5025-2D80-456F-98D5-B64C19BD1BFA}.Debug|Any CPU.ActiveCfg = Debug|Any CPU
		{58EC5025-2D80-456F-98D5-B64C19BD1BFA}.Debug|Any CPU.Build.0 = Debug|Any CPU
		{58EC5025-2D80-456F-98D5-B64C19BD1BFA}.Debug|x64.ActiveCfg = Debug|Any CPU
		{58EC5025-2D80-456F-98D5-B64C19BD1BFA}.Debug|x64.Build.0 = Debug|Any CPU
		{58EC5025-2D80-456F-98D5-B64C19BD1BFA}.Debug|x86.ActiveCfg = Debug|Any CPU
		{58EC5025-2D80-456F-98D5-B64C19BD1BFA}.Debug|x86.Build.0 = Debug|Any CPU
		{58EC5025-2D80-456F-98D5-B64C19BD1BFA}.Release|Any CPU.ActiveCfg = Release|Any CPU
		{58EC5025-2D80-456F-98D5-B64C19BD1BFA}.Release|Any CPU.Build.0 = Release|Any CPU
		{58EC5025-2D80-456F-98D5-B64C19BD1BFA}.Release|x64.ActiveCfg = Release|Any CPU
		{58EC5025-2D80-456F-98D5-B64C19BD1BFA}.Release|x64.Build.0 = Release|Any CPU
		{58EC5025-2D80-456F-98D5-B64C19BD1BFA}.Release|x86.ActiveCfg = Release|Any CPU
		{58EC5025-2D80-456F-98D5-B64C19BD1BFA}.Release|x86.Build.0 = Release|Any CPU
		{014007DF-3790-4281-BD57-7280B0E3338B}.Debug|Any CPU.ActiveCfg = Debug|Any CPU
		{014007DF-3790-4281-BD57-7280B0E3338B}.Debug|Any CPU.Build.0 = Debug|Any CPU
		{014007DF-3790-4281-BD57-7280B0E3338B}.Debug|x64.ActiveCfg = Debug|Any CPU
		{014007DF-3790-4281-BD57-7280B0E3338B}.Debug|x64.Build.0 = Debug|Any CPU
		{014007DF-3790-4281-BD57-7280B0E3338B}.Debug|x86.ActiveCfg = Debug|Any CPU
		{014007DF-3790-4281-BD57-7280B0E3338B}.Debug|x86.Build.0 = Debug|Any CPU
		{014007DF-3790-4281-BD57-7280B0E3338B}.Release|Any CPU.ActiveCfg = Release|Any CPU
		{014007DF-3790-4281-BD57-7280B0E3338B}.Release|Any CPU.Build.0 = Release|Any CPU
		{014007DF-3790-4281-BD57-7280B0E3338B}.Release|x64.ActiveCfg = Release|Any CPU
		{014007DF-3790-4281-BD57-7280B0E3338B}.Release|x64.Build.0 = Release|Any CPU
		{014007DF-3790-4281-BD57-7280B0E3338B}.Release|x86.ActiveCfg = Release|Any CPU
		{014007DF-3790-4281-BD57-7280B0E3338B}.Release|x86.Build.0 = Release|Any CPU
		{B6D34270-B122-4ECB-A498-3032FBEA168D}.Debug|Any CPU.ActiveCfg = Debug|Any CPU
		{B6D34270-B122-4ECB-A498-3032FBEA168D}.Debug|Any CPU.Build.0 = Debug|Any CPU
		{B6D34270-B122-4ECB-A498-3032FBEA168D}.Debug|x64.ActiveCfg = Debug|Any CPU
		{B6D34270-B122-4ECB-A498-3032FBEA168D}.Debug|x64.Build.0 = Debug|Any CPU
		{B6D34270-B122-4ECB-A498-3032FBEA168D}.Debug|x86.ActiveCfg = Debug|Any CPU
		{B6D34270-B122-4ECB-A498-3032FBEA168D}.Debug|x86.Build.0 = Debug|Any CPU
		{B6D34270-B122-4ECB-A498-3032FBEA168D}.Release|Any CPU.ActiveCfg = Release|Any CPU
		{B6D34270-B122-4ECB-A498-3032FBEA168D}.Release|Any CPU.Build.0 = Release|Any CPU
		{B6D34270-B122-4ECB-A498-3032FBEA168D}.Release|x64.ActiveCfg = Release|Any CPU
		{B6D34270-B122-4ECB-A498-3032FBEA168D}.Release|x64.Build.0 = Release|Any CPU
		{B6D34270-B122-4ECB-A498-3032FBEA168D}.Release|x86.ActiveCfg = Release|Any CPU
		{B6D34270-B122-4ECB-A498-3032FBEA168D}.Release|x86.Build.0 = Release|Any CPU
		{4233EEA7-ACA7-4E7A-B30D-047CF16908C8}.Debug|Any CPU.ActiveCfg = Debug|Any CPU
		{4233EEA7-ACA7-4E7A-B30D-047CF16908C8}.Debug|Any CPU.Build.0 = Debug|Any CPU
		{4233EEA7-ACA7-4E7A-B30D-047CF16908C8}.Debug|x64.ActiveCfg = Debug|Any CPU
		{4233EEA7-ACA7-4E7A-B30D-047CF16908C8}.Debug|x64.Build.0 = Debug|Any CPU
		{4233EEA7-ACA7-4E7A-B30D-047CF16908C8}.Debug|x86.ActiveCfg = Debug|Any CPU
		{4233EEA7-ACA7-4E7A-B30D-047CF16908C8}.Debug|x86.Build.0 = Debug|Any CPU
		{4233EEA7-ACA7-4E7A-B30D-047CF16908C8}.Release|Any CPU.ActiveCfg = Release|Any CPU
		{4233EEA7-ACA7-4E7A-B30D-047CF16908C8}.Release|Any CPU.Build.0 = Release|Any CPU
		{4233EEA7-ACA7-4E7A-B30D-047CF16908C8}.Release|x64.ActiveCfg = Release|Any CPU
		{4233EEA7-ACA7-4E7A-B30D-047CF16908C8}.Release|x64.Build.0 = Release|Any CPU
		{4233EEA7-ACA7-4E7A-B30D-047CF16908C8}.Release|x86.ActiveCfg = Release|Any CPU
		{4233EEA7-ACA7-4E7A-B30D-047CF16908C8}.Release|x86.Build.0 = Release|Any CPU
		{815DADA0-8207-44BA-BC9F-08F6ABDADF90}.Debug|Any CPU.ActiveCfg = Debug|Any CPU
		{815DADA0-8207-44BA-BC9F-08F6ABDADF90}.Debug|Any CPU.Build.0 = Debug|Any CPU
		{815DADA0-8207-44BA-BC9F-08F6ABDADF90}.Debug|x64.ActiveCfg = Debug|Any CPU
		{815DADA0-8207-44BA-BC9F-08F6ABDADF90}.Debug|x64.Build.0 = Debug|Any CPU
		{815DADA0-8207-44BA-BC9F-08F6ABDADF90}.Debug|x86.ActiveCfg = Debug|Any CPU
		{815DADA0-8207-44BA-BC9F-08F6ABDADF90}.Debug|x86.Build.0 = Debug|Any CPU
		{815DADA0-8207-44BA-BC9F-08F6ABDADF90}.Release|Any CPU.ActiveCfg = Release|Any CPU
		{815DADA0-8207-44BA-BC9F-08F6ABDADF90}.Release|Any CPU.Build.0 = Release|Any CPU
		{815DADA0-8207-44BA-BC9F-08F6ABDADF90}.Release|x64.ActiveCfg = Release|Any CPU
		{815DADA0-8207-44BA-BC9F-08F6ABDADF90}.Release|x64.Build.0 = Release|Any CPU
		{815DADA0-8207-44BA-BC9F-08F6ABDADF90}.Release|x86.ActiveCfg = Release|Any CPU
		{815DADA0-8207-44BA-BC9F-08F6ABDADF90}.Release|x86.Build.0 = Release|Any CPU
		{6081F375-AAB3-43B6-8FCD-D773F8D1C072}.Debug|Any CPU.ActiveCfg = Debug|Any CPU
		{6081F375-AAB3-43B6-8FCD-D773F8D1C072}.Debug|Any CPU.Build.0 = Debug|Any CPU
		{6081F375-AAB3-43B6-8FCD-D773F8D1C072}.Debug|x64.ActiveCfg = Debug|Any CPU
		{6081F375-AAB3-43B6-8FCD-D773F8D1C072}.Debug|x64.Build.0 = Debug|Any CPU
		{6081F375-AAB3-43B6-8FCD-D773F8D1C072}.Debug|x86.ActiveCfg = Debug|Any CPU
		{6081F375-AAB3-43B6-8FCD-D773F8D1C072}.Debug|x86.Build.0 = Debug|Any CPU
		{6081F375-AAB3-43B6-8FCD-D773F8D1C072}.Release|Any CPU.ActiveCfg = Release|Any CPU
		{6081F375-AAB3-43B6-8FCD-D773F8D1C072}.Release|Any CPU.Build.0 = Release|Any CPU
		{6081F375-AAB3-43B6-8FCD-D773F8D1C072}.Release|x64.ActiveCfg = Release|Any CPU
		{6081F375-AAB3-43B6-8FCD-D773F8D1C072}.Release|x64.Build.0 = Release|Any CPU
		{6081F375-AAB3-43B6-8FCD-D773F8D1C072}.Release|x86.ActiveCfg = Release|Any CPU
		{6081F375-AAB3-43B6-8FCD-D773F8D1C072}.Release|x86.Build.0 = Release|Any CPU
		{F0D3349A-6709-4DCB-BDEA-980AA6893878}.Debug|Any CPU.ActiveCfg = Debug|Any CPU
		{F0D3349A-6709-4DCB-BDEA-980AA6893878}.Debug|Any CPU.Build.0 = Debug|Any CPU
		{F0D3349A-6709-4DCB-BDEA-980AA6893878}.Debug|x64.ActiveCfg = Debug|Any CPU
		{F0D3349A-6709-4DCB-BDEA-980AA6893878}.Debug|x64.Build.0 = Debug|Any CPU
		{F0D3349A-6709-4DCB-BDEA-980AA6893878}.Debug|x86.ActiveCfg = Debug|Any CPU
		{F0D3349A-6709-4DCB-BDEA-980AA6893878}.Debug|x86.Build.0 = Debug|Any CPU
		{F0D3349A-6709-4DCB-BDEA-980AA6893878}.Release|Any CPU.ActiveCfg = Release|Any CPU
		{F0D3349A-6709-4DCB-BDEA-980AA6893878}.Release|Any CPU.Build.0 = Release|Any CPU
		{F0D3349A-6709-4DCB-BDEA-980AA6893878}.Release|x64.ActiveCfg = Release|Any CPU
		{F0D3349A-6709-4DCB-BDEA-980AA6893878}.Release|x64.Build.0 = Release|Any CPU
		{F0D3349A-6709-4DCB-BDEA-980AA6893878}.Release|x86.ActiveCfg = Release|Any CPU
		{F0D3349A-6709-4DCB-BDEA-980AA6893878}.Release|x86.Build.0 = Release|Any CPU
		{6F2645E6-F2F7-4BF9-9A79-462294D62AA2}.Debug|Any CPU.ActiveCfg = Debug|Any CPU
		{6F2645E6-F2F7-4BF9-9A79-462294D62AA2}.Debug|Any CPU.Build.0 = Debug|Any CPU
		{6F2645E6-F2F7-4BF9-9A79-462294D62AA2}.Debug|x64.ActiveCfg = Debug|Any CPU
		{6F2645E6-F2F7-4BF9-9A79-462294D62AA2}.Debug|x64.Build.0 = Debug|Any CPU
		{6F2645E6-F2F7-4BF9-9A79-462294D62AA2}.Debug|x86.ActiveCfg = Debug|Any CPU
		{6F2645E6-F2F7-4BF9-9A79-462294D62AA2}.Debug|x86.Build.0 = Debug|Any CPU
		{6F2645E6-F2F7-4BF9-9A79-462294D62AA2}.Release|Any CPU.ActiveCfg = Release|Any CPU
		{6F2645E6-F2F7-4BF9-9A79-462294D62AA2}.Release|Any CPU.Build.0 = Release|Any CPU
		{6F2645E6-F2F7-4BF9-9A79-462294D62AA2}.Release|x64.ActiveCfg = Release|Any CPU
		{6F2645E6-F2F7-4BF9-9A79-462294D62AA2}.Release|x64.Build.0 = Release|Any CPU
		{6F2645E6-F2F7-4BF9-9A79-462294D62AA2}.Release|x86.ActiveCfg = Release|Any CPU
		{6F2645E6-F2F7-4BF9-9A79-462294D62AA2}.Release|x86.Build.0 = Release|Any CPU
		{9B200032-5813-459B-AE87-2F261254682A}.Debug|Any CPU.ActiveCfg = Debug|Any CPU
		{9B200032-5813-459B-AE87-2F261254682A}.Debug|Any CPU.Build.0 = Debug|Any CPU
		{9B200032-5813-459B-AE87-2F261254682A}.Debug|x64.ActiveCfg = Debug|Any CPU
		{9B200032-5813-459B-AE87-2F261254682A}.Debug|x64.Build.0 = Debug|Any CPU
		{9B200032-5813-459B-AE87-2F261254682A}.Debug|x86.ActiveCfg = Debug|Any CPU
		{9B200032-5813-459B-AE87-2F261254682A}.Debug|x86.Build.0 = Debug|Any CPU
		{9B200032-5813-459B-AE87-2F261254682A}.Release|Any CPU.ActiveCfg = Release|Any CPU
		{9B200032-5813-459B-AE87-2F261254682A}.Release|Any CPU.Build.0 = Release|Any CPU
		{9B200032-5813-459B-AE87-2F261254682A}.Release|x64.ActiveCfg = Release|Any CPU
		{9B200032-5813-459B-AE87-2F261254682A}.Release|x64.Build.0 = Release|Any CPU
		{9B200032-5813-459B-AE87-2F261254682A}.Release|x86.ActiveCfg = Release|Any CPU
		{9B200032-5813-459B-AE87-2F261254682A}.Release|x86.Build.0 = Release|Any CPU
		{4B24B811-5358-439A-9B45-51142F6EDDD6}.Debug|Any CPU.ActiveCfg = Debug|Any CPU
		{4B24B811-5358-439A-9B45-51142F6EDDD6}.Debug|Any CPU.Build.0 = Debug|Any CPU
		{4B24B811-5358-439A-9B45-51142F6EDDD6}.Debug|x64.ActiveCfg = Debug|Any CPU
		{4B24B811-5358-439A-9B45-51142F6EDDD6}.Debug|x64.Build.0 = Debug|Any CPU
		{4B24B811-5358-439A-9B45-51142F6EDDD6}.Debug|x86.ActiveCfg = Debug|Any CPU
		{4B24B811-5358-439A-9B45-51142F6EDDD6}.Debug|x86.Build.0 = Debug|Any CPU
		{4B24B811-5358-439A-9B45-51142F6EDDD6}.Release|Any CPU.ActiveCfg = Release|Any CPU
		{4B24B811-5358-439A-9B45-51142F6EDDD6}.Release|Any CPU.Build.0 = Release|Any CPU
		{4B24B811-5358-439A-9B45-51142F6EDDD6}.Release|x64.ActiveCfg = Release|Any CPU
		{4B24B811-5358-439A-9B45-51142F6EDDD6}.Release|x64.Build.0 = Release|Any CPU
		{4B24B811-5358-439A-9B45-51142F6EDDD6}.Release|x86.ActiveCfg = Release|Any CPU
		{4B24B811-5358-439A-9B45-51142F6EDDD6}.Release|x86.Build.0 = Release|Any CPU
		{E9D528B4-BD2B-4C9F-9EC1-D4BB91C08537}.Debug|Any CPU.ActiveCfg = Debug|Any CPU
		{E9D528B4-BD2B-4C9F-9EC1-D4BB91C08537}.Debug|Any CPU.Build.0 = Debug|Any CPU
		{E9D528B4-BD2B-4C9F-9EC1-D4BB91C08537}.Debug|x64.ActiveCfg = Debug|Any CPU
		{E9D528B4-BD2B-4C9F-9EC1-D4BB91C08537}.Debug|x64.Build.0 = Debug|Any CPU
		{E9D528B4-BD2B-4C9F-9EC1-D4BB91C08537}.Debug|x86.ActiveCfg = Debug|Any CPU
		{E9D528B4-BD2B-4C9F-9EC1-D4BB91C08537}.Debug|x86.Build.0 = Debug|Any CPU
		{E9D528B4-BD2B-4C9F-9EC1-D4BB91C08537}.Release|Any CPU.ActiveCfg = Release|Any CPU
		{E9D528B4-BD2B-4C9F-9EC1-D4BB91C08537}.Release|Any CPU.Build.0 = Release|Any CPU
		{E9D528B4-BD2B-4C9F-9EC1-D4BB91C08537}.Release|x64.ActiveCfg = Release|Any CPU
		{E9D528B4-BD2B-4C9F-9EC1-D4BB91C08537}.Release|x64.Build.0 = Release|Any CPU
		{E9D528B4-BD2B-4C9F-9EC1-D4BB91C08537}.Release|x86.ActiveCfg = Release|Any CPU
		{E9D528B4-BD2B-4C9F-9EC1-D4BB91C08537}.Release|x86.Build.0 = Release|Any CPU
		{C9712FF4-7CA4-4366-8DB6-7983E406FE49}.Debug|Any CPU.ActiveCfg = Debug|Any CPU
		{C9712FF4-7CA4-4366-8DB6-7983E406FE49}.Debug|Any CPU.Build.0 = Debug|Any CPU
		{C9712FF4-7CA4-4366-8DB6-7983E406FE49}.Debug|x64.ActiveCfg = Debug|Any CPU
		{C9712FF4-7CA4-4366-8DB6-7983E406FE49}.Debug|x64.Build.0 = Debug|Any CPU
		{C9712FF4-7CA4-4366-8DB6-7983E406FE49}.Debug|x86.ActiveCfg = Debug|Any CPU
		{C9712FF4-7CA4-4366-8DB6-7983E406FE49}.Debug|x86.Build.0 = Debug|Any CPU
		{C9712FF4-7CA4-4366-8DB6-7983E406FE49}.Release|Any CPU.ActiveCfg = Release|Any CPU
		{C9712FF4-7CA4-4366-8DB6-7983E406FE49}.Release|Any CPU.Build.0 = Release|Any CPU
		{C9712FF4-7CA4-4366-8DB6-7983E406FE49}.Release|x64.ActiveCfg = Release|Any CPU
		{C9712FF4-7CA4-4366-8DB6-7983E406FE49}.Release|x64.Build.0 = Release|Any CPU
		{C9712FF4-7CA4-4366-8DB6-7983E406FE49}.Release|x86.ActiveCfg = Release|Any CPU
		{C9712FF4-7CA4-4366-8DB6-7983E406FE49}.Release|x86.Build.0 = Release|Any CPU
		{8298A502-B6E4-4C48-88F9-273F31910A86}.Debug|Any CPU.ActiveCfg = Debug|Any CPU
		{8298A502-B6E4-4C48-88F9-273F31910A86}.Debug|Any CPU.Build.0 = Debug|Any CPU
		{8298A502-B6E4-4C48-88F9-273F31910A86}.Debug|x64.ActiveCfg = Debug|Any CPU
		{8298A502-B6E4-4C48-88F9-273F31910A86}.Debug|x64.Build.0 = Debug|Any CPU
		{8298A502-B6E4-4C48-88F9-273F31910A86}.Debug|x86.ActiveCfg = Debug|Any CPU
		{8298A502-B6E4-4C48-88F9-273F31910A86}.Debug|x86.Build.0 = Debug|Any CPU
		{8298A502-B6E4-4C48-88F9-273F31910A86}.Release|Any CPU.ActiveCfg = Release|Any CPU
		{8298A502-B6E4-4C48-88F9-273F31910A86}.Release|Any CPU.Build.0 = Release|Any CPU
		{8298A502-B6E4-4C48-88F9-273F31910A86}.Release|x64.ActiveCfg = Release|Any CPU
		{8298A502-B6E4-4C48-88F9-273F31910A86}.Release|x64.Build.0 = Release|Any CPU
		{8298A502-B6E4-4C48-88F9-273F31910A86}.Release|x86.ActiveCfg = Release|Any CPU
		{8298A502-B6E4-4C48-88F9-273F31910A86}.Release|x86.Build.0 = Release|Any CPU
		{99A25FD3-61B9-4C2C-B5FF-FFB3DADA90B4}.Debug|Any CPU.ActiveCfg = Debug|Any CPU
		{99A25FD3-61B9-4C2C-B5FF-FFB3DADA90B4}.Debug|Any CPU.Build.0 = Debug|Any CPU
		{99A25FD3-61B9-4C2C-B5FF-FFB3DADA90B4}.Debug|x64.ActiveCfg = Debug|Any CPU
		{99A25FD3-61B9-4C2C-B5FF-FFB3DADA90B4}.Debug|x64.Build.0 = Debug|Any CPU
		{99A25FD3-61B9-4C2C-B5FF-FFB3DADA90B4}.Debug|x86.ActiveCfg = Debug|Any CPU
		{99A25FD3-61B9-4C2C-B5FF-FFB3DADA90B4}.Debug|x86.Build.0 = Debug|Any CPU
		{99A25FD3-61B9-4C2C-B5FF-FFB3DADA90B4}.Release|Any CPU.ActiveCfg = Release|Any CPU
		{99A25FD3-61B9-4C2C-B5FF-FFB3DADA90B4}.Release|Any CPU.Build.0 = Release|Any CPU
		{99A25FD3-61B9-4C2C-B5FF-FFB3DADA90B4}.Release|x64.ActiveCfg = Release|Any CPU
		{99A25FD3-61B9-4C2C-B5FF-FFB3DADA90B4}.Release|x64.Build.0 = Release|Any CPU
		{99A25FD3-61B9-4C2C-B5FF-FFB3DADA90B4}.Release|x86.ActiveCfg = Release|Any CPU
		{99A25FD3-61B9-4C2C-B5FF-FFB3DADA90B4}.Release|x86.Build.0 = Release|Any CPU
		{F142E419-FAEE-4E23-B5DB-8EEA537228B8}.Debug|Any CPU.ActiveCfg = Debug|Any CPU
		{F142E419-FAEE-4E23-B5DB-8EEA537228B8}.Debug|Any CPU.Build.0 = Debug|Any CPU
		{F142E419-FAEE-4E23-B5DB-8EEA537228B8}.Debug|x64.ActiveCfg = Debug|Any CPU
		{F142E419-FAEE-4E23-B5DB-8EEA537228B8}.Debug|x64.Build.0 = Debug|Any CPU
		{F142E419-FAEE-4E23-B5DB-8EEA537228B8}.Debug|x86.ActiveCfg = Debug|Any CPU
		{F142E419-FAEE-4E23-B5DB-8EEA537228B8}.Debug|x86.Build.0 = Debug|Any CPU
		{F142E419-FAEE-4E23-B5DB-8EEA537228B8}.Release|Any CPU.ActiveCfg = Release|Any CPU
		{F142E419-FAEE-4E23-B5DB-8EEA537228B8}.Release|Any CPU.Build.0 = Release|Any CPU
		{F142E419-FAEE-4E23-B5DB-8EEA537228B8}.Release|x64.ActiveCfg = Release|Any CPU
		{F142E419-FAEE-4E23-B5DB-8EEA537228B8}.Release|x64.Build.0 = Release|Any CPU
		{F142E419-FAEE-4E23-B5DB-8EEA537228B8}.Release|x86.ActiveCfg = Release|Any CPU
		{F142E419-FAEE-4E23-B5DB-8EEA537228B8}.Release|x86.Build.0 = Release|Any CPU
	EndGlobalSection
	GlobalSection(SolutionProperties) = preSolution
		HideSolutionNode = FALSE
	EndGlobalSection
	GlobalSection(NestedProjects) = preSolution
		{4566D070-E753-44DD-9AC4-7924015F5134} = {16E4EB45-D029-4743-99CD-D125C72AE383}
		{68B9D91B-2F17-4329-9944-B3CB6F4A2393} = {51F9C36E-772F-4E52-A4AC-3EE8F13FDAD3}
		{A81A3082-7FCB-4533-AB63-C24A4E0373E4} = {16E4EB45-D029-4743-99CD-D125C72AE383}
		{0DA45CDA-712F-426B-BADC-E5343449682D} = {16E4EB45-D029-4743-99CD-D125C72AE383}
		{DC13949F-0A91-4DE2-9C96-01DD16E10675} = {16E4EB45-D029-4743-99CD-D125C72AE383}
		{351A0290-8002-4D28-A691-7D4947D09A44} = {16E4EB45-D029-4743-99CD-D125C72AE383}
		{D6A1B355-BE49-4CCD-8C7B-F51DD0860ED7} = {16E4EB45-D029-4743-99CD-D125C72AE383}
		{20262153-2DCB-4575-BA6E-0C7235AC6575} = {16E4EB45-D029-4743-99CD-D125C72AE383}
		{C5BC3350-BFD3-46CC-A60D-FD395A2A6691} = {16E4EB45-D029-4743-99CD-D125C72AE383}
		{F7E2E562-993D-4F10-A73D-CCB4952E8F9F} = {16E4EB45-D029-4743-99CD-D125C72AE383}
		{98C4CFF0-4404-4505-9B3E-2A74CDDA5C13} = {16E4EB45-D029-4743-99CD-D125C72AE383}
		{7BBA66C6-1F40-4889-BDA1-ABA289978094} = {16E4EB45-D029-4743-99CD-D125C72AE383}
		{A1A4F22E-1A15-4FDA-BF82-C4D90E517303} = {16E4EB45-D029-4743-99CD-D125C72AE383}
		{58EC5025-2D80-456F-98D5-B64C19BD1BFA} = {16E4EB45-D029-4743-99CD-D125C72AE383}
		{014007DF-3790-4281-BD57-7280B0E3338B} = {16E4EB45-D029-4743-99CD-D125C72AE383}
		{B6D34270-B122-4ECB-A498-3032FBEA168D} = {16E4EB45-D029-4743-99CD-D125C72AE383}
		{4233EEA7-ACA7-4E7A-B30D-047CF16908C8} = {16E4EB45-D029-4743-99CD-D125C72AE383}
		{815DADA0-8207-44BA-BC9F-08F6ABDADF90} = {51F9C36E-772F-4E52-A4AC-3EE8F13FDAD3}
		{6081F375-AAB3-43B6-8FCD-D773F8D1C072} = {16E4EB45-D029-4743-99CD-D125C72AE383}
		{F0D3349A-6709-4DCB-BDEA-980AA6893878} = {16E4EB45-D029-4743-99CD-D125C72AE383}
		{6F2645E6-F2F7-4BF9-9A79-462294D62AA2} = {16E4EB45-D029-4743-99CD-D125C72AE383}
		{9B200032-5813-459B-AE87-2F261254682A} = {51F9C36E-772F-4E52-A4AC-3EE8F13FDAD3}
		{4B24B811-5358-439A-9B45-51142F6EDDD6} = {16E4EB45-D029-4743-99CD-D125C72AE383}
		{E9D528B4-BD2B-4C9F-9EC1-D4BB91C08537} = {51F9C36E-772F-4E52-A4AC-3EE8F13FDAD3}
		{C9712FF4-7CA4-4366-8DB6-7983E406FE49} = {16E4EB45-D029-4743-99CD-D125C72AE383}
		{8298A502-B6E4-4C48-88F9-273F31910A86} = {16E4EB45-D029-4743-99CD-D125C72AE383}
		{99A25FD3-61B9-4C2C-B5FF-FFB3DADA90B4} = {16E4EB45-D029-4743-99CD-D125C72AE383}
		{F142E419-FAEE-4E23-B5DB-8EEA537228B8} = {16E4EB45-D029-4743-99CD-D125C72AE383}
	EndGlobalSection
	GlobalSection(ExtensibilityGlobals) = postSolution
		SolutionGuid = {30432CEA-45F2-4F5A-B44B-790A62AB73F1}
	EndGlobalSection
EndGlobal
