<Solution>
  <Configurations>
    <Platform Name="Any CPU" />
    <Platform Name="x64" />
    <Platform Name="x86" />
  </Configurations>
  <Folder Name="/solutions/">
    <File Path="../common.props" />
    <File Path="../configureawait.props" />
    <File Path="../Directory.Build.props" />
    <File Path="../Directory.Packages.props" />
  </Folder>
  <Folder Name="/src/">
    <Project Path="src/SharpAbp.Abp.AspNetCore.MapTenancy/SharpAbp.Abp.AspNetCore.MapTenancy.csproj" />
    <Project Path="src/SharpAbp.Abp.AspNetCore.Mvc/SharpAbp.Abp.AspNetCore.Mvc.csproj" />
    <Project Path="src/SharpAbp.Abp.AspNetCore.TenancyGrouping/SharpAbp.Abp.AspNetCore.TenancyGrouping.csproj" />
    <Project Path="src/SharpAbp.Abp.AspNetCore/SharpAbp.Abp.AspNetCore.csproj" />
    <Project Path="src/SharpAbp.Abp.Binary.Abstractions/SharpAbp.Abp.Binary.Abstractions.csproj" />
    <Project Path="src/SharpAbp.Abp.Binary.Protobuf/SharpAbp.Abp.Binary.Protobuf.csproj" />
    <Project Path="src/SharpAbp.Abp.Binary/SharpAbp.Abp.Binary.csproj" />
    <Project Path="src/SharpAbp.Abp.Core/SharpAbp.Abp.Core.csproj" />
    <Project Path="src/SharpAbp.Abp.Crypto/SharpAbp.Abp.Crypto.csproj" />
    <Project Path="src/SharpAbp.Abp.Dapper/SharpAbp.Abp.Dapper.csproj" />
    <Project Path="src/SharpAbp.Abp.Data.SqlBuilder.DM/SharpAbp.Abp.Data.SqlBuilder.DM.csproj" />
    <Project Path="src/SharpAbp.Abp.Data.SqlBuilder/SharpAbp.Abp.Data.SqlBuilder.csproj" />
    <Project Path="src/SharpAbp.Abp.Data/SharpAbp.Abp.Data.csproj" />
    <Project Path="src/SharpAbp.Abp.DbConnections.DM/SharpAbp.Abp.DbConnections.DM.csproj" />
    <Project Path="src/SharpAbp.Abp.DbConnections.GaussDB/SharpAbp.Abp.DbConnections.GaussDB.csproj" />
    <Project Path="src/SharpAbp.Abp.DbConnections.MySQL/SharpAbp.Abp.DbConnections.MySQL.csproj" />
    <Project Path="src/SharpAbp.Abp.DbConnections.Oracle.Devart/SharpAbp.Abp.DbConnections.Oracle.Devart.csproj" />
    <Project Path="src/SharpAbp.Abp.DbConnections.Oracle/SharpAbp.Abp.DbConnections.Oracle.csproj" />
    <Project Path="src/SharpAbp.Abp.DbConnections.PostgreSql/SharpAbp.Abp.DbConnections.PostgreSql.csproj" />
    <Project Path="src/SharpAbp.Abp.DbConnections.Sqlite/SharpAbp.Abp.DbConnections.Sqlite.csproj" />
    <Project Path="src/SharpAbp.Abp.DbConnections.SqlServer/SharpAbp.Abp.DbConnections.SqlServer.csproj" />
    <Project Path="src/SharpAbp.Abp.DbConnections/SharpAbp.Abp.DbConnections.csproj" />
    <Project Path="src/SharpAbp.Abp.DotCommon/SharpAbp.Abp.DotCommon.csproj" />
    <Project Path="src/SharpAbp.Abp.EntityFrameworkCore.DM/SharpAbp.Abp.EntityFrameworkCore.DM.csproj" />
    <Project Path="src/SharpAbp.Abp.EntityFrameworkCore.GaussDB/SharpAbp.Abp.EntityFrameworkCore.GaussDB.csproj" />
    <Project Path="src/SharpAbp.Abp.EntityFrameworkCore/SharpAbp.Abp.EntityFrameworkCore.csproj" />
    <Project Path="src/SharpAbp.Abp.EventBus.MassTransit.ActiveMQ/SharpAbp.Abp.EventBus.MassTransit.ActiveMQ.csproj" />
    <Project Path="src/SharpAbp.Abp.EventBus.MassTransit.Kafka/SharpAbp.Abp.EventBus.MassTransit.Kafka.csproj" />
    <Project Path="src/SharpAbp.Abp.EventBus.MassTransit.RabbitMQ/SharpAbp.Abp.EventBus.MassTransit.RabbitMQ.csproj" />
    <Project Path="src/SharpAbp.Abp.EventBus.MassTransit/SharpAbp.Abp.EventBus.MassTransit.csproj" />
    <Project Path="src/SharpAbp.Abp.FastDFS/SharpAbp.Abp.FastDFS.csproj" />
    <Project Path="src/SharpAbp.Abp.Faster/SharpAbp.Abp.Faster.csproj" />
    <Project Path="src/SharpAbp.Abp.FileStoring.Abstractions/SharpAbp.Abp.FileStoring.Abstractions.csproj" />
    <Project Path="src/SharpAbp.Abp.FileStoring.Aliyun/SharpAbp.Abp.FileStoring.Aliyun.csproj" />
    <Project Path="src/SharpAbp.Abp.FileStoring.Aws/SharpAbp.Abp.FileStoring.Aws.csproj" />
    <Project Path="src/SharpAbp.Abp.FileStoring.Azure/SharpAbp.Abp.FileStoring.Azure.csproj" />
    <Project Path="src/SharpAbp.Abp.FileStoring.FastDFS/SharpAbp.Abp.FileStoring.FastDFS.csproj" />
    <Project Path="src/SharpAbp.Abp.FileStoring.FileSystem/SharpAbp.Abp.FileStoring.FileSystem.csproj" />
    <Project Path="src/SharpAbp.Abp.FileStoring.KS3/SharpAbp.Abp.FileStoring.KS3.csproj" />
    <Project Path="src/SharpAbp.Abp.FileStoring.MapTenancy/SharpAbp.Abp.FileStoring.MapTenancy.csproj" />
    <Project Path="src/SharpAbp.Abp.FileStoring.Minio/SharpAbp.Abp.FileStoring.Minio.csproj" />
    <Project Path="src/SharpAbp.Abp.FileStoring.Obs/SharpAbp.Abp.FileStoring.Obs.csproj" />
    <Project Path="src/SharpAbp.Abp.FileStoring.S3/SharpAbp.Abp.FileStoring.S3.csproj" />
    <Project Path="src/SharpAbp.Abp.FileStoring/SharpAbp.Abp.FileStoring.csproj" />
    <Project Path="src/SharpAbp.Abp.FreeRedis/SharpAbp.Abp.FreeRedis.csproj" />
    <Project Path="src/SharpAbp.Abp.FreeSql.DM/SharpAbp.Abp.FreeSql.DM.csproj" />
    <Project Path="src/SharpAbp.Abp.FreeSql.MySQL/SharpAbp.Abp.FreeSql.MySQL.csproj" />
    <Project Path="src/SharpAbp.Abp.FreeSql.Oracle/SharpAbp.Abp.FreeSql.Oracle.csproj" />
    <Project Path="src/SharpAbp.Abp.FreeSql.PostgreSql/SharpAbp.Abp.FreeSql.PostgreSql.csproj" />
    <Project Path="src/SharpAbp.Abp.FreeSql.Sqlite/SharpAbp.Abp.FreeSql.Sqlite.csproj" />
    <Project Path="src/SharpAbp.Abp.FreeSql.SqlServer/SharpAbp.Abp.FreeSql.SqlServer.csproj" />
    <Project Path="src/SharpAbp.Abp.FreeSql/SharpAbp.Abp.FreeSql.csproj" />
    <Project Path="src/SharpAbp.Abp.IdentityModel/SharpAbp.Abp.IdentityModel.csproj" />
    <Project Path="src/SharpAbp.Abp.MapTenancy/SharpAbp.Abp.MapTenancy.csproj" />
    <Project Path="src/SharpAbp.Abp.MassTransit.ActiveMQ/SharpAbp.Abp.MassTransit.ActiveMQ.csproj" />
    <Project Path="src/SharpAbp.Abp.MassTransit.Kafka/SharpAbp.Abp.MassTransit.Kafka.csproj" />
    <Project Path="src/SharpAbp.Abp.MassTransit.PostgreSql/SharpAbp.Abp.MassTransit.PostgreSql.csproj" />
    <Project Path="src/SharpAbp.Abp.MassTransit.RabbitMQ/SharpAbp.Abp.MassTransit.RabbitMQ.csproj" />
    <Project Path="src/SharpAbp.Abp.MassTransit.SqlServer/SharpAbp.Abp.MassTransit.SqlServer.csproj" />
    <Project Path="src/SharpAbp.Abp.MassTransit/SharpAbp.Abp.MassTransit.csproj" />
    <Project Path="src/SharpAbp.Abp.ObjectPool/SharpAbp.Abp.ObjectPool.csproj" />
    <Project Path="src/SharpAbp.Abp.OpenTelemetry.Abstractions/SharpAbp.Abp.OpenTelemetry.Abstractions.csproj" />
    <Project Path="src/SharpAbp.Abp.OpenTelemetry.Exporter.Console/SharpAbp.Abp.OpenTelemetry.Exporter.Console.csproj" />
    <Project Path="src/SharpAbp.Abp.OpenTelemetry.Exporter.Otlp/SharpAbp.Abp.OpenTelemetry.Exporter.Otlp.csproj" />
    <Project Path="src/SharpAbp.Abp.OpenTelemetry.Exporter.Prometheus.AspNetCore/SharpAbp.Abp.OpenTelemetry.Exporter.Prometheus.AspNetCore.csproj" />
    <Project Path="src/SharpAbp.Abp.OpenTelemetry.Exporter.Prometheus.HttpListener/SharpAbp.Abp.OpenTelemetry.Exporter.Prometheus.HttpListener.csproj" />
    <Project Path="src/SharpAbp.Abp.OpenTelemetry.Exporter.Zipkin/SharpAbp.Abp.OpenTelemetry.Exporter.Zipkin.csproj" />
    <Project Path="src/SharpAbp.Abp.OpenTelemetry/SharpAbp.Abp.OpenTelemetry.csproj" />
    <Project Path="src/SharpAbp.Abp.Snowflakes/SharpAbp.Abp.Snowflakes.csproj" />
    <Project Path="src/SharpAbp.Abp.Swashbuckle.Versioning/SharpAbp.Abp.Swashbuckle.Versioning.csproj" />
    <Project Path="src/SharpAbp.Abp.Swashbuckle/SharpAbp.Abp.Swashbuckle.csproj" />
    <Project Path="src/SharpAbp.Abp.TenancyGrouping.Abstractions/SharpAbp.Abp.TenancyGrouping.Abstractions.csproj" />
    <Project Path="src/SharpAbp.Abp.TenancyGrouping/SharpAbp.Abp.TenancyGrouping.csproj" />
    <Project Path="src/SharpAbp.Abp.TransformSecurity.AspNetCore/SharpAbp.Abp.TransformSecurity.AspNetCore.csproj" />
    <Project Path="src/SharpAbp.Abp.TransformSecurity/SharpAbp.Abp.TransformSecurity.csproj" />
    <Project Path="src/SharpAbp.Abp.Validation/SharpAbp.Abp.Validation.csproj" />
  </Folder>
  <Folder Name="/test/">
    <Project Path="test/SharpAbp.Abp.AspNetCore.Tests/SharpAbp.Abp.AspNetCore.Tests.csproj" />
    <Project Path="test/SharpAbp.Abp.Binary.Tests/SharpAbp.Abp.Binary.Tests.csproj" />
    <Project Path="test/SharpAbp.Abp.Core.Tests/SharpAbp.Abp.Core.Tests.csproj" />
    <Project Path="test/SharpAbp.Abp.Crypto.Tests/SharpAbp.Abp.Crypto.Tests.csproj" />
    <Project Path="test/SharpAbp.Abp.Data.SqlBuilder.Tests/SharpAbp.Abp.Data.SqlBuilder.Tests.csproj" />
    <Project Path="test/SharpAbp.Abp.DbConnections.Tests/SharpAbp.Abp.DbConnections.Tests.csproj" />
    <Project Path="test/SharpAbp.Abp.DotCommon.Tests/SharpAbp.Abp.DotCommon.Tests.csproj" />
    <Project Path="test/SharpAbp.Abp.EntityFrameworkCore.Tests/SharpAbp.Abp.EntityFrameworkCore.Tests.csproj" />
    <Project Path="test/SharpAbp.Abp.FileStoring.AllTests/SharpAbp.Abp.FileStoring.AllTests.csproj" />
    <Project Path="test/SharpAbp.Abp.FileStoring.Tests/SharpAbp.Abp.FileStoring.Tests.csproj" />
    <Project Path="test/SharpAbp.Abp.FreeRedis.Tests/SharpAbp.Abp.FreeRedis.Tests.csproj" />
    <Project Path="test/SharpAbp.Abp.MassTransit.Tests/SharpAbp.Abp.MassTransit.Tests.csproj" />
    <Project Path="test/SharpAbp.Abp.Snowflakes.Tests/SharpAbp.Abp.Snowflakes.Tests.csproj" />
    <Project Path="test/SharpAbp.Abp.TransformSecurity.AspNetCore.Tests/SharpAbp.Abp.TransformSecurity.AspNetCore.Tests.csproj" />
    <Project Path="test/SharpAbp.Abp.TransformSecurity.SM2.Tests/SharpAbp.Abp.TransformSecurity.SM2.Tests.csproj" />
    <Project Path="test/SharpAbp.Abp.TransformSecurity.Tests/SharpAbp.Abp.TransformSecurity.Tests.csproj" />
  </Folder>
</Solution>
