<Solution>
  <Configurations>
    <Platform Name="Any CPU" />
    <Platform Name="x64" />
    <Platform Name="x86" />
  </Configurations>
  <Folder Name="/src/">
    <Project Path="src/SharpAbp.Abp.IdentityServer.Application.Contracts/SharpAbp.Abp.IdentityServer.Application.Contracts.csproj" />
    <Project Path="src/SharpAbp.Abp.IdentityServer.Application/SharpAbp.Abp.IdentityServer.Application.csproj" />
    <Project Path="src/SharpAbp.Abp.IdentityServer.Domain.Shared/SharpAbp.Abp.IdentityServer.Domain.Shared.csproj" />
    <Project Path="src/SharpAbp.Abp.IdentityServer.Domain/SharpAbp.Abp.IdentityServer.Domain.csproj" />
    <Project Path="src/SharpAbp.Abp.IdentityServer.Extensions/SharpAbp.Abp.IdentityServer.Extensions.csproj" />
    <Project Path="src/SharpAbp.Abp.IdentityServer.HttpApi.Client/SharpAbp.Abp.IdentityServer.HttpApi.Client.csproj" />
    <Project Path="src/SharpAbp.Abp.IdentityServer.HttpApi/SharpAbp.Abp.IdentityServer.HttpApi.csproj" />
  </Folder>
  <Folder Name="/test/">
    <Project Path="test/SharpAbp.Abp.IdentityServer.Application.Tests/SharpAbp.Abp.IdentityServer.Application.Tests.csproj" />
  </Folder>
</Solution>
